
Microsoft Visual Studio Solution File, Format Version 12.00
# Visual Studio Version 17
VisualStudioVersion = 17.5.33530.505
MinimumVisualStudioVersion = 10.0.40219.1
Project("{9A19103F-16F7-4668-BE54-9A1E7A4F7556}") = "XcaTestApp", "XcaTestApp\XcaTestApp.csproj", "{FF50B51E-0BF7-4A16-A491-41D1B6B1D072}"
EndProject
Project("{2150E333-8FDC-42A3-9474-1A3956D46DE8}") = "ProtoSDK", "ProtoSDK", "{03307682-641E-499F-912F-F5B4D5663B44}"
EndProject
Project("{9A19103F-16F7-4668-BE54-9A1E7A4F7556}") = "Xca", "..\..\..\ProtoSDK\MS-XCA\Xca.csproj", "{CBB8132E-8AC3-47AC-A5B6-6459F55B1DA9}"
EndProject
Global
	GlobalSection(SolutionConfigurationPlatforms) = preSolution
		Debug|Any CPU = Debug|Any CPU
		Debug|x86 = Debug|x86
		Release|Any CPU = Release|Any CPU
		Release|x86 = Release|x86
	EndGlobalSection
	GlobalSection(ProjectConfigurationPlatforms) = postSolution
		{FF50B51E-0BF7-4A16-A491-41D1B6B1D072}.Debug|Any CPU.ActiveCfg = Debug|Any CPU
		{FF50B51E-0BF7-4A16-A491-41D1B6B1D072}.Debug|Any CPU.Build.0 = Debug|Any CPU
		{FF50B51E-0BF7-4A16-A491-41D1B6B1D072}.Debug|x86.ActiveCfg = Debug|Any CPU
		{FF50B51E-0BF7-4A16-A491-41D1B6B1D072}.Debug|x86.Build.0 = Debug|Any CPU
		{FF50B51E-0BF7-4A16-A491-41D1B6B1D072}.Release|Any CPU.ActiveCfg = Release|Any CPU
		{FF50B51E-0BF7-4A16-A491-41D1B6B1D072}.Release|Any CPU.Build.0 = Release|Any CPU
		{FF50B51E-0BF7-4A16-A491-41D1B6B1D072}.Release|x86.ActiveCfg = Release|Any CPU
		{FF50B51E-0BF7-4A16-A491-41D1B6B1D072}.Release|x86.Build.0 = Release|Any CPU
		{CBB8132E-8AC3-47AC-A5B6-6459F55B1DA9}.Debug|Any CPU.ActiveCfg = Debug|Any CPU
		{CBB8132E-8AC3-47AC-A5B6-6459F55B1DA9}.Debug|Any CPU.Build.0 = Debug|Any CPU
		{CBB8132E-8AC3-47AC-A5B6-6459F55B1DA9}.Debug|x86.ActiveCfg = Debug|x86
		{CBB8132E-8AC3-47AC-A5B6-6459F55B1DA9}.Debug|x86.Build.0 = Debug|x86
		{CBB8132E-8AC3-47AC-A5B6-6459F55B1DA9}.Release|Any CPU.ActiveCfg = Release|Any CPU
		{CBB8132E-8AC3-47AC-A5B6-6459F55B1DA9}.Release|Any CPU.Build.0 = Release|Any CPU
		{CBB8132E-8AC3-47AC-A5B6-6459F55B1DA9}.Release|x86.ActiveCfg = Release|x86
		{CBB8132E-8AC3-47AC-A5B6-6459F55B1DA9}.Release|x86.Build.0 = Release|x86
	EndGlobalSection
	GlobalSection(SolutionProperties) = preSolution
		HideSolutionNode = FALSE
	EndGlobalSection
	GlobalSection(NestedProjects) = preSolution
		{CBB8132E-8AC3-47AC-A5B6-6459F55B1DA9} = {03307682-641E-499F-912F-F5B4D5663B44}
	EndGlobalSection
	GlobalSection(ExtensibilityGlobals) = postSolution
		SolutionGuid = {7D064780-E9DB-49C9-B768-81BDE6C9A81C}
	EndGlobalSection
EndGlobal
