
Microsoft Visual Studio Solution File, Format Version 12.00
# Visual Studio 15
VisualStudioVersion = 15.0.27130.2036
MinimumVisualStudioVersion = 10.0.40219.1
Project("{930C7802-8A8C-48F9-8165-68863BCCD9DD}") = "deploy", "deploy.wixproj", "{43C18B0F-4CE6-40E5-99A7-FD028E7494D3}"
EndProject
Project("{FAE04EC0-301F-11D3-BF4B-00C04F79EFBC}") = "MS-ADOD_ODTestSuite", "..\TestSuite\MS-ADOD_ODTestSuite.csproj", "{79A15D41-6E1A-4EEF-A134-2F31F54173A1}"
EndProject
Project("{FAE04EC0-301F-11D3-BF4B-00C04F79EFBC}") = "MS-ADOD_ODAdapter", "..\Adapter\MS-ADOD_ODAdapter.csproj", "{97B3E49C-7DD9-4642-9172-DC47DC9D4631}"
EndProject
Project("{FAE04EC0-301F-11D3-BF4B-00C04F79EFBC}") = "MessageAnalyzerLibrary", "..\..\..\..\MessageAnalyzerLibrary\MessageAnalyzerLibrary.csproj", "{E3B08663-C752-41CC-B2B7-43C69B8C1292}"
EndProject
Global
	GlobalSection(SolutionConfigurationPlatforms) = preSolution
		Debug|Any CPU = Debug|Any CPU
		Release|Any CPU = Release|Any CPU
	EndGlobalSection
	GlobalSection(ProjectConfigurationPlatforms) = postSolution
		{43C18B0F-4CE6-40E5-99A7-FD028E7494D3}.Debug|Any CPU.ActiveCfg = Debug|x86
		{43C18B0F-4CE6-40E5-99A7-FD028E7494D3}.Release|Any CPU.ActiveCfg = Release|x86
		{79A15D41-6E1A-4EEF-A134-2F31F54173A1}.Debug|Any CPU.ActiveCfg = Debug|Any CPU
		{79A15D41-6E1A-4EEF-A134-2F31F54173A1}.Debug|Any CPU.Build.0 = Debug|Any CPU
		{79A15D41-6E1A-4EEF-A134-2F31F54173A1}.Release|Any CPU.ActiveCfg = Release|Any CPU
		{79A15D41-6E1A-4EEF-A134-2F31F54173A1}.Release|Any CPU.Build.0 = Release|Any CPU
		{97B3E49C-7DD9-4642-9172-DC47DC9D4631}.Debug|Any CPU.ActiveCfg = Debug|Any CPU
		{97B3E49C-7DD9-4642-9172-DC47DC9D4631}.Debug|Any CPU.Build.0 = Debug|Any CPU
		{97B3E49C-7DD9-4642-9172-DC47DC9D4631}.Release|Any CPU.ActiveCfg = Release|Any CPU
		{97B3E49C-7DD9-4642-9172-DC47DC9D4631}.Release|Any CPU.Build.0 = Release|Any CPU
		{E3B08663-C752-41CC-B2B7-43C69B8C1292}.Debug|Any CPU.ActiveCfg = Debug|Any CPU
		{E3B08663-C752-41CC-B2B7-43C69B8C1292}.Debug|Any CPU.Build.0 = Debug|Any CPU
		{E3B08663-C752-41CC-B2B7-43C69B8C1292}.Release|Any CPU.ActiveCfg = Release|Any CPU
		{E3B08663-C752-41CC-B2B7-43C69B8C1292}.Release|Any CPU.Build.0 = Release|Any CPU
	EndGlobalSection
	GlobalSection(SolutionProperties) = preSolution
		HideSolutionNode = FALSE
	EndGlobalSection
	GlobalSection(ExtensibilityGlobals) = postSolution
		SolutionGuid = {5CDE241A-8620-42BB-BBE4-EA34FFF78C3E}
	EndGlobalSection
EndGlobal
