
Microsoft Visual Studio Solution File, Format Version 12.00
# Visual Studio 15
VisualStudioVersion = 15.0.27130.2036
MinimumVisualStudioVersion = 10.0.40219.1
Project("{2150E333-8FDC-42A3-9474-1A3956D46DE8}") = "ProtoSDK", "ProtoSDK", "{F97CF9CB-C02B-4B1F-9CB8-1D71582CD63A}"
EndProject
Project("{FAE04EC0-301F-11D3-BF4B-00C04F79EFBC}") = "PropertyValueDetector", "..\..\PropertyValueDetector\PropertyValueDetector.csproj", "{7982ACF0-F1A4-4996-A339-641CAFA093CE}"
EndProject
Project("{2150E333-8FDC-42A3-9474-1A3956D46DE8}") = "PtmUtil", "PtmUtil", "{6433F078-F7EE-4B7F-9F0F-884E28E3B5FF}"
EndProject
Project("{FAE04EC0-301F-11D3-BF4B-00C04F79EFBC}") = "SMBDPlugin", "SMBDPlugin\SMBDPlugin.csproj", "{F7FD54EB-2B86-496F-8FF4-58565A301993}"
EndProject
Project("{FAE04EC0-301F-11D3-BF4B-00C04F79EFBC}") = "Smb2", "..\..\..\ProtoSDK\MS-SMB2\Smb2.csproj", "{C7F08825-D3C9-4DDD-9BA3-06733B1ABE36}"
EndProject
Project("{FAE04EC0-301F-11D3-BF4B-00C04F79EFBC}") = "Sspi", "..\..\..\ProtoSDK\Sspi\Sspi.csproj", "{D0CB354B-2CD3-49C1-8ECA-2F6EBADBCCEE}"
EndProject
Project("{FAE04EC0-301F-11D3-BF4B-00C04F79EFBC}") = "Common", "..\..\..\ProtoSDK\Common\Common.csproj", "{FE653643-6342-4300-871E-683C7BA31494}"
EndProject
Project("{FAE04EC0-301F-11D3-BF4B-00C04F79EFBC}") = "Messages", "..\..\..\ProtoSDK\Messages\Messages.csproj", "{75544419-3F4E-4308-A676-165F45C1462E}"
EndProject
Project("{FAE04EC0-301F-11D3-BF4B-00C04F79EFBC}") = "Asn1Base", "..\..\..\ProtoSDK\Asn1Base\Asn1Base.csproj", "{DEDA188C-C97E-4968-BC31-594925631E9F}"
EndProject
Project("{FAE04EC0-301F-11D3-BF4B-00C04F79EFBC}") = "CryptoLib", "..\..\..\ProtoSDK\CryptoLib\CryptoLib.csproj", "{BF6AFAF0-7592-467F-AD5C-18429D854057}"
EndProject
Project("{FAE04EC0-301F-11D3-BF4B-00C04F79EFBC}") = "FileAccessService", "..\..\..\ProtoSDK\FileAccessService\FileAccessService.csproj", "{AB191B32-B12D-42CB-976D-CEA2C5BAD8BE}"
EndProject
Project("{FAE04EC0-301F-11D3-BF4B-00C04F79EFBC}") = "TransportStack", "..\..\..\ProtoSDK\TransportStack\TransportStack.csproj", "{967D976A-C792-4893-9235-14615AE1FF58}"
EndProject
Project("{FAE04EC0-301F-11D3-BF4B-00C04F79EFBC}") = "Nlmp", "..\..\..\ProtoSDK\MS-NLMP\Nlmp.csproj", "{5E53E71E-52D1-4BF0-99C0-608437EC446C}"
EndProject
Project("{FAE04EC0-301F-11D3-BF4B-00C04F79EFBC}") = "Smbd", "..\..\..\ProtoSDK\MS-SMBD\Smbd.csproj", "{C07058FA-1891-46E6-B4AF-7F38DD6BD7AD}"
EndProject
Project("{8BC9CEB8-8B4A-11D0-8D11-00A0C91BC942}") = "Microsoft.Protocols.TestTools.StackSdk.FileAccessService.Rdma", "..\..\..\ProtoSDK\RDMA\Rdma.vcxproj", "{94267900-7F95-48DB-AAC4-ADFF00492BF5}"
EndProject
Project("{FAE04EC0-301F-11D3-BF4B-00C04F79EFBC}") = "Xca", "..\..\..\ProtoSDK\MS-XCA\Xca.csproj", "{55F86FDF-E929-4AA6-901B-4E0BE8B9B633}"
EndProject
Global
	GlobalSection(SolutionConfigurationPlatforms) = preSolution
		Debug|Any CPU = Debug|Any CPU
		Debug|x64 = Debug|x64
		Fxcop|Any CPU = Fxcop|Any CPU
		Fxcop|x64 = Fxcop|x64
		Release|Any CPU = Release|Any CPU
		Release|x64 = Release|x64
	EndGlobalSection
	GlobalSection(ProjectConfigurationPlatforms) = postSolution
		{7982ACF0-F1A4-4996-A339-641CAFA093CE}.Debug|Any CPU.ActiveCfg = Debug|Any CPU
		{7982ACF0-F1A4-4996-A339-641CAFA093CE}.Debug|Any CPU.Build.0 = Debug|Any CPU
		{7982ACF0-F1A4-4996-A339-641CAFA093CE}.Debug|x64.ActiveCfg = Debug|Any CPU
		{7982ACF0-F1A4-4996-A339-641CAFA093CE}.Debug|x64.Build.0 = Debug|Any CPU
		{7982ACF0-F1A4-4996-A339-641CAFA093CE}.Fxcop|Any CPU.ActiveCfg = Release|Any CPU
		{7982ACF0-F1A4-4996-A339-641CAFA093CE}.Fxcop|Any CPU.Build.0 = Release|Any CPU
		{7982ACF0-F1A4-4996-A339-641CAFA093CE}.Fxcop|x64.ActiveCfg = Release|Any CPU
		{7982ACF0-F1A4-4996-A339-641CAFA093CE}.Release|Any CPU.ActiveCfg = Release|Any CPU
		{7982ACF0-F1A4-4996-A339-641CAFA093CE}.Release|Any CPU.Build.0 = Release|Any CPU
		{7982ACF0-F1A4-4996-A339-641CAFA093CE}.Release|x64.ActiveCfg = Release|Any CPU
		{F7FD54EB-2B86-496F-8FF4-58565A301993}.Debug|Any CPU.ActiveCfg = Debug|x64
		{F7FD54EB-2B86-496F-8FF4-58565A301993}.Debug|x64.ActiveCfg = Debug|x64
		{F7FD54EB-2B86-496F-8FF4-58565A301993}.Debug|x64.Build.0 = Debug|x64
		{F7FD54EB-2B86-496F-8FF4-58565A301993}.Fxcop|Any CPU.ActiveCfg = Release|x64
		{F7FD54EB-2B86-496F-8FF4-58565A301993}.Fxcop|Any CPU.Build.0 = Release|x64
		{F7FD54EB-2B86-496F-8FF4-58565A301993}.Fxcop|x64.ActiveCfg = Release|x64
		{F7FD54EB-2B86-496F-8FF4-58565A301993}.Fxcop|x64.Build.0 = Release|x64
		{F7FD54EB-2B86-496F-8FF4-58565A301993}.Release|Any CPU.ActiveCfg = Release|x64
		{F7FD54EB-2B86-496F-8FF4-58565A301993}.Release|x64.ActiveCfg = Release|x64
		{F7FD54EB-2B86-496F-8FF4-58565A301993}.Release|x64.Build.0 = Release|x64
		{C7F08825-D3C9-4DDD-9BA3-06733B1ABE36}.Debug|Any CPU.ActiveCfg = Debug|Any CPU
		{C7F08825-D3C9-4DDD-9BA3-06733B1ABE36}.Debug|Any CPU.Build.0 = Debug|Any CPU
		{C7F08825-D3C9-4DDD-9BA3-06733B1ABE36}.Debug|x64.ActiveCfg = Debug|Any CPU
		{C7F08825-D3C9-4DDD-9BA3-06733B1ABE36}.Debug|x64.Build.0 = Debug|Any CPU
		{C7F08825-D3C9-4DDD-9BA3-06733B1ABE36}.Fxcop|Any CPU.ActiveCfg = Release|Any CPU
		{C7F08825-D3C9-4DDD-9BA3-06733B1ABE36}.Fxcop|Any CPU.Build.0 = Release|Any CPU
		{C7F08825-D3C9-4DDD-9BA3-06733B1ABE36}.Fxcop|x64.ActiveCfg = Release|Any CPU
		{C7F08825-D3C9-4DDD-9BA3-06733B1ABE36}.Fxcop|x64.Build.0 = Release|Any CPU
		{C7F08825-D3C9-4DDD-9BA3-06733B1ABE36}.Release|Any CPU.ActiveCfg = Release|Any CPU
		{C7F08825-D3C9-4DDD-9BA3-06733B1ABE36}.Release|Any CPU.Build.0 = Release|Any CPU
		{C7F08825-D3C9-4DDD-9BA3-06733B1ABE36}.Release|x64.ActiveCfg = Release|Any CPU
		{C7F08825-D3C9-4DDD-9BA3-06733B1ABE36}.Release|x64.Build.0 = Release|Any CPU
		{D0CB354B-2CD3-49C1-8ECA-2F6EBADBCCEE}.Debug|Any CPU.ActiveCfg = Debug|Any CPU
		{D0CB354B-2CD3-49C1-8ECA-2F6EBADBCCEE}.Debug|Any CPU.Build.0 = Debug|Any CPU
		{D0CB354B-2CD3-49C1-8ECA-2F6EBADBCCEE}.Debug|x64.ActiveCfg = Debug|Any CPU
		{D0CB354B-2CD3-49C1-8ECA-2F6EBADBCCEE}.Debug|x64.Build.0 = Debug|Any CPU
		{D0CB354B-2CD3-49C1-8ECA-2F6EBADBCCEE}.Fxcop|Any CPU.ActiveCfg = Release|Any CPU
		{D0CB354B-2CD3-49C1-8ECA-2F6EBADBCCEE}.Fxcop|Any CPU.Build.0 = Release|Any CPU
		{D0CB354B-2CD3-49C1-8ECA-2F6EBADBCCEE}.Fxcop|x64.ActiveCfg = Release|Any CPU
		{D0CB354B-2CD3-49C1-8ECA-2F6EBADBCCEE}.Fxcop|x64.Build.0 = Release|Any CPU
		{D0CB354B-2CD3-49C1-8ECA-2F6EBADBCCEE}.Release|Any CPU.ActiveCfg = Release|Any CPU
		{D0CB354B-2CD3-49C1-8ECA-2F6EBADBCCEE}.Release|Any CPU.Build.0 = Release|Any CPU
		{D0CB354B-2CD3-49C1-8ECA-2F6EBADBCCEE}.Release|x64.ActiveCfg = Release|Any CPU
		{D0CB354B-2CD3-49C1-8ECA-2F6EBADBCCEE}.Release|x64.Build.0 = Release|Any CPU
		{FE653643-6342-4300-871E-683C7BA31494}.Debug|Any CPU.ActiveCfg = Debug|Any CPU
		{FE653643-6342-4300-871E-683C7BA31494}.Debug|Any CPU.Build.0 = Debug|Any CPU
		{FE653643-6342-4300-871E-683C7BA31494}.Debug|x64.ActiveCfg = Debug|Any CPU
		{FE653643-6342-4300-871E-683C7BA31494}.Debug|x64.Build.0 = Debug|Any CPU
		{FE653643-6342-4300-871E-683C7BA31494}.Fxcop|Any CPU.ActiveCfg = Release|Any CPU
		{FE653643-6342-4300-871E-683C7BA31494}.Fxcop|Any CPU.Build.0 = Release|Any CPU
		{FE653643-6342-4300-871E-683C7BA31494}.Fxcop|x64.ActiveCfg = Release|Any CPU
		{FE653643-6342-4300-871E-683C7BA31494}.Fxcop|x64.Build.0 = Release|Any CPU
		{FE653643-6342-4300-871E-683C7BA31494}.Release|Any CPU.ActiveCfg = Release|Any CPU
		{FE653643-6342-4300-871E-683C7BA31494}.Release|Any CPU.Build.0 = Release|Any CPU
		{FE653643-6342-4300-871E-683C7BA31494}.Release|x64.ActiveCfg = Release|Any CPU
		{FE653643-6342-4300-871E-683C7BA31494}.Release|x64.Build.0 = Release|Any CPU
		{75544419-3F4E-4308-A676-165F45C1462E}.Debug|Any CPU.ActiveCfg = Debug|Any CPU
		{75544419-3F4E-4308-A676-165F45C1462E}.Debug|Any CPU.Build.0 = Debug|Any CPU
		{75544419-3F4E-4308-A676-165F45C1462E}.Debug|x64.ActiveCfg = Debug|Any CPU
		{75544419-3F4E-4308-A676-165F45C1462E}.Debug|x64.Build.0 = Debug|Any CPU
		{75544419-3F4E-4308-A676-165F45C1462E}.Fxcop|Any CPU.ActiveCfg = Release|Any CPU
		{75544419-3F4E-4308-A676-165F45C1462E}.Fxcop|Any CPU.Build.0 = Release|Any CPU
		{75544419-3F4E-4308-A676-165F45C1462E}.Fxcop|x64.ActiveCfg = Release|Any CPU
		{75544419-3F4E-4308-A676-165F45C1462E}.Fxcop|x64.Build.0 = Release|Any CPU
		{75544419-3F4E-4308-A676-165F45C1462E}.Release|Any CPU.ActiveCfg = Release|Any CPU
		{75544419-3F4E-4308-A676-165F45C1462E}.Release|Any CPU.Build.0 = Release|Any CPU
		{75544419-3F4E-4308-A676-165F45C1462E}.Release|x64.ActiveCfg = Release|Any CPU
		{75544419-3F4E-4308-A676-165F45C1462E}.Release|x64.Build.0 = Release|Any CPU
		{DEDA188C-C97E-4968-BC31-594925631E9F}.Debug|Any CPU.ActiveCfg = Debug|Any CPU
		{DEDA188C-C97E-4968-BC31-594925631E9F}.Debug|Any CPU.Build.0 = Debug|Any CPU
		{DEDA188C-C97E-4968-BC31-594925631E9F}.Debug|x64.ActiveCfg = Debug|Any CPU
		{DEDA188C-C97E-4968-BC31-594925631E9F}.Debug|x64.Build.0 = Debug|Any CPU
		{DEDA188C-C97E-4968-BC31-594925631E9F}.Fxcop|Any CPU.ActiveCfg = Release|Any CPU
		{DEDA188C-C97E-4968-BC31-594925631E9F}.Fxcop|Any CPU.Build.0 = Release|Any CPU
		{DEDA188C-C97E-4968-BC31-594925631E9F}.Fxcop|x64.ActiveCfg = Release|Any CPU
		{DEDA188C-C97E-4968-BC31-594925631E9F}.Fxcop|x64.Build.0 = Release|Any CPU
		{DEDA188C-C97E-4968-BC31-594925631E9F}.Release|Any CPU.ActiveCfg = Release|Any CPU
		{DEDA188C-C97E-4968-BC31-594925631E9F}.Release|Any CPU.Build.0 = Release|Any CPU
		{DEDA188C-C97E-4968-BC31-594925631E9F}.Release|x64.ActiveCfg = Release|Any CPU
		{DEDA188C-C97E-4968-BC31-594925631E9F}.Release|x64.Build.0 = Release|Any CPU
		{BF6AFAF0-7592-467F-AD5C-18429D854057}.Debug|Any CPU.ActiveCfg = Debug|Any CPU
		{BF6AFAF0-7592-467F-AD5C-18429D854057}.Debug|Any CPU.Build.0 = Debug|Any CPU
		{BF6AFAF0-7592-467F-AD5C-18429D854057}.Debug|x64.ActiveCfg = Debug|Any CPU
		{BF6AFAF0-7592-467F-AD5C-18429D854057}.Debug|x64.Build.0 = Debug|Any CPU
		{BF6AFAF0-7592-467F-AD5C-18429D854057}.Fxcop|Any CPU.ActiveCfg = Release|Any CPU
		{BF6AFAF0-7592-467F-AD5C-18429D854057}.Fxcop|Any CPU.Build.0 = Release|Any CPU
		{BF6AFAF0-7592-467F-AD5C-18429D854057}.Fxcop|x64.ActiveCfg = Release|Any CPU
		{BF6AFAF0-7592-467F-AD5C-18429D854057}.Fxcop|x64.Build.0 = Release|Any CPU
		{BF6AFAF0-7592-467F-AD5C-18429D854057}.Release|Any CPU.ActiveCfg = Release|Any CPU
		{BF6AFAF0-7592-467F-AD5C-18429D854057}.Release|Any CPU.Build.0 = Release|Any CPU
		{BF6AFAF0-7592-467F-AD5C-18429D854057}.Release|x64.ActiveCfg = Release|Any CPU
		{BF6AFAF0-7592-467F-AD5C-18429D854057}.Release|x64.Build.0 = Release|Any CPU
		{AB191B32-B12D-42CB-976D-CEA2C5BAD8BE}.Debug|Any CPU.ActiveCfg = Debug|Any CPU
		{AB191B32-B12D-42CB-976D-CEA2C5BAD8BE}.Debug|Any CPU.Build.0 = Debug|Any CPU
		{AB191B32-B12D-42CB-976D-CEA2C5BAD8BE}.Debug|x64.ActiveCfg = Debug|Any CPU
		{AB191B32-B12D-42CB-976D-CEA2C5BAD8BE}.Debug|x64.Build.0 = Debug|Any CPU
		{AB191B32-B12D-42CB-976D-CEA2C5BAD8BE}.Fxcop|Any CPU.ActiveCfg = Release|Any CPU
		{AB191B32-B12D-42CB-976D-CEA2C5BAD8BE}.Fxcop|Any CPU.Build.0 = Release|Any CPU
		{AB191B32-B12D-42CB-976D-CEA2C5BAD8BE}.Fxcop|x64.ActiveCfg = Release|Any CPU
		{AB191B32-B12D-42CB-976D-CEA2C5BAD8BE}.Fxcop|x64.Build.0 = Release|Any CPU
		{AB191B32-B12D-42CB-976D-CEA2C5BAD8BE}.Release|Any CPU.ActiveCfg = Release|Any CPU
		{AB191B32-B12D-42CB-976D-CEA2C5BAD8BE}.Release|Any CPU.Build.0 = Release|Any CPU
		{AB191B32-B12D-42CB-976D-CEA2C5BAD8BE}.Release|x64.ActiveCfg = Release|Any CPU
		{AB191B32-B12D-42CB-976D-CEA2C5BAD8BE}.Release|x64.Build.0 = Release|Any CPU
		{967D976A-C792-4893-9235-14615AE1FF58}.Debug|Any CPU.ActiveCfg = Debug|Any CPU
		{967D976A-C792-4893-9235-14615AE1FF58}.Debug|Any CPU.Build.0 = Debug|Any CPU
		{967D976A-C792-4893-9235-14615AE1FF58}.Debug|x64.ActiveCfg = Debug|Any CPU
		{967D976A-C792-4893-9235-14615AE1FF58}.Debug|x64.Build.0 = Debug|Any CPU
		{967D976A-C792-4893-9235-14615AE1FF58}.Fxcop|Any CPU.ActiveCfg = Release|Any CPU
		{967D976A-C792-4893-9235-14615AE1FF58}.Fxcop|Any CPU.Build.0 = Release|Any CPU
		{967D976A-C792-4893-9235-14615AE1FF58}.Fxcop|x64.ActiveCfg = Release|Any CPU
		{967D976A-C792-4893-9235-14615AE1FF58}.Fxcop|x64.Build.0 = Release|Any CPU
		{967D976A-C792-4893-9235-14615AE1FF58}.Release|Any CPU.ActiveCfg = Release|Any CPU
		{967D976A-C792-4893-9235-14615AE1FF58}.Release|Any CPU.Build.0 = Release|Any CPU
		{967D976A-C792-4893-9235-14615AE1FF58}.Release|x64.ActiveCfg = Release|Any CPU
		{967D976A-C792-4893-9235-14615AE1FF58}.Release|x64.Build.0 = Release|Any CPU
		{5E53E71E-52D1-4BF0-99C0-608437EC446C}.Debug|Any CPU.ActiveCfg = Debug|Any CPU
		{5E53E71E-52D1-4BF0-99C0-608437EC446C}.Debug|Any CPU.Build.0 = Debug|Any CPU
		{5E53E71E-52D1-4BF0-99C0-608437EC446C}.Debug|x64.ActiveCfg = Debug|Any CPU
		{5E53E71E-52D1-4BF0-99C0-608437EC446C}.Debug|x64.Build.0 = Debug|Any CPU
		{5E53E71E-52D1-4BF0-99C0-608437EC446C}.Fxcop|Any CPU.ActiveCfg = Release|Any CPU
		{5E53E71E-52D1-4BF0-99C0-608437EC446C}.Fxcop|Any CPU.Build.0 = Release|Any CPU
		{5E53E71E-52D1-4BF0-99C0-608437EC446C}.Fxcop|x64.ActiveCfg = Release|Any CPU
		{5E53E71E-52D1-4BF0-99C0-608437EC446C}.Fxcop|x64.Build.0 = Release|Any CPU
		{5E53E71E-52D1-4BF0-99C0-608437EC446C}.Release|Any CPU.ActiveCfg = Release|Any CPU
		{5E53E71E-52D1-4BF0-99C0-608437EC446C}.Release|Any CPU.Build.0 = Release|Any CPU
		{5E53E71E-52D1-4BF0-99C0-608437EC446C}.Release|x64.ActiveCfg = Release|Any CPU
		{5E53E71E-52D1-4BF0-99C0-608437EC446C}.Release|x64.Build.0 = Release|Any CPU
		{C07058FA-1891-46E6-B4AF-7F38DD6BD7AD}.Debug|Any CPU.ActiveCfg = Debug|Any CPU
		{C07058FA-1891-46E6-B4AF-7F38DD6BD7AD}.Debug|Any CPU.Build.0 = Debug|Any CPU
		{C07058FA-1891-46E6-B4AF-7F38DD6BD7AD}.Debug|x64.ActiveCfg = Debug|x64
		{C07058FA-1891-46E6-B4AF-7F38DD6BD7AD}.Debug|x64.Build.0 = Debug|x64
		{C07058FA-1891-46E6-B4AF-7F38DD6BD7AD}.Fxcop|Any CPU.ActiveCfg = Debug|Any CPU
		{C07058FA-1891-46E6-B4AF-7F38DD6BD7AD}.Fxcop|Any CPU.Build.0 = Debug|Any CPU
		{C07058FA-1891-46E6-B4AF-7F38DD6BD7AD}.Fxcop|x64.ActiveCfg = Release|Any CPU
		{C07058FA-1891-46E6-B4AF-7F38DD6BD7AD}.Fxcop|x64.Build.0 = Release|Any CPU
		{C07058FA-1891-46E6-B4AF-7F38DD6BD7AD}.Release|Any CPU.ActiveCfg = Release|Any CPU
		{C07058FA-1891-46E6-B4AF-7F38DD6BD7AD}.Release|Any CPU.Build.0 = Release|Any CPU
		{C07058FA-1891-46E6-B4AF-7F38DD6BD7AD}.Release|x64.ActiveCfg = Release|Any CPU
		{C07058FA-1891-46E6-B4AF-7F38DD6BD7AD}.Release|x64.Build.0 = Release|Any CPU
		{94267900-7F95-48DB-AAC4-ADFF00492BF5}.Debug|Any CPU.ActiveCfg = Debug|x64
		{94267900-7F95-48DB-AAC4-ADFF00492BF5}.Debug|x64.ActiveCfg = Debug|x64
		{94267900-7F95-48DB-AAC4-ADFF00492BF5}.Debug|x64.Build.0 = Debug|x64
		{94267900-7F95-48DB-AAC4-ADFF00492BF5}.Fxcop|Any CPU.ActiveCfg = Release|x64
		{94267900-7F95-48DB-AAC4-ADFF00492BF5}.Fxcop|Any CPU.Build.0 = Release|x64
		{94267900-7F95-48DB-AAC4-ADFF00492BF5}.Fxcop|x64.ActiveCfg = Release|x64
		{94267900-7F95-48DB-AAC4-ADFF00492BF5}.Fxcop|x64.Build.0 = Release|x64
		{94267900-7F95-48DB-AAC4-ADFF00492BF5}.Release|Any CPU.ActiveCfg = Release|x64
		{94267900-7F95-48DB-AAC4-ADFF00492BF5}.Release|x64.ActiveCfg = Release|x64
		{94267900-7F95-48DB-AAC4-ADFF00492BF5}.Release|x64.Build.0 = Release|x64
		{55F86FDF-E929-4AA6-901B-4E0BE8B9B633}.Debug|Any CPU.ActiveCfg = Debug|Any CPU
		{55F86FDF-E929-4AA6-901B-4E0BE8B9B633}.Debug|Any CPU.Build.0 = Debug|Any CPU
		{55F86FDF-E929-4AA6-901B-4E0BE8B9B633}.Debug|x64.ActiveCfg = Debug|x64
		{55F86FDF-E929-4AA6-901B-4E0BE8B9B633}.Debug|x64.Build.0 = Debug|x64
		{55F86FDF-E929-4AA6-901B-4E0BE8B9B633}.Fxcop|Any CPU.ActiveCfg = Release|Any CPU
		{55F86FDF-E929-4AA6-901B-4E0BE8B9B633}.Fxcop|Any CPU.Build.0 = Release|Any CPU
		{55F86FDF-E929-4AA6-901B-4E0BE8B9B633}.Fxcop|x64.ActiveCfg = Release|x64
		{55F86FDF-E929-4AA6-901B-4E0BE8B9B633}.Fxcop|x64.Build.0 = Release|x64
		{55F86FDF-E929-4AA6-901B-4E0BE8B9B633}.Release|Any CPU.ActiveCfg = Release|Any CPU
		{55F86FDF-E929-4AA6-901B-4E0BE8B9B633}.Release|Any CPU.Build.0 = Release|Any CPU
		{55F86FDF-E929-4AA6-901B-4E0BE8B9B633}.Release|x64.ActiveCfg = Release|x64
		{55F86FDF-E929-4AA6-901B-4E0BE8B9B633}.Release|x64.Build.0 = Release|x64
	EndGlobalSection
	GlobalSection(SolutionProperties) = preSolution
		HideSolutionNode = FALSE
	EndGlobalSection
	GlobalSection(NestedProjects) = preSolution
		{7982ACF0-F1A4-4996-A339-641CAFA093CE} = {6433F078-F7EE-4B7F-9F0F-884E28E3B5FF}
		{C7F08825-D3C9-4DDD-9BA3-06733B1ABE36} = {F97CF9CB-C02B-4B1F-9CB8-1D71582CD63A}
		{D0CB354B-2CD3-49C1-8ECA-2F6EBADBCCEE} = {F97CF9CB-C02B-4B1F-9CB8-1D71582CD63A}
		{FE653643-6342-4300-871E-683C7BA31494} = {F97CF9CB-C02B-4B1F-9CB8-1D71582CD63A}
		{75544419-3F4E-4308-A676-165F45C1462E} = {F97CF9CB-C02B-4B1F-9CB8-1D71582CD63A}
		{DEDA188C-C97E-4968-BC31-594925631E9F} = {F97CF9CB-C02B-4B1F-9CB8-1D71582CD63A}
		{BF6AFAF0-7592-467F-AD5C-18429D854057} = {F97CF9CB-C02B-4B1F-9CB8-1D71582CD63A}
		{AB191B32-B12D-42CB-976D-CEA2C5BAD8BE} = {F97CF9CB-C02B-4B1F-9CB8-1D71582CD63A}
		{967D976A-C792-4893-9235-14615AE1FF58} = {F97CF9CB-C02B-4B1F-9CB8-1D71582CD63A}
		{5E53E71E-52D1-4BF0-99C0-608437EC446C} = {F97CF9CB-C02B-4B1F-9CB8-1D71582CD63A}
		{C07058FA-1891-46E6-B4AF-7F38DD6BD7AD} = {F97CF9CB-C02B-4B1F-9CB8-1D71582CD63A}
		{94267900-7F95-48DB-AAC4-ADFF00492BF5} = {F97CF9CB-C02B-4B1F-9CB8-1D71582CD63A}
		{55F86FDF-E929-4AA6-901B-4E0BE8B9B633} = {F97CF9CB-C02B-4B1F-9CB8-1D71582CD63A}
	EndGlobalSection
	GlobalSection(ExtensibilityGlobals) = postSolution
		SolutionGuid = {39D6C148-BB4A-437A-B7C2-8DA6D3EBD489}
	EndGlobalSection
EndGlobal
