
Microsoft Visual Studio Solution File, Format Version 12.00
# Visual Studio 15
VisualStudioVersion = 15.0.27130.2036
MinimumVisualStudioVersion = 10.0.40219.1
Project("{FAE04EC0-301F-11D3-BF4B-00C04F79EFBC}") = "Lsa", "Lsa.csproj", "{FB5BB674-961B-45EF-A67C-9850FFCD30D3}"
EndProject
Project("{FAE04EC0-301F-11D3-BF4B-00C04F79EFBC}") = "Sspi", "..\Sspi\Sspi.csproj", "{D0CB354B-2CD3-49C1-8ECA-2F6EBADBCCEE}"
EndProject
Project("{FAE04EC0-301F-11D3-BF4B-00C04F79EFBC}") = "Nlmp", "..\MS-NLMP\Nlmp.csproj", "{5E53E71E-52D1-4BF0-99C0-608437EC446C}"
EndProject
Project("{FAE04EC0-301F-11D3-BF4B-00C04F79EFBC}") = "Common", "..\Common\Common.csproj", "{FE653643-6342-4300-871E-683C7BA31494}"
EndProject
Project("{FAE04EC0-301F-11D3-BF4B-00C04F79EFBC}") = "CryptoLib", "..\CryptoLib\CryptoLib.csproj", "{BF6AFAF0-7592-467F-AD5C-18429D854057}"
EndProject
Project("{FAE04EC0-301F-11D3-BF4B-00C04F79EFBC}") = "Messages", "..\Messages\Messages.csproj", "{75544419-3F4E-4308-A676-165F45C1462E}"
EndProject
Project("{FAE04EC0-301F-11D3-BF4B-00C04F79EFBC}") = "Rpce", "..\MS-RPCE\Rpce.csproj", "{A5814E1E-D79C-49A9-A8EA-BA8ED6E0EB39}"
EndProject
Project("{FAE04EC0-301F-11D3-BF4B-00C04F79EFBC}") = "Kile", "..\MS-KILE\Kile.csproj", "{FE2070DE-70D1-4E65-9EE6-9D28B5903AC6}"
EndProject
Project("{FAE04EC0-301F-11D3-BF4B-00C04F79EFBC}") = "Smb", "..\MS-SMB\Smb.csproj", "{C3C96860-5D29-4797-A311-CC568CC8B699}"
EndProject
Project("{FAE04EC0-301F-11D3-BF4B-00C04F79EFBC}") = "Smb2", "..\MS-SMB2\Smb2.csproj", "{C7F08825-D3C9-4DDD-9BA3-06733B1ABE36}"
EndProject
Project("{FAE04EC0-301F-11D3-BF4B-00C04F79EFBC}") = "TransportStack", "..\TransportStack\TransportStack.csproj", "{967D976A-C792-4893-9235-14615AE1FF58}"
EndProject
Project("{FAE04EC0-301F-11D3-BF4B-00C04F79EFBC}") = "Cifs", "..\MS-CIFS\Cifs.csproj", "{0129B48E-2977-4E87-ADB0-A024A69C1CCC}"
EndProject
Project("{FAE04EC0-301F-11D3-BF4B-00C04F79EFBC}") = "FileAccessService", "..\FileAccessService\FileAccessService.csproj", "{AB191B32-B12D-42CB-976D-CEA2C5BAD8BE}"
EndProject
Project("{FAE04EC0-301F-11D3-BF4B-00C04F79EFBC}") = "Nrpc", "..\MS-NRPC\Nrpc.csproj", "{9CA3D15B-EDF1-4298-9D54-D7B55B0C52F8}"
EndProject
Project("{FAE04EC0-301F-11D3-BF4B-00C04F79EFBC}") = "Pac", "..\MS-PAC\Pac.csproj", "{AEFAF10D-D1BF-44C4-BD9F-5CFF2AFA432F}"
EndProject
Project("{FAE04EC0-301F-11D3-BF4B-00C04F79EFBC}") = "Samr", "..\MS-SAMR\Samr.csproj", "{188D86B8-E7B8-4C53-A099-041F1E423A16}"
EndProject
Global
	GlobalSection(SolutionConfigurationPlatforms) = preSolution
		Debug|Any CPU = Debug|Any CPU
		Release|Any CPU = Release|Any CPU
	EndGlobalSection
	GlobalSection(ProjectConfigurationPlatforms) = postSolution
		{FB5BB674-961B-45EF-A67C-9850FFCD30D3}.Debug|Any CPU.ActiveCfg = Debug|Any CPU
		{FB5BB674-961B-45EF-A67C-9850FFCD30D3}.Debug|Any CPU.Build.0 = Debug|Any CPU
		{FB5BB674-961B-45EF-A67C-9850FFCD30D3}.Release|Any CPU.ActiveCfg = Release|Any CPU
		{FB5BB674-961B-45EF-A67C-9850FFCD30D3}.Release|Any CPU.Build.0 = Release|Any CPU
		{D0CB354B-2CD3-49C1-8ECA-2F6EBADBCCEE}.Debug|Any CPU.ActiveCfg = Debug|Any CPU
		{D0CB354B-2CD3-49C1-8ECA-2F6EBADBCCEE}.Debug|Any CPU.Build.0 = Debug|Any CPU
		{D0CB354B-2CD3-49C1-8ECA-2F6EBADBCCEE}.Release|Any CPU.ActiveCfg = Release|Any CPU
		{D0CB354B-2CD3-49C1-8ECA-2F6EBADBCCEE}.Release|Any CPU.Build.0 = Release|Any CPU
		{5E53E71E-52D1-4BF0-99C0-608437EC446C}.Debug|Any CPU.ActiveCfg = Debug|Any CPU
		{5E53E71E-52D1-4BF0-99C0-608437EC446C}.Debug|Any CPU.Build.0 = Debug|Any CPU
		{5E53E71E-52D1-4BF0-99C0-608437EC446C}.Release|Any CPU.ActiveCfg = Release|Any CPU
		{5E53E71E-52D1-4BF0-99C0-608437EC446C}.Release|Any CPU.Build.0 = Release|Any CPU
		{FE653643-6342-4300-871E-683C7BA31494}.Debug|Any CPU.ActiveCfg = Debug|Any CPU
		{FE653643-6342-4300-871E-683C7BA31494}.Debug|Any CPU.Build.0 = Debug|Any CPU
		{FE653643-6342-4300-871E-683C7BA31494}.Release|Any CPU.ActiveCfg = Release|Any CPU
		{FE653643-6342-4300-871E-683C7BA31494}.Release|Any CPU.Build.0 = Release|Any CPU
		{BF6AFAF0-7592-467F-AD5C-18429D854057}.Debug|Any CPU.ActiveCfg = Debug|Any CPU
		{BF6AFAF0-7592-467F-AD5C-18429D854057}.Debug|Any CPU.Build.0 = Debug|Any CPU
		{BF6AFAF0-7592-467F-AD5C-18429D854057}.Release|Any CPU.ActiveCfg = Release|Any CPU
		{BF6AFAF0-7592-467F-AD5C-18429D854057}.Release|Any CPU.Build.0 = Release|Any CPU
		{75544419-3F4E-4308-A676-165F45C1462E}.Debug|Any CPU.ActiveCfg = Debug|Any CPU
		{75544419-3F4E-4308-A676-165F45C1462E}.Debug|Any CPU.Build.0 = Debug|Any CPU
		{75544419-3F4E-4308-A676-165F45C1462E}.Release|Any CPU.ActiveCfg = Release|Any CPU
		{75544419-3F4E-4308-A676-165F45C1462E}.Release|Any CPU.Build.0 = Release|Any CPU
		{A5814E1E-D79C-49A9-A8EA-BA8ED6E0EB39}.Debug|Any CPU.ActiveCfg = Debug|Any CPU
		{A5814E1E-D79C-49A9-A8EA-BA8ED6E0EB39}.Debug|Any CPU.Build.0 = Debug|Any CPU
		{A5814E1E-D79C-49A9-A8EA-BA8ED6E0EB39}.Release|Any CPU.ActiveCfg = Release|Any CPU
		{A5814E1E-D79C-49A9-A8EA-BA8ED6E0EB39}.Release|Any CPU.Build.0 = Release|Any CPU
		{FE2070DE-70D1-4E65-9EE6-9D28B5903AC6}.Debug|Any CPU.ActiveCfg = Debug|Any CPU
		{FE2070DE-70D1-4E65-9EE6-9D28B5903AC6}.Debug|Any CPU.Build.0 = Debug|Any CPU
		{FE2070DE-70D1-4E65-9EE6-9D28B5903AC6}.Release|Any CPU.ActiveCfg = Release|Any CPU
		{FE2070DE-70D1-4E65-9EE6-9D28B5903AC6}.Release|Any CPU.Build.0 = Release|Any CPU
		{C3C96860-5D29-4797-A311-CC568CC8B699}.Debug|Any CPU.ActiveCfg = Debug|Any CPU
		{C3C96860-5D29-4797-A311-CC568CC8B699}.Debug|Any CPU.Build.0 = Debug|Any CPU
		{C3C96860-5D29-4797-A311-CC568CC8B699}.Release|Any CPU.ActiveCfg = Release|Any CPU
		{C3C96860-5D29-4797-A311-CC568CC8B699}.Release|Any CPU.Build.0 = Release|Any CPU
		{C7F08825-D3C9-4DDD-9BA3-06733B1ABE36}.Debug|Any CPU.ActiveCfg = Debug|Any CPU
		{C7F08825-D3C9-4DDD-9BA3-06733B1ABE36}.Debug|Any CPU.Build.0 = Debug|Any CPU
		{C7F08825-D3C9-4DDD-9BA3-06733B1ABE36}.Release|Any CPU.ActiveCfg = Release|Any CPU
		{C7F08825-D3C9-4DDD-9BA3-06733B1ABE36}.Release|Any CPU.Build.0 = Release|Any CPU
		{967D976A-C792-4893-9235-14615AE1FF58}.Debug|Any CPU.ActiveCfg = Debug|Any CPU
		{967D976A-C792-4893-9235-14615AE1FF58}.Debug|Any CPU.Build.0 = Debug|Any CPU
		{967D976A-C792-4893-9235-14615AE1FF58}.Release|Any CPU.ActiveCfg = Release|Any CPU
		{967D976A-C792-4893-9235-14615AE1FF58}.Release|Any CPU.Build.0 = Release|Any CPU
		{0129B48E-2977-4E87-ADB0-A024A69C1CCC}.Debug|Any CPU.ActiveCfg = Debug|Any CPU
		{0129B48E-2977-4E87-ADB0-A024A69C1CCC}.Debug|Any CPU.Build.0 = Debug|Any CPU
		{0129B48E-2977-4E87-ADB0-A024A69C1CCC}.Release|Any CPU.ActiveCfg = Release|Any CPU
		{0129B48E-2977-4E87-ADB0-A024A69C1CCC}.Release|Any CPU.Build.0 = Release|Any CPU
		{AB191B32-B12D-42CB-976D-CEA2C5BAD8BE}.Debug|Any CPU.ActiveCfg = Debug|Any CPU
		{AB191B32-B12D-42CB-976D-CEA2C5BAD8BE}.Debug|Any CPU.Build.0 = Debug|Any CPU
		{AB191B32-B12D-42CB-976D-CEA2C5BAD8BE}.Release|Any CPU.ActiveCfg = Release|Any CPU
		{AB191B32-B12D-42CB-976D-CEA2C5BAD8BE}.Release|Any CPU.Build.0 = Release|Any CPU
		{9CA3D15B-EDF1-4298-9D54-D7B55B0C52F8}.Debug|Any CPU.ActiveCfg = Debug|Any CPU
		{9CA3D15B-EDF1-4298-9D54-D7B55B0C52F8}.Debug|Any CPU.Build.0 = Debug|Any CPU
		{9CA3D15B-EDF1-4298-9D54-D7B55B0C52F8}.Release|Any CPU.ActiveCfg = Release|Any CPU
		{9CA3D15B-EDF1-4298-9D54-D7B55B0C52F8}.Release|Any CPU.Build.0 = Release|Any CPU
		{AEFAF10D-D1BF-44C4-BD9F-5CFF2AFA432F}.Debug|Any CPU.ActiveCfg = Debug|Any CPU
		{AEFAF10D-D1BF-44C4-BD9F-5CFF2AFA432F}.Debug|Any CPU.Build.0 = Debug|Any CPU
		{AEFAF10D-D1BF-44C4-BD9F-5CFF2AFA432F}.Release|Any CPU.ActiveCfg = Release|Any CPU
		{AEFAF10D-D1BF-44C4-BD9F-5CFF2AFA432F}.Release|Any CPU.Build.0 = Release|Any CPU
		{188D86B8-E7B8-4C53-A099-041F1E423A16}.Debug|Any CPU.ActiveCfg = Debug|Any CPU
		{188D86B8-E7B8-4C53-A099-041F1E423A16}.Debug|Any CPU.Build.0 = Debug|Any CPU
		{188D86B8-E7B8-4C53-A099-041F1E423A16}.Release|Any CPU.ActiveCfg = Release|Any CPU
		{188D86B8-E7B8-4C53-A099-041F1E423A16}.Release|Any CPU.Build.0 = Release|Any CPU
	EndGlobalSection
	GlobalSection(SolutionProperties) = preSolution
		HideSolutionNode = FALSE
	EndGlobalSection
	GlobalSection(SpecExplorer.ActivityCompletionStatus) = preSolution
		SpecExplorer.ActivityCompletionStatus = 
	EndGlobalSection
EndGlobal
