
Microsoft Visual Studio Solution File, Format Version 12.00
# Visual Studio 15
VisualStudioVersion = 15.0.27130.2036
MinimumVisualStudioVersion = 10.0.40219.1
Project("{FAE04EC0-301F-11D3-BF4B-00C04F79EFBC}") = "PropertyValueDetector", "..\..\PropertyValueDetector\PropertyValueDetector.csproj", "{7982ACF0-F1A4-4996-A339-641CAFA093CE}"
EndProject
Project("{FAE04EC0-301F-11D3-BF4B-00C04F79EFBC}") = "AZODPlugin", "AZODPlugin\AZODPlugin.csproj", "{C33A7312-3427-47AC-860B-AEBD2D5A53D3}"
EndProject
Global
	GlobalSection(SolutionConfigurationPlatforms) = preSolution
		Debug|Any CPU = Debug|Any CPU
		Debug|x64 = Debug|x64
		Release|Any CPU = Release|Any CPU
		Release|x64 = Release|x64
	EndGlobalSection
	GlobalSection(ProjectConfigurationPlatforms) = postSolution
		{7982ACF0-F1A4-4996-A339-641CAFA093CE}.Debug|Any CPU.ActiveCfg = Debug|Any CPU
		{7982ACF0-F1A4-4996-A339-641CAFA093CE}.Debug|Any CPU.Build.0 = Debug|Any CPU
		{7982ACF0-F1A4-4996-A339-641CAFA093CE}.Debug|x64.ActiveCfg = Debug|Any CPU
		{7982ACF0-F1A4-4996-A339-641CAFA093CE}.Debug|x64.Build.0 = Debug|Any CPU
		{7982ACF0-F1A4-4996-A339-641CAFA093CE}.Release|Any CPU.ActiveCfg = Release|Any CPU
		{7982ACF0-F1A4-4996-A339-641CAFA093CE}.Release|Any CPU.Build.0 = Release|Any CPU
		{7982ACF0-F1A4-4996-A339-641CAFA093CE}.Release|x64.ActiveCfg = Release|Any CPU
		{7982ACF0-F1A4-4996-A339-641CAFA093CE}.Release|x64.Build.0 = Release|Any CPU
		{C33A7312-3427-47AC-860B-AEBD2D5A53D3}.Debug|Any CPU.ActiveCfg = Debug|Any CPU
		{C33A7312-3427-47AC-860B-AEBD2D5A53D3}.Debug|Any CPU.Build.0 = Debug|Any CPU
		{C33A7312-3427-47AC-860B-AEBD2D5A53D3}.Debug|x64.ActiveCfg = Debug|Any CPU
		{C33A7312-3427-47AC-860B-AEBD2D5A53D3}.Debug|x64.Build.0 = Debug|Any CPU
		{C33A7312-3427-47AC-860B-AEBD2D5A53D3}.Release|Any CPU.ActiveCfg = Release|Any CPU
		{C33A7312-3427-47AC-860B-AEBD2D5A53D3}.Release|Any CPU.Build.0 = Release|Any CPU
		{C33A7312-3427-47AC-860B-AEBD2D5A53D3}.Release|x64.ActiveCfg = Release|Any CPU
		{C33A7312-3427-47AC-860B-AEBD2D5A53D3}.Release|x64.Build.0 = Release|Any CPU
	EndGlobalSection
	GlobalSection(SolutionProperties) = preSolution
		HideSolutionNode = FALSE
	EndGlobalSection
	GlobalSection(ExtensibilityGlobals) = postSolution
		SolutionGuid = {C153BD36-7205-4A95-81CD-A74017569AF7}
	EndGlobalSection
EndGlobal
