
Microsoft Visual Studio Solution File, Format Version 12.00
# Visual Studio 15
VisualStudioVersion = 15.0.27130.2036
MinimumVisualStudioVersion = 10.0.40219.1
Project("{2150E333-8FDC-42A3-9474-1A3956D46DE8}") = "ProtoSDK", "ProtoSDK", "{F715FA18-DE62-40D9-98C8-98EEE0DA5160}"
EndProject
Project("{FAE04EC0-301F-11D3-BF4B-00C04F79EFBC}") = "AD_ServerTestSuite", "TestSuite\AD_ServerTestSuite.csproj", "{0B2C9C3B-AED3-4F24-AF28-8637E59BB305}"
EndProject
Project("{FAE04EC0-301F-11D3-BF4B-00C04F79EFBC}") = "AD_ServerAdapter", "Adapter\AD_ServerAdapter.csproj", "{669014EF-A5C7-4178-9F1E-3CFB2EC8ED4A}"
EndProject
Project("{2150E333-8FDC-42A3-9474-1A3956D46DE8}") = "Solution Items", "Solution Items", "{1A18060C-C77D-4916-B0D6-4EADD0561D5C}"
	ProjectSection(SolutionItems) = preProject
		ServerLocalTestRun.testrunconfig = ServerLocalTestRun.testrunconfig
	EndProjectSection
EndProject
Project("{2150E333-8FDC-42A3-9474-1A3956D46DE8}") = "MS-FRS2", "MS-FRS2", "{EB68A61F-59B4-4507-9000-5CDA904B423B}"
EndProject
Project("{2150E333-8FDC-42A3-9474-1A3956D46DE8}") = "RpcStubs", "RpcStubs", "{3F20B84B-CE04-4481-9E8B-50F74B3D84CB}"
EndProject
Project("{8BC9CEB8-8B4A-11D0-8D11-00A0C91BC942}") = "IMS_DRSR_RpcAdapter_RpcStubs", "RpcStubs\MS-DRSR\IMS_DRSR_RpcAdapter_RpcStubs.vcxproj", "{7A8F1368-AF7E-4619-A61E-9F0D9CBA208D}"
EndProject
Project("{FAE04EC0-301F-11D3-BF4B-00C04F79EFBC}") = "BKUPParser", "MS-FRS2\BKUPParser\BKUPParser.csproj", "{2E94486A-54A4-46A4-B761-0FE7BAD40E52}"
EndProject
Project("{FAE04EC0-301F-11D3-BF4B-00C04F79EFBC}") = "Decompressor", "MS-FRS2\Decompressor\Decompressor.csproj", "{A539C835-3E86-4C95-9CEC-88751E5FB489}"
EndProject
Project("{FAE04EC0-301F-11D3-BF4B-00C04F79EFBC}") = "FileStreamDataParser", "MS-FRS2\FileStreamDataParser\FileStreamDataParser.csproj", "{84CAD0B6-C7C1-42FB-9872-AB309CF178EE}"
EndProject
Project("{FAE04EC0-301F-11D3-BF4B-00C04F79EFBC}") = "MS-FRS2_ServerAdapter", "MS-FRS2\Adapter\MS-FRS2_ServerAdapter.csproj", "{C2780313-2DBA-473F-A24D-40012AAEA991}"
EndProject
Project("{FAE04EC0-301F-11D3-BF4B-00C04F79EFBC}") = "Apds", "..\..\..\ProtoSDK\MS-APDS\Apds.csproj", "{977C9B4B-E593-43C2-B932-7EAA2D7506FD}"
EndProject
Project("{FAE04EC0-301F-11D3-BF4B-00C04F79EFBC}") = "Cifs", "..\..\..\ProtoSDK\MS-CIFS\Cifs.csproj", "{0129B48E-2977-4E87-ADB0-A024A69C1CCC}"
EndProject
Project("{FAE04EC0-301F-11D3-BF4B-00C04F79EFBC}") = "Claim", "..\..\..\ProtoSDK\Claim\Claim.csproj", "{0742B083-6193-4C12-9405-E0F7BA88C635}"
EndProject
Project("{FAE04EC0-301F-11D3-BF4B-00C04F79EFBC}") = "Common", "..\..\..\ProtoSDK\Common\Common.csproj", "{FE653643-6342-4300-871E-683C7BA31494}"
EndProject
Project("{FAE04EC0-301F-11D3-BF4B-00C04F79EFBC}") = "CryptoLib", "..\..\..\ProtoSDK\CryptoLib\CryptoLib.csproj", "{BF6AFAF0-7592-467F-AD5C-18429D854057}"
EndProject
Project("{FAE04EC0-301F-11D3-BF4B-00C04F79EFBC}") = "Drsr", "..\..\..\ProtoSDK\MS-DRSR\Drsr.csproj", "{7A782C66-1C4A-4F9E-92BD-D326B5A63601}"
EndProject
Project("{FAE04EC0-301F-11D3-BF4B-00C04F79EFBC}") = "FileAccessService", "..\..\..\ProtoSDK\FileAccessService\FileAccessService.csproj", "{AB191B32-B12D-42CB-976D-CEA2C5BAD8BE}"
EndProject
Project("{FAE04EC0-301F-11D3-BF4B-00C04F79EFBC}") = "Kile", "..\..\..\ProtoSDK\MS-KILE\Kile.csproj", "{FE2070DE-70D1-4E65-9EE6-9D28B5903AC6}"
EndProject
Project("{FAE04EC0-301F-11D3-BF4B-00C04F79EFBC}") = "Lsa", "..\..\..\ProtoSDK\MS-LSA\Lsa.csproj", "{FB5BB674-961B-45EF-A67C-9850FFCD30D3}"
EndProject
Project("{FAE04EC0-301F-11D3-BF4B-00C04F79EFBC}") = "Messages", "..\..\..\ProtoSDK\Messages\Messages.csproj", "{75544419-3F4E-4308-A676-165F45C1462E}"
EndProject
Project("{FAE04EC0-301F-11D3-BF4B-00C04F79EFBC}") = "MS-ADTS-LDAP", "..\..\..\ProtoSDK\MS-ADTS-LDAP\MS-ADTS-LDAP.csproj", "{2FA90F03-31CD-4495-86BF-8DA9CC14E210}"
EndProject
Project("{FAE04EC0-301F-11D3-BF4B-00C04F79EFBC}") = "Nlmp", "..\..\..\ProtoSDK\MS-NLMP\Nlmp.csproj", "{5E53E71E-52D1-4BF0-99C0-608437EC446C}"
EndProject
Project("{FAE04EC0-301F-11D3-BF4B-00C04F79EFBC}") = "Nrpc", "..\..\..\ProtoSDK\MS-NRPC\Nrpc.csproj", "{9CA3D15B-EDF1-4298-9D54-D7B55B0C52F8}"
EndProject
Project("{FAE04EC0-301F-11D3-BF4B-00C04F79EFBC}") = "Pac", "..\..\..\ProtoSDK\MS-PAC\Pac.csproj", "{AEFAF10D-D1BF-44C4-BD9F-5CFF2AFA432F}"
EndProject
Project("{FAE04EC0-301F-11D3-BF4B-00C04F79EFBC}") = "Rpce", "..\..\..\ProtoSDK\MS-RPCE\Rpce.csproj", "{A5814E1E-D79C-49A9-A8EA-BA8ED6E0EB39}"
EndProject
Project("{FAE04EC0-301F-11D3-BF4B-00C04F79EFBC}") = "Samr", "..\..\..\ProtoSDK\MS-SAMR\Samr.csproj", "{188D86B8-E7B8-4C53-A099-041F1E423A16}"
EndProject
Project("{FAE04EC0-301F-11D3-BF4B-00C04F79EFBC}") = "Smb", "..\..\..\ProtoSDK\MS-SMB\Smb.csproj", "{C3C96860-5D29-4797-A311-CC568CC8B699}"
EndProject
Project("{FAE04EC0-301F-11D3-BF4B-00C04F79EFBC}") = "Smb2", "..\..\..\ProtoSDK\MS-SMB2\Smb2.csproj", "{C7F08825-D3C9-4DDD-9BA3-06733B1ABE36}"
EndProject
Project("{FAE04EC0-301F-11D3-BF4B-00C04F79EFBC}") = "Sspi", "..\..\..\ProtoSDK\Sspi\Sspi.csproj", "{D0CB354B-2CD3-49C1-8ECA-2F6EBADBCCEE}"
EndProject
Project("{FAE04EC0-301F-11D3-BF4B-00C04F79EFBC}") = "TransportStack", "..\..\..\ProtoSDK\TransportStack\TransportStack.csproj", "{967D976A-C792-4893-9235-14615AE1FF58}"
EndProject
Project("{FAE04EC0-301F-11D3-BF4B-00C04F79EFBC}") = "Asn1Base", "..\..\..\ProtoSDK\Asn1Base\Asn1Base.csproj", "{DEDA188C-C97E-4968-BC31-594925631E9F}"
EndProject
Project("{FAE04EC0-301F-11D3-BF4B-00C04F79EFBC}") = "KerberosLib", "..\..\..\ProtoSDK\KerberosLib\KerberosLib.csproj", "{F1EDA208-50B6-4501-A9D8-D18D3434D587}"
EndProject
Project("{FAE04EC0-301F-11D3-BF4B-00C04F79EFBC}") = "ADTSPublishDCScenario_ResponseTrigger", "ResponseTrigger\ADTSPublishDCScenario_ResponseTrigger.csproj", "{34FAA072-EA6A-4234-8BDF-BFE26B994E62}"
EndProject
Project("{8BC9CEB8-8B4A-11D0-8D11-00A0C91BC942}") = "IMS_FRS2_RpcAdapter_RpcStubs", "MS-FRS2\FRS2Stubs\MS-FRS2_ServerFRS2Stubs.vcxproj", "{E0AB3259-0FEC-4BE4-AD04-31AD1F570DAA}"
EndProject
Project("{930C7802-8A8C-48F9-8165-68863BCCD9DD}") = "deploy", "Deploy\deploy.wixproj", "{1EE9E1E6-C406-448F-B3A4-844706123937}"
EndProject
Project("{FAE04EC0-301F-11D3-BF4B-00C04F79EFBC}") = "MessageAnalyzerLibrary", "..\..\..\MessageAnalyzerLibrary\MessageAnalyzerLibrary.csproj", "{E3B08663-C752-41CC-B2B7-43C69B8C1292}"
EndProject
Project("{FAE04EC0-301F-11D3-BF4B-00C04F79EFBC}") = "Xca", "..\..\..\ProtoSDK\MS-XCA\Xca.csproj", "{55F86FDF-E929-4AA6-901B-4E0BE8B9B633}"
EndProject
Global
	GlobalSection(SolutionConfigurationPlatforms) = preSolution
		Debug|Any CPU = Debug|Any CPU
		Debug|x64 = Debug|x64
		Release|Any CPU = Release|Any CPU
		Release|x64 = Release|x64
	EndGlobalSection
	GlobalSection(ProjectConfigurationPlatforms) = postSolution
		{0B2C9C3B-AED3-4F24-AF28-8637E59BB305}.Debug|Any CPU.ActiveCfg = Debug|Any CPU
		{0B2C9C3B-AED3-4F24-AF28-8637E59BB305}.Debug|Any CPU.Build.0 = Debug|Any CPU
		{0B2C9C3B-AED3-4F24-AF28-8637E59BB305}.Debug|x64.ActiveCfg = Debug|Any CPU
		{0B2C9C3B-AED3-4F24-AF28-8637E59BB305}.Debug|x64.Build.0 = Debug|Any CPU
		{0B2C9C3B-AED3-4F24-AF28-8637E59BB305}.Release|Any CPU.ActiveCfg = Release|Any CPU
		{0B2C9C3B-AED3-4F24-AF28-8637E59BB305}.Release|Any CPU.Build.0 = Release|Any CPU
		{0B2C9C3B-AED3-4F24-AF28-8637E59BB305}.Release|x64.ActiveCfg = Release|Any CPU
		{0B2C9C3B-AED3-4F24-AF28-8637E59BB305}.Release|x64.Build.0 = Release|Any CPU
		{669014EF-A5C7-4178-9F1E-3CFB2EC8ED4A}.Debug|Any CPU.ActiveCfg = Debug|Any CPU
		{669014EF-A5C7-4178-9F1E-3CFB2EC8ED4A}.Debug|Any CPU.Build.0 = Debug|Any CPU
		{669014EF-A5C7-4178-9F1E-3CFB2EC8ED4A}.Debug|x64.ActiveCfg = Debug|Any CPU
		{669014EF-A5C7-4178-9F1E-3CFB2EC8ED4A}.Debug|x64.Build.0 = Debug|Any CPU
		{669014EF-A5C7-4178-9F1E-3CFB2EC8ED4A}.Release|Any CPU.ActiveCfg = Release|Any CPU
		{669014EF-A5C7-4178-9F1E-3CFB2EC8ED4A}.Release|Any CPU.Build.0 = Release|Any CPU
		{669014EF-A5C7-4178-9F1E-3CFB2EC8ED4A}.Release|x64.ActiveCfg = Release|Any CPU
		{669014EF-A5C7-4178-9F1E-3CFB2EC8ED4A}.Release|x64.Build.0 = Release|Any CPU
		{7A8F1368-AF7E-4619-A61E-9F0D9CBA208D}.Debug|Any CPU.ActiveCfg = Debug|x64
		{7A8F1368-AF7E-4619-A61E-9F0D9CBA208D}.Debug|Any CPU.Build.0 = Debug|x64
		{7A8F1368-AF7E-4619-A61E-9F0D9CBA208D}.Debug|x64.ActiveCfg = Debug|x64
		{7A8F1368-AF7E-4619-A61E-9F0D9CBA208D}.Debug|x64.Build.0 = Debug|x64
		{7A8F1368-AF7E-4619-A61E-9F0D9CBA208D}.Release|Any CPU.ActiveCfg = Release|x64
		{7A8F1368-AF7E-4619-A61E-9F0D9CBA208D}.Release|Any CPU.Build.0 = Release|x64
		{7A8F1368-AF7E-4619-A61E-9F0D9CBA208D}.Release|x64.ActiveCfg = Release|x64
		{7A8F1368-AF7E-4619-A61E-9F0D9CBA208D}.Release|x64.Build.0 = Release|x64
		{2E94486A-54A4-46A4-B761-0FE7BAD40E52}.Debug|Any CPU.ActiveCfg = Debug|Any CPU
		{2E94486A-54A4-46A4-B761-0FE7BAD40E52}.Debug|Any CPU.Build.0 = Debug|Any CPU
		{2E94486A-54A4-46A4-B761-0FE7BAD40E52}.Debug|x64.ActiveCfg = Debug|Any CPU
		{2E94486A-54A4-46A4-B761-0FE7BAD40E52}.Debug|x64.Build.0 = Debug|Any CPU
		{2E94486A-54A4-46A4-B761-0FE7BAD40E52}.Release|Any CPU.ActiveCfg = Release|Any CPU
		{2E94486A-54A4-46A4-B761-0FE7BAD40E52}.Release|Any CPU.Build.0 = Release|Any CPU
		{2E94486A-54A4-46A4-B761-0FE7BAD40E52}.Release|x64.ActiveCfg = Release|Any CPU
		{2E94486A-54A4-46A4-B761-0FE7BAD40E52}.Release|x64.Build.0 = Release|Any CPU
		{A539C835-3E86-4C95-9CEC-88751E5FB489}.Debug|Any CPU.ActiveCfg = Debug|Any CPU
		{A539C835-3E86-4C95-9CEC-88751E5FB489}.Debug|Any CPU.Build.0 = Debug|Any CPU
		{A539C835-3E86-4C95-9CEC-88751E5FB489}.Debug|x64.ActiveCfg = Debug|Any CPU
		{A539C835-3E86-4C95-9CEC-88751E5FB489}.Debug|x64.Build.0 = Debug|Any CPU
		{A539C835-3E86-4C95-9CEC-88751E5FB489}.Release|Any CPU.ActiveCfg = Release|Any CPU
		{A539C835-3E86-4C95-9CEC-88751E5FB489}.Release|Any CPU.Build.0 = Release|Any CPU
		{A539C835-3E86-4C95-9CEC-88751E5FB489}.Release|x64.ActiveCfg = Release|Any CPU
		{A539C835-3E86-4C95-9CEC-88751E5FB489}.Release|x64.Build.0 = Release|Any CPU
		{84CAD0B6-C7C1-42FB-9872-AB309CF178EE}.Debug|Any CPU.ActiveCfg = Debug|Any CPU
		{84CAD0B6-C7C1-42FB-9872-AB309CF178EE}.Debug|Any CPU.Build.0 = Debug|Any CPU
		{84CAD0B6-C7C1-42FB-9872-AB309CF178EE}.Debug|x64.ActiveCfg = Debug|Any CPU
		{84CAD0B6-C7C1-42FB-9872-AB309CF178EE}.Debug|x64.Build.0 = Debug|Any CPU
		{84CAD0B6-C7C1-42FB-9872-AB309CF178EE}.Release|Any CPU.ActiveCfg = Release|Any CPU
		{84CAD0B6-C7C1-42FB-9872-AB309CF178EE}.Release|Any CPU.Build.0 = Release|Any CPU
		{84CAD0B6-C7C1-42FB-9872-AB309CF178EE}.Release|x64.ActiveCfg = Release|Any CPU
		{84CAD0B6-C7C1-42FB-9872-AB309CF178EE}.Release|x64.Build.0 = Release|Any CPU
		{C2780313-2DBA-473F-A24D-40012AAEA991}.Debug|Any CPU.ActiveCfg = Debug|Any CPU
		{C2780313-2DBA-473F-A24D-40012AAEA991}.Debug|Any CPU.Build.0 = Debug|Any CPU
		{C2780313-2DBA-473F-A24D-40012AAEA991}.Debug|x64.ActiveCfg = Debug|Any CPU
		{C2780313-2DBA-473F-A24D-40012AAEA991}.Debug|x64.Build.0 = Debug|Any CPU
		{C2780313-2DBA-473F-A24D-40012AAEA991}.Release|Any CPU.ActiveCfg = Release|Any CPU
		{C2780313-2DBA-473F-A24D-40012AAEA991}.Release|Any CPU.Build.0 = Release|Any CPU
		{C2780313-2DBA-473F-A24D-40012AAEA991}.Release|x64.ActiveCfg = Release|Any CPU
		{C2780313-2DBA-473F-A24D-40012AAEA991}.Release|x64.Build.0 = Release|Any CPU
		{977C9B4B-E593-43C2-B932-7EAA2D7506FD}.Debug|Any CPU.ActiveCfg = Debug|Any CPU
		{977C9B4B-E593-43C2-B932-7EAA2D7506FD}.Debug|Any CPU.Build.0 = Debug|Any CPU
		{977C9B4B-E593-43C2-B932-7EAA2D7506FD}.Debug|x64.ActiveCfg = Debug|Any CPU
		{977C9B4B-E593-43C2-B932-7EAA2D7506FD}.Debug|x64.Build.0 = Debug|Any CPU
		{977C9B4B-E593-43C2-B932-7EAA2D7506FD}.Release|Any CPU.ActiveCfg = Release|Any CPU
		{977C9B4B-E593-43C2-B932-7EAA2D7506FD}.Release|Any CPU.Build.0 = Release|Any CPU
		{977C9B4B-E593-43C2-B932-7EAA2D7506FD}.Release|x64.ActiveCfg = Release|Any CPU
		{977C9B4B-E593-43C2-B932-7EAA2D7506FD}.Release|x64.Build.0 = Release|Any CPU
		{0129B48E-2977-4E87-ADB0-A024A69C1CCC}.Debug|Any CPU.ActiveCfg = Debug|Any CPU
		{0129B48E-2977-4E87-ADB0-A024A69C1CCC}.Debug|Any CPU.Build.0 = Debug|Any CPU
		{0129B48E-2977-4E87-ADB0-A024A69C1CCC}.Debug|x64.ActiveCfg = Debug|x64
		{0129B48E-2977-4E87-ADB0-A024A69C1CCC}.Debug|x64.Build.0 = Debug|x64
		{0129B48E-2977-4E87-ADB0-A024A69C1CCC}.Release|Any CPU.ActiveCfg = Release|Any CPU
		{0129B48E-2977-4E87-ADB0-A024A69C1CCC}.Release|Any CPU.Build.0 = Release|Any CPU
		{0129B48E-2977-4E87-ADB0-A024A69C1CCC}.Release|x64.ActiveCfg = Release|x64
		{0129B48E-2977-4E87-ADB0-A024A69C1CCC}.Release|x64.Build.0 = Release|x64
		{0742B083-6193-4C12-9405-E0F7BA88C635}.Debug|Any CPU.ActiveCfg = Debug|Any CPU
		{0742B083-6193-4C12-9405-E0F7BA88C635}.Debug|Any CPU.Build.0 = Debug|Any CPU
		{0742B083-6193-4C12-9405-E0F7BA88C635}.Debug|x64.ActiveCfg = Debug|Any CPU
		{0742B083-6193-4C12-9405-E0F7BA88C635}.Debug|x64.Build.0 = Debug|Any CPU
		{0742B083-6193-4C12-9405-E0F7BA88C635}.Release|Any CPU.ActiveCfg = Release|Any CPU
		{0742B083-6193-4C12-9405-E0F7BA88C635}.Release|Any CPU.Build.0 = Release|Any CPU
		{0742B083-6193-4C12-9405-E0F7BA88C635}.Release|x64.ActiveCfg = Release|Any CPU
		{0742B083-6193-4C12-9405-E0F7BA88C635}.Release|x64.Build.0 = Release|Any CPU
		{FE653643-6342-4300-871E-683C7BA31494}.Debug|Any CPU.ActiveCfg = Debug|Any CPU
		{FE653643-6342-4300-871E-683C7BA31494}.Debug|Any CPU.Build.0 = Debug|Any CPU
		{FE653643-6342-4300-871E-683C7BA31494}.Debug|x64.ActiveCfg = Debug|x64
		{FE653643-6342-4300-871E-683C7BA31494}.Debug|x64.Build.0 = Debug|x64
		{FE653643-6342-4300-871E-683C7BA31494}.Release|Any CPU.ActiveCfg = Release|Any CPU
		{FE653643-6342-4300-871E-683C7BA31494}.Release|Any CPU.Build.0 = Release|Any CPU
		{FE653643-6342-4300-871E-683C7BA31494}.Release|x64.ActiveCfg = Release|x64
		{FE653643-6342-4300-871E-683C7BA31494}.Release|x64.Build.0 = Release|x64
		{BF6AFAF0-7592-467F-AD5C-18429D854057}.Debug|Any CPU.ActiveCfg = Debug|Any CPU
		{BF6AFAF0-7592-467F-AD5C-18429D854057}.Debug|Any CPU.Build.0 = Debug|Any CPU
		{BF6AFAF0-7592-467F-AD5C-18429D854057}.Debug|x64.ActiveCfg = Debug|x64
		{BF6AFAF0-7592-467F-AD5C-18429D854057}.Debug|x64.Build.0 = Debug|x64
		{BF6AFAF0-7592-467F-AD5C-18429D854057}.Release|Any CPU.ActiveCfg = Release|Any CPU
		{BF6AFAF0-7592-467F-AD5C-18429D854057}.Release|Any CPU.Build.0 = Release|Any CPU
		{BF6AFAF0-7592-467F-AD5C-18429D854057}.Release|x64.ActiveCfg = Release|x64
		{BF6AFAF0-7592-467F-AD5C-18429D854057}.Release|x64.Build.0 = Release|x64
		{7A782C66-1C4A-4F9E-92BD-D326B5A63601}.Debug|Any CPU.ActiveCfg = Debug|Any CPU
		{7A782C66-1C4A-4F9E-92BD-D326B5A63601}.Debug|Any CPU.Build.0 = Debug|Any CPU
		{7A782C66-1C4A-4F9E-92BD-D326B5A63601}.Debug|x64.ActiveCfg = Debug|Any CPU
		{7A782C66-1C4A-4F9E-92BD-D326B5A63601}.Debug|x64.Build.0 = Debug|Any CPU
		{7A782C66-1C4A-4F9E-92BD-D326B5A63601}.Release|Any CPU.ActiveCfg = Release|Any CPU
		{7A782C66-1C4A-4F9E-92BD-D326B5A63601}.Release|Any CPU.Build.0 = Release|Any CPU
		{7A782C66-1C4A-4F9E-92BD-D326B5A63601}.Release|x64.ActiveCfg = Release|Any CPU
		{7A782C66-1C4A-4F9E-92BD-D326B5A63601}.Release|x64.Build.0 = Release|Any CPU
		{AB191B32-B12D-42CB-976D-CEA2C5BAD8BE}.Debug|Any CPU.ActiveCfg = Debug|Any CPU
		{AB191B32-B12D-42CB-976D-CEA2C5BAD8BE}.Debug|Any CPU.Build.0 = Debug|Any CPU
		{AB191B32-B12D-42CB-976D-CEA2C5BAD8BE}.Debug|x64.ActiveCfg = Debug|x64
		{AB191B32-B12D-42CB-976D-CEA2C5BAD8BE}.Debug|x64.Build.0 = Debug|x64
		{AB191B32-B12D-42CB-976D-CEA2C5BAD8BE}.Release|Any CPU.ActiveCfg = Release|Any CPU
		{AB191B32-B12D-42CB-976D-CEA2C5BAD8BE}.Release|Any CPU.Build.0 = Release|Any CPU
		{AB191B32-B12D-42CB-976D-CEA2C5BAD8BE}.Release|x64.ActiveCfg = Release|x64
		{AB191B32-B12D-42CB-976D-CEA2C5BAD8BE}.Release|x64.Build.0 = Release|x64
		{FE2070DE-70D1-4E65-9EE6-9D28B5903AC6}.Debug|Any CPU.ActiveCfg = Debug|Any CPU
		{FE2070DE-70D1-4E65-9EE6-9D28B5903AC6}.Debug|Any CPU.Build.0 = Debug|Any CPU
		{FE2070DE-70D1-4E65-9EE6-9D28B5903AC6}.Debug|x64.ActiveCfg = Debug|Any CPU
		{FE2070DE-70D1-4E65-9EE6-9D28B5903AC6}.Debug|x64.Build.0 = Debug|Any CPU
		{FE2070DE-70D1-4E65-9EE6-9D28B5903AC6}.Release|Any CPU.ActiveCfg = Release|Any CPU
		{FE2070DE-70D1-4E65-9EE6-9D28B5903AC6}.Release|Any CPU.Build.0 = Release|Any CPU
		{FE2070DE-70D1-4E65-9EE6-9D28B5903AC6}.Release|x64.ActiveCfg = Release|Any CPU
		{FE2070DE-70D1-4E65-9EE6-9D28B5903AC6}.Release|x64.Build.0 = Release|Any CPU
		{FB5BB674-961B-45EF-A67C-9850FFCD30D3}.Debug|Any CPU.ActiveCfg = Debug|Any CPU
		{FB5BB674-961B-45EF-A67C-9850FFCD30D3}.Debug|Any CPU.Build.0 = Debug|Any CPU
		{FB5BB674-961B-45EF-A67C-9850FFCD30D3}.Debug|x64.ActiveCfg = Debug|Any CPU
		{FB5BB674-961B-45EF-A67C-9850FFCD30D3}.Debug|x64.Build.0 = Debug|Any CPU
		{FB5BB674-961B-45EF-A67C-9850FFCD30D3}.Release|Any CPU.ActiveCfg = Release|Any CPU
		{FB5BB674-961B-45EF-A67C-9850FFCD30D3}.Release|Any CPU.Build.0 = Release|Any CPU
		{FB5BB674-961B-45EF-A67C-9850FFCD30D3}.Release|x64.ActiveCfg = Release|Any CPU
		{FB5BB674-961B-45EF-A67C-9850FFCD30D3}.Release|x64.Build.0 = Release|Any CPU
		{75544419-3F4E-4308-A676-165F45C1462E}.Debug|Any CPU.ActiveCfg = Debug|Any CPU
		{75544419-3F4E-4308-A676-165F45C1462E}.Debug|Any CPU.Build.0 = Debug|Any CPU
		{75544419-3F4E-4308-A676-165F45C1462E}.Debug|x64.ActiveCfg = Debug|x64
		{75544419-3F4E-4308-A676-165F45C1462E}.Debug|x64.Build.0 = Debug|x64
		{75544419-3F4E-4308-A676-165F45C1462E}.Release|Any CPU.ActiveCfg = Release|Any CPU
		{75544419-3F4E-4308-A676-165F45C1462E}.Release|Any CPU.Build.0 = Release|Any CPU
		{75544419-3F4E-4308-A676-165F45C1462E}.Release|x64.ActiveCfg = Release|x64
		{75544419-3F4E-4308-A676-165F45C1462E}.Release|x64.Build.0 = Release|x64
		{2FA90F03-31CD-4495-86BF-8DA9CC14E210}.Debug|Any CPU.ActiveCfg = Debug|Any CPU
		{2FA90F03-31CD-4495-86BF-8DA9CC14E210}.Debug|Any CPU.Build.0 = Debug|Any CPU
		{2FA90F03-31CD-4495-86BF-8DA9CC14E210}.Debug|x64.ActiveCfg = Debug|Any CPU
		{2FA90F03-31CD-4495-86BF-8DA9CC14E210}.Debug|x64.Build.0 = Debug|Any CPU
		{2FA90F03-31CD-4495-86BF-8DA9CC14E210}.Release|Any CPU.ActiveCfg = Release|Any CPU
		{2FA90F03-31CD-4495-86BF-8DA9CC14E210}.Release|Any CPU.Build.0 = Release|Any CPU
		{2FA90F03-31CD-4495-86BF-8DA9CC14E210}.Release|x64.ActiveCfg = Release|Any CPU
		{2FA90F03-31CD-4495-86BF-8DA9CC14E210}.Release|x64.Build.0 = Release|Any CPU
		{5E53E71E-52D1-4BF0-99C0-608437EC446C}.Debug|Any CPU.ActiveCfg = Debug|Any CPU
		{5E53E71E-52D1-4BF0-99C0-608437EC446C}.Debug|Any CPU.Build.0 = Debug|Any CPU
		{5E53E71E-52D1-4BF0-99C0-608437EC446C}.Debug|x64.ActiveCfg = Debug|x64
		{5E53E71E-52D1-4BF0-99C0-608437EC446C}.Debug|x64.Build.0 = Debug|x64
		{5E53E71E-52D1-4BF0-99C0-608437EC446C}.Release|Any CPU.ActiveCfg = Release|Any CPU
		{5E53E71E-52D1-4BF0-99C0-608437EC446C}.Release|Any CPU.Build.0 = Release|Any CPU
		{5E53E71E-52D1-4BF0-99C0-608437EC446C}.Release|x64.ActiveCfg = Release|x64
		{5E53E71E-52D1-4BF0-99C0-608437EC446C}.Release|x64.Build.0 = Release|x64
		{9CA3D15B-EDF1-4298-9D54-D7B55B0C52F8}.Debug|Any CPU.ActiveCfg = Debug|Any CPU
		{9CA3D15B-EDF1-4298-9D54-D7B55B0C52F8}.Debug|Any CPU.Build.0 = Debug|Any CPU
		{9CA3D15B-EDF1-4298-9D54-D7B55B0C52F8}.Debug|x64.ActiveCfg = Debug|Any CPU
		{9CA3D15B-EDF1-4298-9D54-D7B55B0C52F8}.Debug|x64.Build.0 = Debug|Any CPU
		{9CA3D15B-EDF1-4298-9D54-D7B55B0C52F8}.Release|Any CPU.ActiveCfg = Release|Any CPU
		{9CA3D15B-EDF1-4298-9D54-D7B55B0C52F8}.Release|Any CPU.Build.0 = Release|Any CPU
		{9CA3D15B-EDF1-4298-9D54-D7B55B0C52F8}.Release|x64.ActiveCfg = Release|Any CPU
		{9CA3D15B-EDF1-4298-9D54-D7B55B0C52F8}.Release|x64.Build.0 = Release|Any CPU
		{AEFAF10D-D1BF-44C4-BD9F-5CFF2AFA432F}.Debug|Any CPU.ActiveCfg = Debug|Any CPU
		{AEFAF10D-D1BF-44C4-BD9F-5CFF2AFA432F}.Debug|Any CPU.Build.0 = Debug|Any CPU
		{AEFAF10D-D1BF-44C4-BD9F-5CFF2AFA432F}.Debug|x64.ActiveCfg = Debug|Any CPU
		{AEFAF10D-D1BF-44C4-BD9F-5CFF2AFA432F}.Debug|x64.Build.0 = Debug|Any CPU
		{AEFAF10D-D1BF-44C4-BD9F-5CFF2AFA432F}.Release|Any CPU.ActiveCfg = Release|Any CPU
		{AEFAF10D-D1BF-44C4-BD9F-5CFF2AFA432F}.Release|Any CPU.Build.0 = Release|Any CPU
		{AEFAF10D-D1BF-44C4-BD9F-5CFF2AFA432F}.Release|x64.ActiveCfg = Release|Any CPU
		{AEFAF10D-D1BF-44C4-BD9F-5CFF2AFA432F}.Release|x64.Build.0 = Release|Any CPU
		{A5814E1E-D79C-49A9-A8EA-BA8ED6E0EB39}.Debug|Any CPU.ActiveCfg = Debug|Any CPU
		{A5814E1E-D79C-49A9-A8EA-BA8ED6E0EB39}.Debug|Any CPU.Build.0 = Debug|Any CPU
		{A5814E1E-D79C-49A9-A8EA-BA8ED6E0EB39}.Debug|x64.ActiveCfg = Debug|x64
		{A5814E1E-D79C-49A9-A8EA-BA8ED6E0EB39}.Debug|x64.Build.0 = Debug|x64
		{A5814E1E-D79C-49A9-A8EA-BA8ED6E0EB39}.Release|Any CPU.ActiveCfg = Release|Any CPU
		{A5814E1E-D79C-49A9-A8EA-BA8ED6E0EB39}.Release|Any CPU.Build.0 = Release|Any CPU
		{A5814E1E-D79C-49A9-A8EA-BA8ED6E0EB39}.Release|x64.ActiveCfg = Release|x64
		{A5814E1E-D79C-49A9-A8EA-BA8ED6E0EB39}.Release|x64.Build.0 = Release|x64
		{188D86B8-E7B8-4C53-A099-041F1E423A16}.Debug|Any CPU.ActiveCfg = Debug|Any CPU
		{188D86B8-E7B8-4C53-A099-041F1E423A16}.Debug|Any CPU.Build.0 = Debug|Any CPU
		{188D86B8-E7B8-4C53-A099-041F1E423A16}.Debug|x64.ActiveCfg = Debug|Any CPU
		{188D86B8-E7B8-4C53-A099-041F1E423A16}.Debug|x64.Build.0 = Debug|Any CPU
		{188D86B8-E7B8-4C53-A099-041F1E423A16}.Release|Any CPU.ActiveCfg = Release|Any CPU
		{188D86B8-E7B8-4C53-A099-041F1E423A16}.Release|Any CPU.Build.0 = Release|Any CPU
		{188D86B8-E7B8-4C53-A099-041F1E423A16}.Release|x64.ActiveCfg = Release|Any CPU
		{188D86B8-E7B8-4C53-A099-041F1E423A16}.Release|x64.Build.0 = Release|Any CPU
		{C3C96860-5D29-4797-A311-CC568CC8B699}.Debug|Any CPU.ActiveCfg = Debug|Any CPU
		{C3C96860-5D29-4797-A311-CC568CC8B699}.Debug|Any CPU.Build.0 = Debug|Any CPU
		{C3C96860-5D29-4797-A311-CC568CC8B699}.Debug|x64.ActiveCfg = Debug|x64
		{C3C96860-5D29-4797-A311-CC568CC8B699}.Debug|x64.Build.0 = Debug|x64
		{C3C96860-5D29-4797-A311-CC568CC8B699}.Release|Any CPU.ActiveCfg = Release|Any CPU
		{C3C96860-5D29-4797-A311-CC568CC8B699}.Release|Any CPU.Build.0 = Release|Any CPU
		{C3C96860-5D29-4797-A311-CC568CC8B699}.Release|x64.ActiveCfg = Release|x64
		{C3C96860-5D29-4797-A311-CC568CC8B699}.Release|x64.Build.0 = Release|x64
		{C7F08825-D3C9-4DDD-9BA3-06733B1ABE36}.Debug|Any CPU.ActiveCfg = Debug|Any CPU
		{C7F08825-D3C9-4DDD-9BA3-06733B1ABE36}.Debug|Any CPU.Build.0 = Debug|Any CPU
		{C7F08825-D3C9-4DDD-9BA3-06733B1ABE36}.Debug|x64.ActiveCfg = Debug|x64
		{C7F08825-D3C9-4DDD-9BA3-06733B1ABE36}.Debug|x64.Build.0 = Debug|x64
		{C7F08825-D3C9-4DDD-9BA3-06733B1ABE36}.Release|Any CPU.ActiveCfg = Release|Any CPU
		{C7F08825-D3C9-4DDD-9BA3-06733B1ABE36}.Release|Any CPU.Build.0 = Release|Any CPU
		{C7F08825-D3C9-4DDD-9BA3-06733B1ABE36}.Release|x64.ActiveCfg = Release|x64
		{C7F08825-D3C9-4DDD-9BA3-06733B1ABE36}.Release|x64.Build.0 = Release|x64
		{D0CB354B-2CD3-49C1-8ECA-2F6EBADBCCEE}.Debug|Any CPU.ActiveCfg = Debug|Any CPU
		{D0CB354B-2CD3-49C1-8ECA-2F6EBADBCCEE}.Debug|Any CPU.Build.0 = Debug|Any CPU
		{D0CB354B-2CD3-49C1-8ECA-2F6EBADBCCEE}.Debug|x64.ActiveCfg = Debug|x64
		{D0CB354B-2CD3-49C1-8ECA-2F6EBADBCCEE}.Debug|x64.Build.0 = Debug|x64
		{D0CB354B-2CD3-49C1-8ECA-2F6EBADBCCEE}.Release|Any CPU.ActiveCfg = Release|Any CPU
		{D0CB354B-2CD3-49C1-8ECA-2F6EBADBCCEE}.Release|Any CPU.Build.0 = Release|Any CPU
		{D0CB354B-2CD3-49C1-8ECA-2F6EBADBCCEE}.Release|x64.ActiveCfg = Release|x64
		{D0CB354B-2CD3-49C1-8ECA-2F6EBADBCCEE}.Release|x64.Build.0 = Release|x64
		{967D976A-C792-4893-9235-14615AE1FF58}.Debug|Any CPU.ActiveCfg = Debug|Any CPU
		{967D976A-C792-4893-9235-14615AE1FF58}.Debug|Any CPU.Build.0 = Debug|Any CPU
		{967D976A-C792-4893-9235-14615AE1FF58}.Debug|x64.ActiveCfg = Debug|x64
		{967D976A-C792-4893-9235-14615AE1FF58}.Debug|x64.Build.0 = Debug|x64
		{967D976A-C792-4893-9235-14615AE1FF58}.Release|Any CPU.ActiveCfg = Release|Any CPU
		{967D976A-C792-4893-9235-14615AE1FF58}.Release|Any CPU.Build.0 = Release|Any CPU
		{967D976A-C792-4893-9235-14615AE1FF58}.Release|x64.ActiveCfg = Release|x64
		{967D976A-C792-4893-9235-14615AE1FF58}.Release|x64.Build.0 = Release|x64
		{DEDA188C-C97E-4968-BC31-594925631E9F}.Debug|Any CPU.ActiveCfg = Debug|Any CPU
		{DEDA188C-C97E-4968-BC31-594925631E9F}.Debug|Any CPU.Build.0 = Debug|Any CPU
		{DEDA188C-C97E-4968-BC31-594925631E9F}.Debug|x64.ActiveCfg = Debug|x64
		{DEDA188C-C97E-4968-BC31-594925631E9F}.Debug|x64.Build.0 = Debug|x64
		{DEDA188C-C97E-4968-BC31-594925631E9F}.Release|Any CPU.ActiveCfg = Release|Any CPU
		{DEDA188C-C97E-4968-BC31-594925631E9F}.Release|Any CPU.Build.0 = Release|Any CPU
		{DEDA188C-C97E-4968-BC31-594925631E9F}.Release|x64.ActiveCfg = Release|x64
		{DEDA188C-C97E-4968-BC31-594925631E9F}.Release|x64.Build.0 = Release|x64
		{F1EDA208-50B6-4501-A9D8-D18D3434D587}.Debug|Any CPU.ActiveCfg = Debug|Any CPU
		{F1EDA208-50B6-4501-A9D8-D18D3434D587}.Debug|Any CPU.Build.0 = Debug|Any CPU
		{F1EDA208-50B6-4501-A9D8-D18D3434D587}.Debug|x64.ActiveCfg = Debug|Any CPU
		{F1EDA208-50B6-4501-A9D8-D18D3434D587}.Debug|x64.Build.0 = Debug|Any CPU
		{F1EDA208-50B6-4501-A9D8-D18D3434D587}.Release|Any CPU.ActiveCfg = Release|Any CPU
		{F1EDA208-50B6-4501-A9D8-D18D3434D587}.Release|Any CPU.Build.0 = Release|Any CPU
		{F1EDA208-50B6-4501-A9D8-D18D3434D587}.Release|x64.ActiveCfg = Release|Any CPU
		{F1EDA208-50B6-4501-A9D8-D18D3434D587}.Release|x64.Build.0 = Release|Any CPU
		{34FAA072-EA6A-4234-8BDF-BFE26B994E62}.Debug|Any CPU.ActiveCfg = Debug|Any CPU
		{34FAA072-EA6A-4234-8BDF-BFE26B994E62}.Debug|Any CPU.Build.0 = Debug|Any CPU
		{34FAA072-EA6A-4234-8BDF-BFE26B994E62}.Debug|x64.ActiveCfg = Debug|Any CPU
		{34FAA072-EA6A-4234-8BDF-BFE26B994E62}.Debug|x64.Build.0 = Debug|Any CPU
		{34FAA072-EA6A-4234-8BDF-BFE26B994E62}.Release|Any CPU.ActiveCfg = Release|Any CPU
		{34FAA072-EA6A-4234-8BDF-BFE26B994E62}.Release|Any CPU.Build.0 = Release|Any CPU
		{34FAA072-EA6A-4234-8BDF-BFE26B994E62}.Release|x64.ActiveCfg = Release|Any CPU
		{34FAA072-EA6A-4234-8BDF-BFE26B994E62}.Release|x64.Build.0 = Release|Any CPU
		{E0AB3259-0FEC-4BE4-AD04-31AD1F570DAA}.Debug|Any CPU.ActiveCfg = Debug|x64
		{E0AB3259-0FEC-4BE4-AD04-31AD1F570DAA}.Debug|Any CPU.Build.0 = Debug|x64
		{E0AB3259-0FEC-4BE4-AD04-31AD1F570DAA}.Debug|x64.ActiveCfg = Debug|x64
		{E0AB3259-0FEC-4BE4-AD04-31AD1F570DAA}.Debug|x64.Build.0 = Debug|x64
		{E0AB3259-0FEC-4BE4-AD04-31AD1F570DAA}.Release|Any CPU.ActiveCfg = Release|x64
		{E0AB3259-0FEC-4BE4-AD04-31AD1F570DAA}.Release|Any CPU.Build.0 = Release|x64
		{E0AB3259-0FEC-4BE4-AD04-31AD1F570DAA}.Release|x64.ActiveCfg = Release|x64
		{E0AB3259-0FEC-4BE4-AD04-31AD1F570DAA}.Release|x64.Build.0 = Release|x64
		{1EE9E1E6-C406-448F-B3A4-844706123937}.Debug|Any CPU.ActiveCfg = Debug|x86
		{1EE9E1E6-C406-448F-B3A4-844706123937}.Debug|x64.ActiveCfg = Debug|x86
		{1EE9E1E6-C406-448F-B3A4-844706123937}.Release|Any CPU.ActiveCfg = Release|x86
		{1EE9E1E6-C406-448F-B3A4-844706123937}.Release|x64.ActiveCfg = Release|x86
		{E3B08663-C752-41CC-B2B7-43C69B8C1292}.Debug|Any CPU.ActiveCfg = Debug|Any CPU
		{E3B08663-C752-41CC-B2B7-43C69B8C1292}.Debug|Any CPU.Build.0 = Debug|Any CPU
		{E3B08663-C752-41CC-B2B7-43C69B8C1292}.Debug|x64.ActiveCfg = Debug|Any CPU
		{E3B08663-C752-41CC-B2B7-43C69B8C1292}.Debug|x64.Build.0 = Debug|Any CPU
		{E3B08663-C752-41CC-B2B7-43C69B8C1292}.Release|Any CPU.ActiveCfg = Release|Any CPU
		{E3B08663-C752-41CC-B2B7-43C69B8C1292}.Release|Any CPU.Build.0 = Release|Any CPU
		{E3B08663-C752-41CC-B2B7-43C69B8C1292}.Release|x64.ActiveCfg = Release|Any CPU
		{E3B08663-C752-41CC-B2B7-43C69B8C1292}.Release|x64.Build.0 = Release|Any CPU
		{55F86FDF-E929-4AA6-901B-4E0BE8B9B633}.Debug|Any CPU.ActiveCfg = Debug|Any CPU
		{55F86FDF-E929-4AA6-901B-4E0BE8B9B633}.Debug|Any CPU.Build.0 = Debug|Any CPU
		{55F86FDF-E929-4AA6-901B-4E0BE8B9B633}.Debug|x64.ActiveCfg = Debug|x64
		{55F86FDF-E929-4AA6-901B-4E0BE8B9B633}.Debug|x64.Build.0 = Debug|x64
		{55F86FDF-E929-4AA6-901B-4E0BE8B9B633}.Release|Any CPU.ActiveCfg = Release|Any CPU
		{55F86FDF-E929-4AA6-901B-4E0BE8B9B633}.Release|Any CPU.Build.0 = Release|Any CPU
		{55F86FDF-E929-4AA6-901B-4E0BE8B9B633}.Release|x64.ActiveCfg = Release|x64
		{55F86FDF-E929-4AA6-901B-4E0BE8B9B633}.Release|x64.Build.0 = Release|x64
	EndGlobalSection
	GlobalSection(SolutionProperties) = preSolution
		HideSolutionNode = FALSE
	EndGlobalSection
	GlobalSection(NestedProjects) = preSolution
		{7A8F1368-AF7E-4619-A61E-9F0D9CBA208D} = {3F20B84B-CE04-4481-9E8B-50F74B3D84CB}
		{2E94486A-54A4-46A4-B761-0FE7BAD40E52} = {EB68A61F-59B4-4507-9000-5CDA904B423B}
		{A539C835-3E86-4C95-9CEC-88751E5FB489} = {EB68A61F-59B4-4507-9000-5CDA904B423B}
		{84CAD0B6-C7C1-42FB-9872-AB309CF178EE} = {EB68A61F-59B4-4507-9000-5CDA904B423B}
		{C2780313-2DBA-473F-A24D-40012AAEA991} = {EB68A61F-59B4-4507-9000-5CDA904B423B}
		{977C9B4B-E593-43C2-B932-7EAA2D7506FD} = {F715FA18-DE62-40D9-98C8-98EEE0DA5160}
		{0129B48E-2977-4E87-ADB0-A024A69C1CCC} = {F715FA18-DE62-40D9-98C8-98EEE0DA5160}
		{0742B083-6193-4C12-9405-E0F7BA88C635} = {F715FA18-DE62-40D9-98C8-98EEE0DA5160}
		{FE653643-6342-4300-871E-683C7BA31494} = {F715FA18-DE62-40D9-98C8-98EEE0DA5160}
		{BF6AFAF0-7592-467F-AD5C-18429D854057} = {F715FA18-DE62-40D9-98C8-98EEE0DA5160}
		{7A782C66-1C4A-4F9E-92BD-D326B5A63601} = {F715FA18-DE62-40D9-98C8-98EEE0DA5160}
		{AB191B32-B12D-42CB-976D-CEA2C5BAD8BE} = {F715FA18-DE62-40D9-98C8-98EEE0DA5160}
		{FE2070DE-70D1-4E65-9EE6-9D28B5903AC6} = {F715FA18-DE62-40D9-98C8-98EEE0DA5160}
		{FB5BB674-961B-45EF-A67C-9850FFCD30D3} = {F715FA18-DE62-40D9-98C8-98EEE0DA5160}
		{75544419-3F4E-4308-A676-165F45C1462E} = {F715FA18-DE62-40D9-98C8-98EEE0DA5160}
		{2FA90F03-31CD-4495-86BF-8DA9CC14E210} = {F715FA18-DE62-40D9-98C8-98EEE0DA5160}
		{5E53E71E-52D1-4BF0-99C0-608437EC446C} = {F715FA18-DE62-40D9-98C8-98EEE0DA5160}
		{9CA3D15B-EDF1-4298-9D54-D7B55B0C52F8} = {F715FA18-DE62-40D9-98C8-98EEE0DA5160}
		{AEFAF10D-D1BF-44C4-BD9F-5CFF2AFA432F} = {F715FA18-DE62-40D9-98C8-98EEE0DA5160}
		{A5814E1E-D79C-49A9-A8EA-BA8ED6E0EB39} = {F715FA18-DE62-40D9-98C8-98EEE0DA5160}
		{188D86B8-E7B8-4C53-A099-041F1E423A16} = {F715FA18-DE62-40D9-98C8-98EEE0DA5160}
		{C3C96860-5D29-4797-A311-CC568CC8B699} = {F715FA18-DE62-40D9-98C8-98EEE0DA5160}
		{C7F08825-D3C9-4DDD-9BA3-06733B1ABE36} = {F715FA18-DE62-40D9-98C8-98EEE0DA5160}
		{D0CB354B-2CD3-49C1-8ECA-2F6EBADBCCEE} = {F715FA18-DE62-40D9-98C8-98EEE0DA5160}
		{967D976A-C792-4893-9235-14615AE1FF58} = {F715FA18-DE62-40D9-98C8-98EEE0DA5160}
		{DEDA188C-C97E-4968-BC31-594925631E9F} = {F715FA18-DE62-40D9-98C8-98EEE0DA5160}
		{F1EDA208-50B6-4501-A9D8-D18D3434D587} = {F715FA18-DE62-40D9-98C8-98EEE0DA5160}
		{E0AB3259-0FEC-4BE4-AD04-31AD1F570DAA} = {EB68A61F-59B4-4507-9000-5CDA904B423B}
		{55F86FDF-E929-4AA6-901B-4E0BE8B9B633} = {EB68A61F-59B4-4507-9000-5CDA904B423B}
	EndGlobalSection
	GlobalSection(ExtensibilityGlobals) = postSolution
		SolutionGuid = {6386A743-647F-406B-8432-91B9AFDB3DF4}
	EndGlobalSection
EndGlobal
