
Microsoft Visual Studio Solution File, Format Version 12.00
# Visual Studio 14
VisualStudioVersion = 14.0.23107.0
MinimumVisualStudioVersion = 10.0.40219.1
Project("{2150E333-8FDC-42A3-9474-1A3956D46DE8}") = "Solution Items", "Solution Items", "{AC2096B0-3F06-4C5D-A2B6-7DB14BA9241A}"
	ProjectSection(SolutionItems) = preProject
		CrossRealm_KDC_2008R2.PLAYLIST = CrossRealm_KDC_2008R2.PLAYLIST
		CrossRealm_KDC_2012R2.PLAYLIST = CrossRealm_KDC_2012R2.PLAYLIST
		CrossRealm_Smb2_2008R2.PLAYLIST = CrossRealm_Smb2_2008R2.PLAYLIST
		CrossRealm_Smb2_2012R2.PLAYLIST = CrossRealm_Smb2_2012R2.PLAYLIST
		ServerLocalTestRun.testrunconfig = ServerLocalTestRun.testrunconfig
		SingleRealm_KDC_2008R2.PLAYLIST = SingleRealm_KDC_2008R2.PLAYLIST
		SingleRealm_KDC_2012R2.PLAYLIST = SingleRealm_KDC_2012R2.PLAYLIST
		SingleRealm_Smb2_2008R2.PLAYLIST = SingleRealm_Smb2_2008R2.PLAYLIST
		SingleRealm_Smb2_2012R2.PLAYLIST = SingleRealm_Smb2_2012R2.PLAYLIST
	EndProjectSection
EndProject
Project("{FAE04EC0-301F-11D3-BF4B-00C04F79EFBC}") = "Kerberos_ServerTestSuite", "TestSuite\Kerberos_ServerTestSuite.csproj", "{33BF548E-906B-46DA-87A6-8DA5D003C18A}"
EndProject
Project("{FAE04EC0-301F-11D3-BF4B-00C04F79EFBC}") = "Kerberos_ServerAdapter", "Adapter\Kerberos_ServerAdapter.csproj", "{D3CC3CB3-57FD-437F-AA54-E43AD97BA3B9}"
EndProject
Project("{2150E333-8FDC-42A3-9474-1A3956D46DE8}") = "ProtoSDK", "ProtoSDK", "{458830E2-8588-4175-B906-B5F0C0765A0F}"
EndProject
Project("{FAE04EC0-301F-11D3-BF4B-00C04F79EFBC}") = "Apds", "..\..\..\ProtoSDK\MS-APDS\Apds.csproj", "{977C9B4B-E593-43C2-B932-7EAA2D7506FD}"
EndProject
Project("{FAE04EC0-301F-11D3-BF4B-00C04F79EFBC}") = "Asn1Base", "..\..\..\ProtoSDK\Asn1Base\Asn1Base.csproj", "{DEDA188C-C97E-4968-BC31-594925631E9F}"
EndProject
Project("{FAE04EC0-301F-11D3-BF4B-00C04F79EFBC}") = "Cifs", "..\..\..\ProtoSDK\MS-CIFS\Cifs.csproj", "{0129B48E-2977-4E87-ADB0-A024A69C1CCC}"
EndProject
Project("{FAE04EC0-301F-11D3-BF4B-00C04F79EFBC}") = "Claim", "..\..\..\ProtoSDK\Claim\Claim.csproj", "{0742B083-6193-4C12-9405-E0F7BA88C635}"
EndProject
Project("{FAE04EC0-301F-11D3-BF4B-00C04F79EFBC}") = "Common", "..\..\..\ProtoSDK\Common\Common.csproj", "{FE653643-6342-4300-871E-683C7BA31494}"
EndProject
Project("{FAE04EC0-301F-11D3-BF4B-00C04F79EFBC}") = "CryptoLib", "..\..\..\ProtoSDK\CryptoLib\CryptoLib.csproj", "{BF6AFAF0-7592-467F-AD5C-18429D854057}"
EndProject
Project("{FAE04EC0-301F-11D3-BF4B-00C04F79EFBC}") = "FileAccessService", "..\..\..\ProtoSDK\FileAccessService\FileAccessService.csproj", "{AB191B32-B12D-42CB-976D-CEA2C5BAD8BE}"
EndProject
Project("{FAE04EC0-301F-11D3-BF4B-00C04F79EFBC}") = "KerberosLib", "..\..\..\ProtoSDK\KerberosLib\KerberosLib.csproj", "{3F0B2460-33F7-4A58-9CB5-BB38914C7845}"
EndProject
Project("{FAE04EC0-301F-11D3-BF4B-00C04F79EFBC}") = "Messages", "..\..\..\ProtoSDK\Messages\Messages.csproj", "{75544419-3F4E-4308-A676-165F45C1462E}"
EndProject
Project("{FAE04EC0-301F-11D3-BF4B-00C04F79EFBC}") = "MS-ADTS-LDAP", "..\..\..\ProtoSDK\MS-ADTS-LDAP\MS-ADTS-LDAP.csproj", "{2FA90F03-31CD-4495-86BF-8DA9CC14E210}"
EndProject
Project("{FAE04EC0-301F-11D3-BF4B-00C04F79EFBC}") = "Nlmp", "..\..\..\ProtoSDK\MS-NLMP\Nlmp.csproj", "{5E53E71E-52D1-4BF0-99C0-608437EC446C}"
EndProject
Project("{FAE04EC0-301F-11D3-BF4B-00C04F79EFBC}") = "Nrpc", "..\..\..\ProtoSDK\MS-NRPC\Nrpc.csproj", "{9CA3D15B-EDF1-4298-9D54-D7B55B0C52F8}"
EndProject
Project("{FAE04EC0-301F-11D3-BF4B-00C04F79EFBC}") = "Pac", "..\..\..\ProtoSDK\MS-PAC\Pac.csproj", "{AEFAF10D-D1BF-44C4-BD9F-5CFF2AFA432F}"
EndProject
Project("{FAE04EC0-301F-11D3-BF4B-00C04F79EFBC}") = "Rpce", "..\..\..\ProtoSDK\MS-RPCE\Rpce.csproj", "{A5814E1E-D79C-49A9-A8EA-BA8ED6E0EB39}"
EndProject
Project("{FAE04EC0-301F-11D3-BF4B-00C04F79EFBC}") = "Samr", "..\..\..\ProtoSDK\MS-SAMR\Samr.csproj", "{188D86B8-E7B8-4C53-A099-041F1E423A16}"
EndProject
Project("{FAE04EC0-301F-11D3-BF4B-00C04F79EFBC}") = "Smb", "..\..\..\ProtoSDK\MS-SMB\Smb.csproj", "{C3C96860-5D29-4797-A311-CC568CC8B699}"
EndProject
Project("{FAE04EC0-301F-11D3-BF4B-00C04F79EFBC}") = "Smb2", "..\..\..\ProtoSDK\MS-SMB2\Smb2.csproj", "{C7F08825-D3C9-4DDD-9BA3-06733B1ABE36}"
EndProject
Project("{FAE04EC0-301F-11D3-BF4B-00C04F79EFBC}") = "Sspi", "..\..\..\ProtoSDK\Sspi\Sspi.csproj", "{D0CB354B-2CD3-49C1-8ECA-2F6EBADBCCEE}"
EndProject
Project("{FAE04EC0-301F-11D3-BF4B-00C04F79EFBC}") = "TransportStack", "..\..\..\ProtoSDK\TransportStack\TransportStack.csproj", "{967D976A-C792-4893-9235-14615AE1FF58}"
EndProject
Global
	GlobalSection(SolutionConfigurationPlatforms) = preSolution
		Debug|Any CPU = Debug|Any CPU
		Debug|Mixed Platforms = Debug|Mixed Platforms
		Debug|x86 = Debug|x86
		Fxcop|Any CPU = Fxcop|Any CPU
		Fxcop|Mixed Platforms = Fxcop|Mixed Platforms
		Fxcop|x86 = Fxcop|x86
		Release|Any CPU = Release|Any CPU
		Release|Mixed Platforms = Release|Mixed Platforms
		Release|x86 = Release|x86
	EndGlobalSection
	GlobalSection(ProjectConfigurationPlatforms) = postSolution
		{33BF548E-906B-46DA-87A6-8DA5D003C18A}.Debug|Any CPU.ActiveCfg = Debug|Any CPU
		{33BF548E-906B-46DA-87A6-8DA5D003C18A}.Debug|Any CPU.Build.0 = Debug|Any CPU
		{33BF548E-906B-46DA-87A6-8DA5D003C18A}.Debug|Mixed Platforms.ActiveCfg = Debug|Any CPU
		{33BF548E-906B-46DA-87A6-8DA5D003C18A}.Debug|Mixed Platforms.Build.0 = Debug|Any CPU
		{33BF548E-906B-46DA-87A6-8DA5D003C18A}.Debug|x86.ActiveCfg = Debug|Any CPU
		{33BF548E-906B-46DA-87A6-8DA5D003C18A}.Fxcop|Any CPU.ActiveCfg = Release|Any CPU
		{33BF548E-906B-46DA-87A6-8DA5D003C18A}.Fxcop|Any CPU.Build.0 = Release|Any CPU
		{33BF548E-906B-46DA-87A6-8DA5D003C18A}.Fxcop|Mixed Platforms.ActiveCfg = Release|Any CPU
		{33BF548E-906B-46DA-87A6-8DA5D003C18A}.Fxcop|Mixed Platforms.Build.0 = Release|Any CPU
		{33BF548E-906B-46DA-87A6-8DA5D003C18A}.Fxcop|x86.ActiveCfg = Release|Any CPU
		{33BF548E-906B-46DA-87A6-8DA5D003C18A}.Release|Any CPU.ActiveCfg = Release|Any CPU
		{33BF548E-906B-46DA-87A6-8DA5D003C18A}.Release|Any CPU.Build.0 = Release|Any CPU
		{33BF548E-906B-46DA-87A6-8DA5D003C18A}.Release|Mixed Platforms.ActiveCfg = Release|Any CPU
		{33BF548E-906B-46DA-87A6-8DA5D003C18A}.Release|Mixed Platforms.Build.0 = Release|Any CPU
		{33BF548E-906B-46DA-87A6-8DA5D003C18A}.Release|x86.ActiveCfg = Release|Any CPU
		{D3CC3CB3-57FD-437F-AA54-E43AD97BA3B9}.Debug|Any CPU.ActiveCfg = Debug|Any CPU
		{D3CC3CB3-57FD-437F-AA54-E43AD97BA3B9}.Debug|Any CPU.Build.0 = Debug|Any CPU
		{D3CC3CB3-57FD-437F-AA54-E43AD97BA3B9}.Debug|Mixed Platforms.ActiveCfg = Debug|Any CPU
		{D3CC3CB3-57FD-437F-AA54-E43AD97BA3B9}.Debug|Mixed Platforms.Build.0 = Debug|Any CPU
		{D3CC3CB3-57FD-437F-AA54-E43AD97BA3B9}.Debug|x86.ActiveCfg = Debug|Any CPU
		{D3CC3CB3-57FD-437F-AA54-E43AD97BA3B9}.Fxcop|Any CPU.ActiveCfg = Release|Any CPU
		{D3CC3CB3-57FD-437F-AA54-E43AD97BA3B9}.Fxcop|Any CPU.Build.0 = Release|Any CPU
		{D3CC3CB3-57FD-437F-AA54-E43AD97BA3B9}.Fxcop|Mixed Platforms.ActiveCfg = Release|Any CPU
		{D3CC3CB3-57FD-437F-AA54-E43AD97BA3B9}.Fxcop|Mixed Platforms.Build.0 = Release|Any CPU
		{D3CC3CB3-57FD-437F-AA54-E43AD97BA3B9}.Fxcop|x86.ActiveCfg = Release|Any CPU
		{D3CC3CB3-57FD-437F-AA54-E43AD97BA3B9}.Release|Any CPU.ActiveCfg = Release|Any CPU
		{D3CC3CB3-57FD-437F-AA54-E43AD97BA3B9}.Release|Any CPU.Build.0 = Release|Any CPU
		{D3CC3CB3-57FD-437F-AA54-E43AD97BA3B9}.Release|Mixed Platforms.ActiveCfg = Release|Any CPU
		{D3CC3CB3-57FD-437F-AA54-E43AD97BA3B9}.Release|Mixed Platforms.Build.0 = Release|Any CPU
		{D3CC3CB3-57FD-437F-AA54-E43AD97BA3B9}.Release|x86.ActiveCfg = Release|Any CPU
		{977C9B4B-E593-43C2-B932-7EAA2D7506FD}.Debug|Any CPU.ActiveCfg = Debug|Any CPU
		{977C9B4B-E593-43C2-B932-7EAA2D7506FD}.Debug|Any CPU.Build.0 = Debug|Any CPU
		{977C9B4B-E593-43C2-B932-7EAA2D7506FD}.Debug|Mixed Platforms.ActiveCfg = Debug|Any CPU
		{977C9B4B-E593-43C2-B932-7EAA2D7506FD}.Debug|Mixed Platforms.Build.0 = Debug|Any CPU
		{977C9B4B-E593-43C2-B932-7EAA2D7506FD}.Debug|x86.ActiveCfg = Debug|Any CPU
		{977C9B4B-E593-43C2-B932-7EAA2D7506FD}.Debug|x86.Build.0 = Debug|Any CPU
		{977C9B4B-E593-43C2-B932-7EAA2D7506FD}.Fxcop|Any CPU.ActiveCfg = Release|Any CPU
		{977C9B4B-E593-43C2-B932-7EAA2D7506FD}.Fxcop|Any CPU.Build.0 = Release|Any CPU
		{977C9B4B-E593-43C2-B932-7EAA2D7506FD}.Fxcop|Mixed Platforms.ActiveCfg = Release|Any CPU
		{977C9B4B-E593-43C2-B932-7EAA2D7506FD}.Fxcop|Mixed Platforms.Build.0 = Release|Any CPU
		{977C9B4B-E593-43C2-B932-7EAA2D7506FD}.Fxcop|x86.ActiveCfg = Release|Any CPU
		{977C9B4B-E593-43C2-B932-7EAA2D7506FD}.Fxcop|x86.Build.0 = Release|Any CPU
		{977C9B4B-E593-43C2-B932-7EAA2D7506FD}.Release|Any CPU.ActiveCfg = Release|Any CPU
		{977C9B4B-E593-43C2-B932-7EAA2D7506FD}.Release|Any CPU.Build.0 = Release|Any CPU
		{977C9B4B-E593-43C2-B932-7EAA2D7506FD}.Release|Mixed Platforms.ActiveCfg = Release|Any CPU
		{977C9B4B-E593-43C2-B932-7EAA2D7506FD}.Release|Mixed Platforms.Build.0 = Release|Any CPU
		{977C9B4B-E593-43C2-B932-7EAA2D7506FD}.Release|x86.ActiveCfg = Release|Any CPU
		{977C9B4B-E593-43C2-B932-7EAA2D7506FD}.Release|x86.Build.0 = Release|Any CPU
		{DEDA188C-C97E-4968-BC31-594925631E9F}.Debug|Any CPU.ActiveCfg = Debug|Any CPU
		{DEDA188C-C97E-4968-BC31-594925631E9F}.Debug|Any CPU.Build.0 = Debug|Any CPU
		{DEDA188C-C97E-4968-BC31-594925631E9F}.Debug|Mixed Platforms.ActiveCfg = Debug|Any CPU
		{DEDA188C-C97E-4968-BC31-594925631E9F}.Debug|Mixed Platforms.Build.0 = Debug|Any CPU
		{DEDA188C-C97E-4968-BC31-594925631E9F}.Debug|x86.ActiveCfg = Debug|Any CPU
		{DEDA188C-C97E-4968-BC31-594925631E9F}.Debug|x86.Build.0 = Debug|Any CPU
		{DEDA188C-C97E-4968-BC31-594925631E9F}.Fxcop|Any CPU.ActiveCfg = Release|Any CPU
		{DEDA188C-C97E-4968-BC31-594925631E9F}.Fxcop|Any CPU.Build.0 = Release|Any CPU
		{DEDA188C-C97E-4968-BC31-594925631E9F}.Fxcop|Mixed Platforms.ActiveCfg = Release|Any CPU
		{DEDA188C-C97E-4968-BC31-594925631E9F}.Fxcop|Mixed Platforms.Build.0 = Release|Any CPU
		{DEDA188C-C97E-4968-BC31-594925631E9F}.Fxcop|x86.ActiveCfg = Release|Any CPU
		{DEDA188C-C97E-4968-BC31-594925631E9F}.Fxcop|x86.Build.0 = Release|Any CPU
		{DEDA188C-C97E-4968-BC31-594925631E9F}.Release|Any CPU.ActiveCfg = Release|Any CPU
		{DEDA188C-C97E-4968-BC31-594925631E9F}.Release|Any CPU.Build.0 = Release|Any CPU
		{DEDA188C-C97E-4968-BC31-594925631E9F}.Release|Mixed Platforms.ActiveCfg = Release|Any CPU
		{DEDA188C-C97E-4968-BC31-594925631E9F}.Release|Mixed Platforms.Build.0 = Release|Any CPU
		{DEDA188C-C97E-4968-BC31-594925631E9F}.Release|x86.ActiveCfg = Release|Any CPU
		{DEDA188C-C97E-4968-BC31-594925631E9F}.Release|x86.Build.0 = Release|Any CPU
		{0129B48E-2977-4E87-ADB0-A024A69C1CCC}.Debug|Any CPU.ActiveCfg = Debug|Any CPU
		{0129B48E-2977-4E87-ADB0-A024A69C1CCC}.Debug|Any CPU.Build.0 = Debug|Any CPU
		{0129B48E-2977-4E87-ADB0-A024A69C1CCC}.Debug|Mixed Platforms.ActiveCfg = Debug|Any CPU
		{0129B48E-2977-4E87-ADB0-A024A69C1CCC}.Debug|Mixed Platforms.Build.0 = Debug|Any CPU
		{0129B48E-2977-4E87-ADB0-A024A69C1CCC}.Debug|x86.ActiveCfg = Debug|Any CPU
		{0129B48E-2977-4E87-ADB0-A024A69C1CCC}.Debug|x86.Build.0 = Debug|Any CPU
		{0129B48E-2977-4E87-ADB0-A024A69C1CCC}.Fxcop|Any CPU.ActiveCfg = Release|Any CPU
		{0129B48E-2977-4E87-ADB0-A024A69C1CCC}.Fxcop|Any CPU.Build.0 = Release|Any CPU
		{0129B48E-2977-4E87-ADB0-A024A69C1CCC}.Fxcop|Mixed Platforms.ActiveCfg = Release|Any CPU
		{0129B48E-2977-4E87-ADB0-A024A69C1CCC}.Fxcop|Mixed Platforms.Build.0 = Release|Any CPU
		{0129B48E-2977-4E87-ADB0-A024A69C1CCC}.Fxcop|x86.ActiveCfg = Release|Any CPU
		{0129B48E-2977-4E87-ADB0-A024A69C1CCC}.Fxcop|x86.Build.0 = Release|Any CPU
		{0129B48E-2977-4E87-ADB0-A024A69C1CCC}.Release|Any CPU.ActiveCfg = Release|Any CPU
		{0129B48E-2977-4E87-ADB0-A024A69C1CCC}.Release|Any CPU.Build.0 = Release|Any CPU
		{0129B48E-2977-4E87-ADB0-A024A69C1CCC}.Release|Mixed Platforms.ActiveCfg = Release|Any CPU
		{0129B48E-2977-4E87-ADB0-A024A69C1CCC}.Release|Mixed Platforms.Build.0 = Release|Any CPU
		{0129B48E-2977-4E87-ADB0-A024A69C1CCC}.Release|x86.ActiveCfg = Release|Any CPU
		{0129B48E-2977-4E87-ADB0-A024A69C1CCC}.Release|x86.Build.0 = Release|Any CPU
		{0742B083-6193-4C12-9405-E0F7BA88C635}.Debug|Any CPU.ActiveCfg = Debug|Any CPU
		{0742B083-6193-4C12-9405-E0F7BA88C635}.Debug|Any CPU.Build.0 = Debug|Any CPU
		{0742B083-6193-4C12-9405-E0F7BA88C635}.Debug|Mixed Platforms.ActiveCfg = Debug|Any CPU
		{0742B083-6193-4C12-9405-E0F7BA88C635}.Debug|Mixed Platforms.Build.0 = Debug|Any CPU
		{0742B083-6193-4C12-9405-E0F7BA88C635}.Debug|x86.ActiveCfg = Debug|Any CPU
		{0742B083-6193-4C12-9405-E0F7BA88C635}.Debug|x86.Build.0 = Debug|Any CPU
		{0742B083-6193-4C12-9405-E0F7BA88C635}.Fxcop|Any CPU.ActiveCfg = Release|Any CPU
		{0742B083-6193-4C12-9405-E0F7BA88C635}.Fxcop|Any CPU.Build.0 = Release|Any CPU
		{0742B083-6193-4C12-9405-E0F7BA88C635}.Fxcop|Mixed Platforms.ActiveCfg = Release|Any CPU
		{0742B083-6193-4C12-9405-E0F7BA88C635}.Fxcop|Mixed Platforms.Build.0 = Release|Any CPU
		{0742B083-6193-4C12-9405-E0F7BA88C635}.Fxcop|x86.ActiveCfg = Release|Any CPU
		{0742B083-6193-4C12-9405-E0F7BA88C635}.Fxcop|x86.Build.0 = Release|Any CPU
		{0742B083-6193-4C12-9405-E0F7BA88C635}.Release|Any CPU.ActiveCfg = Release|Any CPU
		{0742B083-6193-4C12-9405-E0F7BA88C635}.Release|Any CPU.Build.0 = Release|Any CPU
		{0742B083-6193-4C12-9405-E0F7BA88C635}.Release|Mixed Platforms.ActiveCfg = Release|Any CPU
		{0742B083-6193-4C12-9405-E0F7BA88C635}.Release|Mixed Platforms.Build.0 = Release|Any CPU
		{0742B083-6193-4C12-9405-E0F7BA88C635}.Release|x86.ActiveCfg = Release|Any CPU
		{0742B083-6193-4C12-9405-E0F7BA88C635}.Release|x86.Build.0 = Release|Any CPU
		{FE653643-6342-4300-871E-683C7BA31494}.Debug|Any CPU.ActiveCfg = Debug|Any CPU
		{FE653643-6342-4300-871E-683C7BA31494}.Debug|Any CPU.Build.0 = Debug|Any CPU
		{FE653643-6342-4300-871E-683C7BA31494}.Debug|Mixed Platforms.ActiveCfg = Debug|Any CPU
		{FE653643-6342-4300-871E-683C7BA31494}.Debug|Mixed Platforms.Build.0 = Debug|Any CPU
		{FE653643-6342-4300-871E-683C7BA31494}.Debug|x86.ActiveCfg = Debug|Any CPU
		{FE653643-6342-4300-871E-683C7BA31494}.Debug|x86.Build.0 = Debug|Any CPU
		{FE653643-6342-4300-871E-683C7BA31494}.Fxcop|Any CPU.ActiveCfg = Release|Any CPU
		{FE653643-6342-4300-871E-683C7BA31494}.Fxcop|Any CPU.Build.0 = Release|Any CPU
		{FE653643-6342-4300-871E-683C7BA31494}.Fxcop|Mixed Platforms.ActiveCfg = Release|Any CPU
		{FE653643-6342-4300-871E-683C7BA31494}.Fxcop|Mixed Platforms.Build.0 = Release|Any CPU
		{FE653643-6342-4300-871E-683C7BA31494}.Fxcop|x86.ActiveCfg = Release|Any CPU
		{FE653643-6342-4300-871E-683C7BA31494}.Fxcop|x86.Build.0 = Release|Any CPU
		{FE653643-6342-4300-871E-683C7BA31494}.Release|Any CPU.ActiveCfg = Release|Any CPU
		{FE653643-6342-4300-871E-683C7BA31494}.Release|Any CPU.Build.0 = Release|Any CPU
		{FE653643-6342-4300-871E-683C7BA31494}.Release|Mixed Platforms.ActiveCfg = Release|Any CPU
		{FE653643-6342-4300-871E-683C7BA31494}.Release|Mixed Platforms.Build.0 = Release|Any CPU
		{FE653643-6342-4300-871E-683C7BA31494}.Release|x86.ActiveCfg = Release|Any CPU
		{FE653643-6342-4300-871E-683C7BA31494}.Release|x86.Build.0 = Release|Any CPU
		{BF6AFAF0-7592-467F-AD5C-18429D854057}.Debug|Any CPU.ActiveCfg = Debug|Any CPU
		{BF6AFAF0-7592-467F-AD5C-18429D854057}.Debug|Any CPU.Build.0 = Debug|Any CPU
		{BF6AFAF0-7592-467F-AD5C-18429D854057}.Debug|Mixed Platforms.ActiveCfg = Debug|Any CPU
		{BF6AFAF0-7592-467F-AD5C-18429D854057}.Debug|Mixed Platforms.Build.0 = Debug|Any CPU
		{BF6AFAF0-7592-467F-AD5C-18429D854057}.Debug|x86.ActiveCfg = Debug|Any CPU
		{BF6AFAF0-7592-467F-AD5C-18429D854057}.Debug|x86.Build.0 = Debug|Any CPU
		{BF6AFAF0-7592-467F-AD5C-18429D854057}.Fxcop|Any CPU.ActiveCfg = Release|Any CPU
		{BF6AFAF0-7592-467F-AD5C-18429D854057}.Fxcop|Any CPU.Build.0 = Release|Any CPU
		{BF6AFAF0-7592-467F-AD5C-18429D854057}.Fxcop|Mixed Platforms.ActiveCfg = Release|Any CPU
		{BF6AFAF0-7592-467F-AD5C-18429D854057}.Fxcop|Mixed Platforms.Build.0 = Release|Any CPU
		{BF6AFAF0-7592-467F-AD5C-18429D854057}.Fxcop|x86.ActiveCfg = Release|Any CPU
		{BF6AFAF0-7592-467F-AD5C-18429D854057}.Fxcop|x86.Build.0 = Release|Any CPU
		{BF6AFAF0-7592-467F-AD5C-18429D854057}.Release|Any CPU.ActiveCfg = Release|Any CPU
		{BF6AFAF0-7592-467F-AD5C-18429D854057}.Release|Any CPU.Build.0 = Release|Any CPU
		{BF6AFAF0-7592-467F-AD5C-18429D854057}.Release|Mixed Platforms.ActiveCfg = Release|Any CPU
		{BF6AFAF0-7592-467F-AD5C-18429D854057}.Release|Mixed Platforms.Build.0 = Release|Any CPU
		{BF6AFAF0-7592-467F-AD5C-18429D854057}.Release|x86.ActiveCfg = Release|Any CPU
		{BF6AFAF0-7592-467F-AD5C-18429D854057}.Release|x86.Build.0 = Release|Any CPU
		{AB191B32-B12D-42CB-976D-CEA2C5BAD8BE}.Debug|Any CPU.ActiveCfg = Debug|Any CPU
		{AB191B32-B12D-42CB-976D-CEA2C5BAD8BE}.Debug|Any CPU.Build.0 = Debug|Any CPU
		{AB191B32-B12D-42CB-976D-CEA2C5BAD8BE}.Debug|Mixed Platforms.ActiveCfg = Debug|Any CPU
		{AB191B32-B12D-42CB-976D-CEA2C5BAD8BE}.Debug|Mixed Platforms.Build.0 = Debug|Any CPU
		{AB191B32-B12D-42CB-976D-CEA2C5BAD8BE}.Debug|x86.ActiveCfg = Debug|Any CPU
		{AB191B32-B12D-42CB-976D-CEA2C5BAD8BE}.Debug|x86.Build.0 = Debug|Any CPU
		{AB191B32-B12D-42CB-976D-CEA2C5BAD8BE}.Fxcop|Any CPU.ActiveCfg = Release|Any CPU
		{AB191B32-B12D-42CB-976D-CEA2C5BAD8BE}.Fxcop|Any CPU.Build.0 = Release|Any CPU
		{AB191B32-B12D-42CB-976D-CEA2C5BAD8BE}.Fxcop|Mixed Platforms.ActiveCfg = Release|Any CPU
		{AB191B32-B12D-42CB-976D-CEA2C5BAD8BE}.Fxcop|Mixed Platforms.Build.0 = Release|Any CPU
		{AB191B32-B12D-42CB-976D-CEA2C5BAD8BE}.Fxcop|x86.ActiveCfg = Release|Any CPU
		{AB191B32-B12D-42CB-976D-CEA2C5BAD8BE}.Fxcop|x86.Build.0 = Release|Any CPU
		{AB191B32-B12D-42CB-976D-CEA2C5BAD8BE}.Release|Any CPU.ActiveCfg = Release|Any CPU
		{AB191B32-B12D-42CB-976D-CEA2C5BAD8BE}.Release|Any CPU.Build.0 = Release|Any CPU
		{AB191B32-B12D-42CB-976D-CEA2C5BAD8BE}.Release|Mixed Platforms.ActiveCfg = Release|Any CPU
		{AB191B32-B12D-42CB-976D-CEA2C5BAD8BE}.Release|Mixed Platforms.Build.0 = Release|Any CPU
		{AB191B32-B12D-42CB-976D-CEA2C5BAD8BE}.Release|x86.ActiveCfg = Release|Any CPU
		{AB191B32-B12D-42CB-976D-CEA2C5BAD8BE}.Release|x86.Build.0 = Release|Any CPU
		{3F0B2460-33F7-4A58-9CB5-BB38914C7845}.Debug|Any CPU.ActiveCfg = Debug|Any CPU
		{3F0B2460-33F7-4A58-9CB5-BB38914C7845}.Debug|Any CPU.Build.0 = Debug|Any CPU
		{3F0B2460-33F7-4A58-9CB5-BB38914C7845}.Debug|Mixed Platforms.ActiveCfg = Debug|Any CPU
		{3F0B2460-33F7-4A58-9CB5-BB38914C7845}.Debug|Mixed Platforms.Build.0 = Debug|Any CPU
		{3F0B2460-33F7-4A58-9CB5-BB38914C7845}.Debug|x86.ActiveCfg = Debug|Any CPU
		{3F0B2460-33F7-4A58-9CB5-BB38914C7845}.Debug|x86.Build.0 = Debug|Any CPU
		{3F0B2460-33F7-4A58-9CB5-BB38914C7845}.Fxcop|Any CPU.ActiveCfg = Release|Any CPU
		{3F0B2460-33F7-4A58-9CB5-BB38914C7845}.Fxcop|Any CPU.Build.0 = Release|Any CPU
		{3F0B2460-33F7-4A58-9CB5-BB38914C7845}.Fxcop|Mixed Platforms.ActiveCfg = Release|Any CPU
		{3F0B2460-33F7-4A58-9CB5-BB38914C7845}.Fxcop|Mixed Platforms.Build.0 = Release|Any CPU
		{3F0B2460-33F7-4A58-9CB5-BB38914C7845}.Fxcop|x86.ActiveCfg = Release|Any CPU
		{3F0B2460-33F7-4A58-9CB5-BB38914C7845}.Fxcop|x86.Build.0 = Release|Any CPU
		{3F0B2460-33F7-4A58-9CB5-BB38914C7845}.Release|Any CPU.ActiveCfg = Release|Any CPU
		{3F0B2460-33F7-4A58-9CB5-BB38914C7845}.Release|Any CPU.Build.0 = Release|Any CPU
		{3F0B2460-33F7-4A58-9CB5-BB38914C7845}.Release|Mixed Platforms.ActiveCfg = Release|Any CPU
		{3F0B2460-33F7-4A58-9CB5-BB38914C7845}.Release|Mixed Platforms.Build.0 = Release|Any CPU
		{3F0B2460-33F7-4A58-9CB5-BB38914C7845}.Release|x86.ActiveCfg = Release|Any CPU
		{3F0B2460-33F7-4A58-9CB5-BB38914C7845}.Release|x86.Build.0 = Release|Any CPU
		{75544419-3F4E-4308-A676-165F45C1462E}.Debug|Any CPU.ActiveCfg = Debug|Any CPU
		{75544419-3F4E-4308-A676-165F45C1462E}.Debug|Any CPU.Build.0 = Debug|Any CPU
		{75544419-3F4E-4308-A676-165F45C1462E}.Debug|Mixed Platforms.ActiveCfg = Debug|Any CPU
		{75544419-3F4E-4308-A676-165F45C1462E}.Debug|Mixed Platforms.Build.0 = Debug|Any CPU
		{75544419-3F4E-4308-A676-165F45C1462E}.Debug|x86.ActiveCfg = Debug|Any CPU
		{75544419-3F4E-4308-A676-165F45C1462E}.Debug|x86.Build.0 = Debug|Any CPU
		{75544419-3F4E-4308-A676-165F45C1462E}.Fxcop|Any CPU.ActiveCfg = Fxcop|Any CPU
		{75544419-3F4E-4308-A676-165F45C1462E}.Fxcop|Any CPU.Build.0 = Fxcop|Any CPU
		{75544419-3F4E-4308-A676-165F45C1462E}.Fxcop|Mixed Platforms.ActiveCfg = Fxcop|Any CPU
		{75544419-3F4E-4308-A676-165F45C1462E}.Fxcop|Mixed Platforms.Build.0 = Fxcop|Any CPU
		{75544419-3F4E-4308-A676-165F45C1462E}.Fxcop|x86.ActiveCfg = Fxcop|Any CPU
		{75544419-3F4E-4308-A676-165F45C1462E}.Fxcop|x86.Build.0 = Fxcop|Any CPU
		{75544419-3F4E-4308-A676-165F45C1462E}.Release|Any CPU.ActiveCfg = Release|Any CPU
		{75544419-3F4E-4308-A676-165F45C1462E}.Release|Any CPU.Build.0 = Release|Any CPU
		{75544419-3F4E-4308-A676-165F45C1462E}.Release|Mixed Platforms.ActiveCfg = Release|Any CPU
		{75544419-3F4E-4308-A676-165F45C1462E}.Release|Mixed Platforms.Build.0 = Release|Any CPU
		{75544419-3F4E-4308-A676-165F45C1462E}.Release|x86.ActiveCfg = Release|Any CPU
		{75544419-3F4E-4308-A676-165F45C1462E}.Release|x86.Build.0 = Release|Any CPU
		{2FA90F03-31CD-4495-86BF-8DA9CC14E210}.Debug|Any CPU.ActiveCfg = Debug|Any CPU
		{2FA90F03-31CD-4495-86BF-8DA9CC14E210}.Debug|Any CPU.Build.0 = Debug|Any CPU
		{2FA90F03-31CD-4495-86BF-8DA9CC14E210}.Debug|Mixed Platforms.ActiveCfg = Debug|Any CPU
		{2FA90F03-31CD-4495-86BF-8DA9CC14E210}.Debug|Mixed Platforms.Build.0 = Debug|Any CPU
		{2FA90F03-31CD-4495-86BF-8DA9CC14E210}.Debug|x86.ActiveCfg = Debug|Any CPU
		{2FA90F03-31CD-4495-86BF-8DA9CC14E210}.Debug|x86.Build.0 = Debug|Any CPU
		{2FA90F03-31CD-4495-86BF-8DA9CC14E210}.Fxcop|Any CPU.ActiveCfg = Release|Any CPU
		{2FA90F03-31CD-4495-86BF-8DA9CC14E210}.Fxcop|Any CPU.Build.0 = Release|Any CPU
		{2FA90F03-31CD-4495-86BF-8DA9CC14E210}.Fxcop|Mixed Platforms.ActiveCfg = Release|Any CPU
		{2FA90F03-31CD-4495-86BF-8DA9CC14E210}.Fxcop|Mixed Platforms.Build.0 = Release|Any CPU
		{2FA90F03-31CD-4495-86BF-8DA9CC14E210}.Fxcop|x86.ActiveCfg = Release|Any CPU
		{2FA90F03-31CD-4495-86BF-8DA9CC14E210}.Fxcop|x86.Build.0 = Release|Any CPU
		{2FA90F03-31CD-4495-86BF-8DA9CC14E210}.Release|Any CPU.ActiveCfg = Release|Any CPU
		{2FA90F03-31CD-4495-86BF-8DA9CC14E210}.Release|Any CPU.Build.0 = Release|Any CPU
		{2FA90F03-31CD-4495-86BF-8DA9CC14E210}.Release|Mixed Platforms.ActiveCfg = Release|Any CPU
		{2FA90F03-31CD-4495-86BF-8DA9CC14E210}.Release|Mixed Platforms.Build.0 = Release|Any CPU
		{2FA90F03-31CD-4495-86BF-8DA9CC14E210}.Release|x86.ActiveCfg = Release|Any CPU
		{2FA90F03-31CD-4495-86BF-8DA9CC14E210}.Release|x86.Build.0 = Release|Any CPU
		{5E53E71E-52D1-4BF0-99C0-608437EC446C}.Debug|Any CPU.ActiveCfg = Debug|Any CPU
		{5E53E71E-52D1-4BF0-99C0-608437EC446C}.Debug|Any CPU.Build.0 = Debug|Any CPU
		{5E53E71E-52D1-4BF0-99C0-608437EC446C}.Debug|Mixed Platforms.ActiveCfg = Debug|Any CPU
		{5E53E71E-52D1-4BF0-99C0-608437EC446C}.Debug|Mixed Platforms.Build.0 = Debug|Any CPU
		{5E53E71E-52D1-4BF0-99C0-608437EC446C}.Debug|x86.ActiveCfg = Debug|Any CPU
		{5E53E71E-52D1-4BF0-99C0-608437EC446C}.Debug|x86.Build.0 = Debug|Any CPU
		{5E53E71E-52D1-4BF0-99C0-608437EC446C}.Fxcop|Any CPU.ActiveCfg = Release|Any CPU
		{5E53E71E-52D1-4BF0-99C0-608437EC446C}.Fxcop|Any CPU.Build.0 = Release|Any CPU
		{5E53E71E-52D1-4BF0-99C0-608437EC446C}.Fxcop|Mixed Platforms.ActiveCfg = Release|Any CPU
		{5E53E71E-52D1-4BF0-99C0-608437EC446C}.Fxcop|Mixed Platforms.Build.0 = Release|Any CPU
		{5E53E71E-52D1-4BF0-99C0-608437EC446C}.Fxcop|x86.ActiveCfg = Release|Any CPU
		{5E53E71E-52D1-4BF0-99C0-608437EC446C}.Fxcop|x86.Build.0 = Release|Any CPU
		{5E53E71E-52D1-4BF0-99C0-608437EC446C}.Release|Any CPU.ActiveCfg = Release|Any CPU
		{5E53E71E-52D1-4BF0-99C0-608437EC446C}.Release|Any CPU.Build.0 = Release|Any CPU
		{5E53E71E-52D1-4BF0-99C0-608437EC446C}.Release|Mixed Platforms.ActiveCfg = Release|Any CPU
		{5E53E71E-52D1-4BF0-99C0-608437EC446C}.Release|Mixed Platforms.Build.0 = Release|Any CPU
		{5E53E71E-52D1-4BF0-99C0-608437EC446C}.Release|x86.ActiveCfg = Release|Any CPU
		{5E53E71E-52D1-4BF0-99C0-608437EC446C}.Release|x86.Build.0 = Release|Any CPU
		{9CA3D15B-EDF1-4298-9D54-D7B55B0C52F8}.Debug|Any CPU.ActiveCfg = Debug|Any CPU
		{9CA3D15B-EDF1-4298-9D54-D7B55B0C52F8}.Debug|Any CPU.Build.0 = Debug|Any CPU
		{9CA3D15B-EDF1-4298-9D54-D7B55B0C52F8}.Debug|Mixed Platforms.ActiveCfg = Debug|Any CPU
		{9CA3D15B-EDF1-4298-9D54-D7B55B0C52F8}.Debug|Mixed Platforms.Build.0 = Debug|Any CPU
		{9CA3D15B-EDF1-4298-9D54-D7B55B0C52F8}.Debug|x86.ActiveCfg = Debug|Any CPU
		{9CA3D15B-EDF1-4298-9D54-D7B55B0C52F8}.Debug|x86.Build.0 = Debug|Any CPU
		{9CA3D15B-EDF1-4298-9D54-D7B55B0C52F8}.Fxcop|Any CPU.ActiveCfg = Release|Any CPU
		{9CA3D15B-EDF1-4298-9D54-D7B55B0C52F8}.Fxcop|Any CPU.Build.0 = Release|Any CPU
		{9CA3D15B-EDF1-4298-9D54-D7B55B0C52F8}.Fxcop|Mixed Platforms.ActiveCfg = Release|Any CPU
		{9CA3D15B-EDF1-4298-9D54-D7B55B0C52F8}.Fxcop|Mixed Platforms.Build.0 = Release|Any CPU
		{9CA3D15B-EDF1-4298-9D54-D7B55B0C52F8}.Fxcop|x86.ActiveCfg = Release|Any CPU
		{9CA3D15B-EDF1-4298-9D54-D7B55B0C52F8}.Fxcop|x86.Build.0 = Release|Any CPU
		{9CA3D15B-EDF1-4298-9D54-D7B55B0C52F8}.Release|Any CPU.ActiveCfg = Release|Any CPU
		{9CA3D15B-EDF1-4298-9D54-D7B55B0C52F8}.Release|Any CPU.Build.0 = Release|Any CPU
		{9CA3D15B-EDF1-4298-9D54-D7B55B0C52F8}.Release|Mixed Platforms.ActiveCfg = Release|Any CPU
		{9CA3D15B-EDF1-4298-9D54-D7B55B0C52F8}.Release|Mixed Platforms.Build.0 = Release|Any CPU
		{9CA3D15B-EDF1-4298-9D54-D7B55B0C52F8}.Release|x86.ActiveCfg = Release|Any CPU
		{9CA3D15B-EDF1-4298-9D54-D7B55B0C52F8}.Release|x86.Build.0 = Release|Any CPU
		{AEFAF10D-D1BF-44C4-BD9F-5CFF2AFA432F}.Debug|Any CPU.ActiveCfg = Debug|Any CPU
		{AEFAF10D-D1BF-44C4-BD9F-5CFF2AFA432F}.Debug|Any CPU.Build.0 = Debug|Any CPU
		{AEFAF10D-D1BF-44C4-BD9F-5CFF2AFA432F}.Debug|Mixed Platforms.ActiveCfg = Debug|Any CPU
		{AEFAF10D-D1BF-44C4-BD9F-5CFF2AFA432F}.Debug|Mixed Platforms.Build.0 = Debug|Any CPU
		{AEFAF10D-D1BF-44C4-BD9F-5CFF2AFA432F}.Debug|x86.ActiveCfg = Debug|Any CPU
		{AEFAF10D-D1BF-44C4-BD9F-5CFF2AFA432F}.Debug|x86.Build.0 = Debug|Any CPU
		{AEFAF10D-D1BF-44C4-BD9F-5CFF2AFA432F}.Fxcop|Any CPU.ActiveCfg = Release|Any CPU
		{AEFAF10D-D1BF-44C4-BD9F-5CFF2AFA432F}.Fxcop|Any CPU.Build.0 = Release|Any CPU
		{AEFAF10D-D1BF-44C4-BD9F-5CFF2AFA432F}.Fxcop|Mixed Platforms.ActiveCfg = Release|Any CPU
		{AEFAF10D-D1BF-44C4-BD9F-5CFF2AFA432F}.Fxcop|Mixed Platforms.Build.0 = Release|Any CPU
		{AEFAF10D-D1BF-44C4-BD9F-5CFF2AFA432F}.Fxcop|x86.ActiveCfg = Release|Any CPU
		{AEFAF10D-D1BF-44C4-BD9F-5CFF2AFA432F}.Fxcop|x86.Build.0 = Release|Any CPU
		{AEFAF10D-D1BF-44C4-BD9F-5CFF2AFA432F}.Release|Any CPU.ActiveCfg = Release|Any CPU
		{AEFAF10D-D1BF-44C4-BD9F-5CFF2AFA432F}.Release|Any CPU.Build.0 = Release|Any CPU
		{AEFAF10D-D1BF-44C4-BD9F-5CFF2AFA432F}.Release|Mixed Platforms.ActiveCfg = Release|Any CPU
		{AEFAF10D-D1BF-44C4-BD9F-5CFF2AFA432F}.Release|Mixed Platforms.Build.0 = Release|Any CPU
		{AEFAF10D-D1BF-44C4-BD9F-5CFF2AFA432F}.Release|x86.ActiveCfg = Release|Any CPU
		{AEFAF10D-D1BF-44C4-BD9F-5CFF2AFA432F}.Release|x86.Build.0 = Release|Any CPU
		{A5814E1E-D79C-49A9-A8EA-BA8ED6E0EB39}.Debug|Any CPU.ActiveCfg = Debug|Any CPU
		{A5814E1E-D79C-49A9-A8EA-BA8ED6E0EB39}.Debug|Any CPU.Build.0 = Debug|Any CPU
		{A5814E1E-D79C-49A9-A8EA-BA8ED6E0EB39}.Debug|Mixed Platforms.ActiveCfg = Debug|Any CPU
		{A5814E1E-D79C-49A9-A8EA-BA8ED6E0EB39}.Debug|Mixed Platforms.Build.0 = Debug|Any CPU
		{A5814E1E-D79C-49A9-A8EA-BA8ED6E0EB39}.Debug|x86.ActiveCfg = Debug|Any CPU
		{A5814E1E-D79C-49A9-A8EA-BA8ED6E0EB39}.Debug|x86.Build.0 = Debug|Any CPU
		{A5814E1E-D79C-49A9-A8EA-BA8ED6E0EB39}.Fxcop|Any CPU.ActiveCfg = Release|Any CPU
		{A5814E1E-D79C-49A9-A8EA-BA8ED6E0EB39}.Fxcop|Any CPU.Build.0 = Release|Any CPU
		{A5814E1E-D79C-49A9-A8EA-BA8ED6E0EB39}.Fxcop|Mixed Platforms.ActiveCfg = Release|Any CPU
		{A5814E1E-D79C-49A9-A8EA-BA8ED6E0EB39}.Fxcop|Mixed Platforms.Build.0 = Release|Any CPU
		{A5814E1E-D79C-49A9-A8EA-BA8ED6E0EB39}.Fxcop|x86.ActiveCfg = Release|Any CPU
		{A5814E1E-D79C-49A9-A8EA-BA8ED6E0EB39}.Fxcop|x86.Build.0 = Release|Any CPU
		{A5814E1E-D79C-49A9-A8EA-BA8ED6E0EB39}.Release|Any CPU.ActiveCfg = Release|Any CPU
		{A5814E1E-D79C-49A9-A8EA-BA8ED6E0EB39}.Release|Any CPU.Build.0 = Release|Any CPU
		{A5814E1E-D79C-49A9-A8EA-BA8ED6E0EB39}.Release|Mixed Platforms.ActiveCfg = Release|Any CPU
		{A5814E1E-D79C-49A9-A8EA-BA8ED6E0EB39}.Release|Mixed Platforms.Build.0 = Release|Any CPU
		{A5814E1E-D79C-49A9-A8EA-BA8ED6E0EB39}.Release|x86.ActiveCfg = Release|Any CPU
		{A5814E1E-D79C-49A9-A8EA-BA8ED6E0EB39}.Release|x86.Build.0 = Release|Any CPU
		{188D86B8-E7B8-4C53-A099-041F1E423A16}.Debug|Any CPU.ActiveCfg = Debug|Any CPU
		{188D86B8-E7B8-4C53-A099-041F1E423A16}.Debug|Any CPU.Build.0 = Debug|Any CPU
		{188D86B8-E7B8-4C53-A099-041F1E423A16}.Debug|Mixed Platforms.ActiveCfg = Debug|Any CPU
		{188D86B8-E7B8-4C53-A099-041F1E423A16}.Debug|Mixed Platforms.Build.0 = Debug|Any CPU
		{188D86B8-E7B8-4C53-A099-041F1E423A16}.Debug|x86.ActiveCfg = Debug|Any CPU
		{188D86B8-E7B8-4C53-A099-041F1E423A16}.Debug|x86.Build.0 = Debug|Any CPU
		{188D86B8-E7B8-4C53-A099-041F1E423A16}.Fxcop|Any CPU.ActiveCfg = Release|Any CPU
		{188D86B8-E7B8-4C53-A099-041F1E423A16}.Fxcop|Any CPU.Build.0 = Release|Any CPU
		{188D86B8-E7B8-4C53-A099-041F1E423A16}.Fxcop|Mixed Platforms.ActiveCfg = Release|Any CPU
		{188D86B8-E7B8-4C53-A099-041F1E423A16}.Fxcop|Mixed Platforms.Build.0 = Release|Any CPU
		{188D86B8-E7B8-4C53-A099-041F1E423A16}.Fxcop|x86.ActiveCfg = Release|Any CPU
		{188D86B8-E7B8-4C53-A099-041F1E423A16}.Fxcop|x86.Build.0 = Release|Any CPU
		{188D86B8-E7B8-4C53-A099-041F1E423A16}.Release|Any CPU.ActiveCfg = Release|Any CPU
		{188D86B8-E7B8-4C53-A099-041F1E423A16}.Release|Any CPU.Build.0 = Release|Any CPU
		{188D86B8-E7B8-4C53-A099-041F1E423A16}.Release|Mixed Platforms.ActiveCfg = Release|Any CPU
		{188D86B8-E7B8-4C53-A099-041F1E423A16}.Release|Mixed Platforms.Build.0 = Release|Any CPU
		{188D86B8-E7B8-4C53-A099-041F1E423A16}.Release|x86.ActiveCfg = Release|Any CPU
		{188D86B8-E7B8-4C53-A099-041F1E423A16}.Release|x86.Build.0 = Release|Any CPU
		{C3C96860-5D29-4797-A311-CC568CC8B699}.Debug|Any CPU.ActiveCfg = Debug|Any CPU
		{C3C96860-5D29-4797-A311-CC568CC8B699}.Debug|Any CPU.Build.0 = Debug|Any CPU
		{C3C96860-5D29-4797-A311-CC568CC8B699}.Debug|Mixed Platforms.ActiveCfg = Debug|Any CPU
		{C3C96860-5D29-4797-A311-CC568CC8B699}.Debug|Mixed Platforms.Build.0 = Debug|Any CPU
		{C3C96860-5D29-4797-A311-CC568CC8B699}.Debug|x86.ActiveCfg = Debug|Any CPU
		{C3C96860-5D29-4797-A311-CC568CC8B699}.Debug|x86.Build.0 = Debug|Any CPU
		{C3C96860-5D29-4797-A311-CC568CC8B699}.Fxcop|Any CPU.ActiveCfg = Release|Any CPU
		{C3C96860-5D29-4797-A311-CC568CC8B699}.Fxcop|Any CPU.Build.0 = Release|Any CPU
		{C3C96860-5D29-4797-A311-CC568CC8B699}.Fxcop|Mixed Platforms.ActiveCfg = Release|Any CPU
		{C3C96860-5D29-4797-A311-CC568CC8B699}.Fxcop|Mixed Platforms.Build.0 = Release|Any CPU
		{C3C96860-5D29-4797-A311-CC568CC8B699}.Fxcop|x86.ActiveCfg = Release|Any CPU
		{C3C96860-5D29-4797-A311-CC568CC8B699}.Fxcop|x86.Build.0 = Release|Any CPU
		{C3C96860-5D29-4797-A311-CC568CC8B699}.Release|Any CPU.ActiveCfg = Release|Any CPU
		{C3C96860-5D29-4797-A311-CC568CC8B699}.Release|Any CPU.Build.0 = Release|Any CPU
		{C3C96860-5D29-4797-A311-CC568CC8B699}.Release|Mixed Platforms.ActiveCfg = Release|Any CPU
		{C3C96860-5D29-4797-A311-CC568CC8B699}.Release|Mixed Platforms.Build.0 = Release|Any CPU
		{C3C96860-5D29-4797-A311-CC568CC8B699}.Release|x86.ActiveCfg = Release|Any CPU
		{C3C96860-5D29-4797-A311-CC568CC8B699}.Release|x86.Build.0 = Release|Any CPU
		{C7F08825-D3C9-4DDD-9BA3-06733B1ABE36}.Debug|Any CPU.ActiveCfg = Debug|Any CPU
		{C7F08825-D3C9-4DDD-9BA3-06733B1ABE36}.Debug|Any CPU.Build.0 = Debug|Any CPU
		{C7F08825-D3C9-4DDD-9BA3-06733B1ABE36}.Debug|Mixed Platforms.ActiveCfg = Debug|Any CPU
		{C7F08825-D3C9-4DDD-9BA3-06733B1ABE36}.Debug|Mixed Platforms.Build.0 = Debug|Any CPU
		{C7F08825-D3C9-4DDD-9BA3-06733B1ABE36}.Debug|x86.ActiveCfg = Debug|Any CPU
		{C7F08825-D3C9-4DDD-9BA3-06733B1ABE36}.Debug|x86.Build.0 = Debug|Any CPU
		{C7F08825-D3C9-4DDD-9BA3-06733B1ABE36}.Fxcop|Any CPU.ActiveCfg = Release|Any CPU
		{C7F08825-D3C9-4DDD-9BA3-06733B1ABE36}.Fxcop|Any CPU.Build.0 = Release|Any CPU
		{C7F08825-D3C9-4DDD-9BA3-06733B1ABE36}.Fxcop|Mixed Platforms.ActiveCfg = Release|Any CPU
		{C7F08825-D3C9-4DDD-9BA3-06733B1ABE36}.Fxcop|Mixed Platforms.Build.0 = Release|Any CPU
		{C7F08825-D3C9-4DDD-9BA3-06733B1ABE36}.Fxcop|x86.ActiveCfg = Release|Any CPU
		{C7F08825-D3C9-4DDD-9BA3-06733B1ABE36}.Fxcop|x86.Build.0 = Release|Any CPU
		{C7F08825-D3C9-4DDD-9BA3-06733B1ABE36}.Release|Any CPU.ActiveCfg = Release|Any CPU
		{C7F08825-D3C9-4DDD-9BA3-06733B1ABE36}.Release|Any CPU.Build.0 = Release|Any CPU
		{C7F08825-D3C9-4DDD-9BA3-06733B1ABE36}.Release|Mixed Platforms.ActiveCfg = Release|Any CPU
		{C7F08825-D3C9-4DDD-9BA3-06733B1ABE36}.Release|Mixed Platforms.Build.0 = Release|Any CPU
		{C7F08825-D3C9-4DDD-9BA3-06733B1ABE36}.Release|x86.ActiveCfg = Release|Any CPU
		{C7F08825-D3C9-4DDD-9BA3-06733B1ABE36}.Release|x86.Build.0 = Release|Any CPU
		{D0CB354B-2CD3-49C1-8ECA-2F6EBADBCCEE}.Debug|Any CPU.ActiveCfg = Debug|Any CPU
		{D0CB354B-2CD3-49C1-8ECA-2F6EBADBCCEE}.Debug|Any CPU.Build.0 = Debug|Any CPU
		{D0CB354B-2CD3-49C1-8ECA-2F6EBADBCCEE}.Debug|Mixed Platforms.ActiveCfg = Debug|Any CPU
		{D0CB354B-2CD3-49C1-8ECA-2F6EBADBCCEE}.Debug|Mixed Platforms.Build.0 = Debug|Any CPU
		{D0CB354B-2CD3-49C1-8ECA-2F6EBADBCCEE}.Debug|x86.ActiveCfg = Debug|Any CPU
		{D0CB354B-2CD3-49C1-8ECA-2F6EBADBCCEE}.Debug|x86.Build.0 = Debug|Any CPU
		{D0CB354B-2CD3-49C1-8ECA-2F6EBADBCCEE}.Fxcop|Any CPU.ActiveCfg = Release|Any CPU
		{D0CB354B-2CD3-49C1-8ECA-2F6EBADBCCEE}.Fxcop|Any CPU.Build.0 = Release|Any CPU
		{D0CB354B-2CD3-49C1-8ECA-2F6EBADBCCEE}.Fxcop|Mixed Platforms.ActiveCfg = Release|Any CPU
		{D0CB354B-2CD3-49C1-8ECA-2F6EBADBCCEE}.Fxcop|Mixed Platforms.Build.0 = Release|Any CPU
		{D0CB354B-2CD3-49C1-8ECA-2F6EBADBCCEE}.Fxcop|x86.ActiveCfg = Release|Any CPU
		{D0CB354B-2CD3-49C1-8ECA-2F6EBADBCCEE}.Fxcop|x86.Build.0 = Release|Any CPU
		{D0CB354B-2CD3-49C1-8ECA-2F6EBADBCCEE}.Release|Any CPU.ActiveCfg = Release|Any CPU
		{D0CB354B-2CD3-49C1-8ECA-2F6EBADBCCEE}.Release|Any CPU.Build.0 = Release|Any CPU
		{D0CB354B-2CD3-49C1-8ECA-2F6EBADBCCEE}.Release|Mixed Platforms.ActiveCfg = Release|Any CPU
		{D0CB354B-2CD3-49C1-8ECA-2F6EBADBCCEE}.Release|Mixed Platforms.Build.0 = Release|Any CPU
		{D0CB354B-2CD3-49C1-8ECA-2F6EBADBCCEE}.Release|x86.ActiveCfg = Release|Any CPU
		{D0CB354B-2CD3-49C1-8ECA-2F6EBADBCCEE}.Release|x86.Build.0 = Release|Any CPU
		{967D976A-C792-4893-9235-14615AE1FF58}.Debug|Any CPU.ActiveCfg = Debug|Any CPU
		{967D976A-C792-4893-9235-14615AE1FF58}.Debug|Any CPU.Build.0 = Debug|Any CPU
		{967D976A-C792-4893-9235-14615AE1FF58}.Debug|Mixed Platforms.ActiveCfg = Debug|Any CPU
		{967D976A-C792-4893-9235-14615AE1FF58}.Debug|Mixed Platforms.Build.0 = Debug|Any CPU
		{967D976A-C792-4893-9235-14615AE1FF58}.Debug|x86.ActiveCfg = Debug|Any CPU
		{967D976A-C792-4893-9235-14615AE1FF58}.Debug|x86.Build.0 = Debug|Any CPU
		{967D976A-C792-4893-9235-14615AE1FF58}.Fxcop|Any CPU.ActiveCfg = Release|Any CPU
		{967D976A-C792-4893-9235-14615AE1FF58}.Fxcop|Any CPU.Build.0 = Release|Any CPU
		{967D976A-C792-4893-9235-14615AE1FF58}.Fxcop|Mixed Platforms.ActiveCfg = Release|Any CPU
		{967D976A-C792-4893-9235-14615AE1FF58}.Fxcop|Mixed Platforms.Build.0 = Release|Any CPU
		{967D976A-C792-4893-9235-14615AE1FF58}.Fxcop|x86.ActiveCfg = Release|Any CPU
		{967D976A-C792-4893-9235-14615AE1FF58}.Fxcop|x86.Build.0 = Release|Any CPU
		{967D976A-C792-4893-9235-14615AE1FF58}.Release|Any CPU.ActiveCfg = Release|Any CPU
		{967D976A-C792-4893-9235-14615AE1FF58}.Release|Any CPU.Build.0 = Release|Any CPU
		{967D976A-C792-4893-9235-14615AE1FF58}.Release|Mixed Platforms.ActiveCfg = Release|Any CPU
		{967D976A-C792-4893-9235-14615AE1FF58}.Release|Mixed Platforms.Build.0 = Release|Any CPU
		{967D976A-C792-4893-9235-14615AE1FF58}.Release|x86.ActiveCfg = Release|Any CPU
		{967D976A-C792-4893-9235-14615AE1FF58}.Release|x86.Build.0 = Release|Any CPU
	EndGlobalSection
	GlobalSection(SolutionProperties) = preSolution
		HideSolutionNode = FALSE
	EndGlobalSection
	GlobalSection(NestedProjects) = preSolution
		{977C9B4B-E593-43C2-B932-7EAA2D7506FD} = {458830E2-8588-4175-B906-B5F0C0765A0F}
		{DEDA188C-C97E-4968-BC31-594925631E9F} = {458830E2-8588-4175-B906-B5F0C0765A0F}
		{0129B48E-2977-4E87-ADB0-A024A69C1CCC} = {458830E2-8588-4175-B906-B5F0C0765A0F}
		{0742B083-6193-4C12-9405-E0F7BA88C635} = {458830E2-8588-4175-B906-B5F0C0765A0F}
		{FE653643-6342-4300-871E-683C7BA31494} = {458830E2-8588-4175-B906-B5F0C0765A0F}
		{BF6AFAF0-7592-467F-AD5C-18429D854057} = {458830E2-8588-4175-B906-B5F0C0765A0F}
		{AB191B32-B12D-42CB-976D-CEA2C5BAD8BE} = {458830E2-8588-4175-B906-B5F0C0765A0F}
		{3F0B2460-33F7-4A58-9CB5-BB38914C7845} = {458830E2-8588-4175-B906-B5F0C0765A0F}
		{75544419-3F4E-4308-A676-165F45C1462E} = {458830E2-8588-4175-B906-B5F0C0765A0F}
		{2FA90F03-31CD-4495-86BF-8DA9CC14E210} = {458830E2-8588-4175-B906-B5F0C0765A0F}
		{5E53E71E-52D1-4BF0-99C0-608437EC446C} = {458830E2-8588-4175-B906-B5F0C0765A0F}
		{9CA3D15B-EDF1-4298-9D54-D7B55B0C52F8} = {458830E2-8588-4175-B906-B5F0C0765A0F}
		{AEFAF10D-D1BF-44C4-BD9F-5CFF2AFA432F} = {458830E2-8588-4175-B906-B5F0C0765A0F}
		{A5814E1E-D79C-49A9-A8EA-BA8ED6E0EB39} = {458830E2-8588-4175-B906-B5F0C0765A0F}
		{188D86B8-E7B8-4C53-A099-041F1E423A16} = {458830E2-8588-4175-B906-B5F0C0765A0F}
		{C3C96860-5D29-4797-A311-CC568CC8B699} = {458830E2-8588-4175-B906-B5F0C0765A0F}
		{C7F08825-D3C9-4DDD-9BA3-06733B1ABE36} = {458830E2-8588-4175-B906-B5F0C0765A0F}
		{D0CB354B-2CD3-49C1-8ECA-2F6EBADBCCEE} = {458830E2-8588-4175-B906-B5F0C0765A0F}
		{967D976A-C792-4893-9235-14615AE1FF58} = {458830E2-8588-4175-B906-B5F0C0765A0F}
	EndGlobalSection
EndGlobal
