
Microsoft Visual Studio Solution File, Format Version 12.00
# Visual Studio 15
VisualStudioVersion = 15.0.27130.2036
MinimumVisualStudioVersion = 10.0.40219.1
Project("{FAE04EC0-301F-11D3-BF4B-00C04F79EFBC}") = "Common", "..\..\..\ProtoSDK\Common\Common.csproj", "{FE653643-6342-4300-871E-683C7BA31494}"
EndProject
Project("{FAE04EC0-301F-11D3-BF4B-00C04F79EFBC}") = "Sspi", "..\..\..\ProtoSDK\Sspi\Sspi.csproj", "{D0CB354B-2CD3-49C1-8ECA-2F6EBADBCCEE}"
EndProject
Project("{FAE04EC0-301F-11D3-BF4B-00C04F79EFBC}") = "FileAccessService", "..\..\..\ProtoSDK\FileAccessService\FileAccessService.csproj", "{AB191B32-B12D-42CB-976D-CEA2C5BAD8BE}"
EndProject
Project("{FAE04EC0-301F-11D3-BF4B-00C04F79EFBC}") = "Messages", "..\..\..\ProtoSDK\Messages\Messages.csproj", "{75544419-3F4E-4308-A676-165F45C1462E}"
EndProject
Project("{FAE04EC0-301F-11D3-BF4B-00C04F79EFBC}") = "TransportStack", "..\..\..\ProtoSDK\TransportStack\TransportStack.csproj", "{967D976A-C792-4893-9235-14615AE1FF58}"
EndProject
Project("{FAE04EC0-301F-11D3-BF4B-00C04F79EFBC}") = "Nlmp", "..\..\..\ProtoSDK\MS-NLMP\Nlmp.csproj", "{5E53E71E-52D1-4BF0-99C0-608437EC446C}"
EndProject
Project("{2150E333-8FDC-42A3-9474-1A3956D46DE8}") = "Solution Items", "Solution Items", "{93DC50E5-9B15-400D-A74C-9CAE37D43650}"
	ProjectSection(SolutionItems) = preProject
		ServerLocalTestRun.testrunconfig = ServerLocalTestRun.testrunconfig
	EndProjectSection
EndProject
Project("{FAE04EC0-301F-11D3-BF4B-00C04F79EFBC}") = "Fsrvp", "..\..\..\ProtoSDK\MS-FSRVP\Fsrvp.csproj", "{15162940-F895-48A8-A0F2-49E3A65B632F}"
EndProject
Project("{FAE04EC0-301F-11D3-BF4B-00C04F79EFBC}") = "Rpce", "..\..\..\ProtoSDK\MS-RPCE\Rpce.csproj", "{A5814E1E-D79C-49A9-A8EA-BA8ED6E0EB39}"
EndProject
Project("{FAE04EC0-301F-11D3-BF4B-00C04F79EFBC}") = "Cifs", "..\..\..\ProtoSDK\MS-CIFS\Cifs.csproj", "{0129B48E-2977-4E87-ADB0-A024A69C1CCC}"
EndProject
Project("{FAE04EC0-301F-11D3-BF4B-00C04F79EFBC}") = "Smb", "..\..\..\ProtoSDK\MS-SMB\Smb.csproj", "{C3C96860-5D29-4797-A311-CC568CC8B699}"
EndProject
Project("{FAE04EC0-301F-11D3-BF4B-00C04F79EFBC}") = "CryptoLib", "..\..\..\ProtoSDK\CryptoLib\CryptoLib.csproj", "{BF6AFAF0-7592-467F-AD5C-18429D854057}"
EndProject
Project("{FAE04EC0-301F-11D3-BF4B-00C04F79EFBC}") = "Swn", "..\..\..\ProtoSDK\MS-SWN\Swn.csproj", "{5BE7E49E-5CB5-4115-98B1-E7E8B10CFCCB}"
EndProject
Project("{FAE04EC0-301F-11D3-BF4B-00C04F79EFBC}") = "Dfsc", "..\..\..\ProtoSDK\MS-DFSC\Dfsc.csproj", "{FFB198E5-2B91-48D9-97AF-27114F8961DD}"
EndProject
Project("{2150E333-8FDC-42A3-9474-1A3956D46DE8}") = "ProtoSDK", "ProtoSDK", "{5F940ACA-EA97-4236-95D7-E191E7349FC6}"
EndProject
Project("{FAE04EC0-301F-11D3-BF4B-00C04F79EFBC}") = "Smb2", "..\..\..\ProtoSDK\MS-SMB2\Smb2.csproj", "{C7F08825-D3C9-4DDD-9BA3-06733B1ABE36}"
EndProject
Project("{FAE04EC0-301F-11D3-BF4B-00C04F79EFBC}") = "CommonAdapter", "Common\Adapter\CommonAdapter.csproj", "{3FD566BA-E398-461E-B1B6-464B117ED422}"
EndProject
Project("{FAE04EC0-301F-11D3-BF4B-00C04F79EFBC}") = "CommonTestSuite", "Common\TestSuite\CommonTestSuite.csproj", "{CF70C975-EFEA-4B87-B278-1F0B15995F8E}"
EndProject
Project("{FAE04EC0-301F-11D3-BF4B-00C04F79EFBC}") = "MS-DFSC_ServerTestSuite", "DFSC\TestSuite\MS-DFSC_ServerTestSuite.csproj", "{B2479859-49E4-4955-9CB3-2B571C491BF4}"
EndProject
Project("{FAE04EC0-301F-11D3-BF4B-00C04F79EFBC}") = "ServerFailoverTestSuite", "ServerFailover\TestSuite\ServerFailoverTestSuite.csproj", "{52666D18-D798-43B7-BE15-4831C7DC50BB}"
EndProject
Project("{FAE04EC0-301F-11D3-BF4B-00C04F79EFBC}") = "ServerFailoverAdapter", "ServerFailover\Adapter\ServerFailoverAdapter.csproj", "{3ED5DE06-92CB-4E43-82F7-77D000315005}"
EndProject
Project("{FAE04EC0-301F-11D3-BF4B-00C04F79EFBC}") = "MS-SMB2_ServerAdapter", "SMB2\Adapter\MS-SMB2_ServerAdapter.csproj", "{E7E99C95-1EE5-4E61-BC27-B4D69A31C5BC}"
EndProject
Project("{FAE04EC0-301F-11D3-BF4B-00C04F79EFBC}") = "MS-SMB2_ServerTestSuite", "SMB2\TestSuite\MS-SMB2_ServerTestSuite.csproj", "{FE3B845F-B07F-483A-986E-91FE7F39460A}"
EndProject
Project("{FAE04EC0-301F-11D3-BF4B-00C04F79EFBC}") = "MS-FSRVP_ServerTestSuite", "FSRVP\TestSuite\MS-FSRVP_ServerTestSuite.csproj", "{D118ECF2-381D-4D22-90B6-6CB874957B76}"
EndProject
Project("{FAE04EC0-301F-11D3-BF4B-00C04F79EFBC}") = "MS-SMB2Model_ServerAdapter", "SMB2Model\Adapter\MS-SMB2Model_ServerAdapter.csproj", "{6E8058F1-AF11-42F3-9459-C716F07EA673}"
EndProject
Project("{FAE04EC0-301F-11D3-BF4B-00C04F79EFBC}") = "MS-SMB2Model_ServerModel", "SMB2Model\Model\MS-SMB2Model_ServerModel.csproj", "{1486BFE5-D3AD-4486-A9E9-CE2CB0D048A2}"
EndProject
Project("{FAE04EC0-301F-11D3-BF4B-00C04F79EFBC}") = "MS-SMB2Model_ServerTestSuite", "SMB2Model\TestSuite\MS-SMB2Model_ServerTestSuite.csproj", "{BF78EB8B-3984-46A1-89B7-1BE232E23310}"
EndProject
Project("{FAE04EC0-301F-11D3-BF4B-00C04F79EFBC}") = "Rsvd", "..\..\..\ProtoSDK\MS-RSVD\Rsvd.csproj", "{6233F472-B2B6-42B1-8676-530C8D0BE6ED}"
EndProject
Project("{FAE04EC0-301F-11D3-BF4B-00C04F79EFBC}") = "MS-RSVD_ServerTestSuite", "RSVD\TestSuite\MS-RSVD_ServerTestSuite.csproj", "{A232784C-6C18-4B4F-A610-13681AE40537}"
EndProject
Project("{FAE04EC0-301F-11D3-BF4B-00C04F79EFBC}") = "Claim", "..\..\..\ProtoSDK\Claim\Claim.csproj", "{0742B083-6193-4C12-9405-E0F7BA88C635}"
EndProject
Project("{FAE04EC0-301F-11D3-BF4B-00C04F79EFBC}") = "Pac", "..\..\..\ProtoSDK\MS-PAC\Pac.csproj", "{AEFAF10D-D1BF-44C4-BD9F-5CFF2AFA432F}"
EndProject
Project("{FAE04EC0-301F-11D3-BF4B-00C04F79EFBC}") = "MS-FSA_ServerAdapter", "FSA\Adapter\MS-FSA_ServerAdapter.csproj", "{98A76DE1-2D66-476B-9222-F15FFDFA8C81}"
EndProject
Project("{FAE04EC0-301F-11D3-BF4B-00C04F79EFBC}") = "MS-FSA_ServerModel", "FSA\Model\MS-FSA_ServerModel.csproj", "{BBC6AD3A-649C-4702-A4F0-FC33DBE59CD6}"
EndProject
Project("{FAE04EC0-301F-11D3-BF4B-00C04F79EFBC}") = "MS-FSA_ServerTestSuite", "FSA\TestSuite\MS-FSA_ServerTestSuite.csproj", "{3A6DFF03-804A-4040-8AC6-3CC97989F950}"
EndProject
Project("{FAE04EC0-301F-11D3-BF4B-00C04F79EFBC}") = "Fscc", "..\..\..\ProtoSDK\MS-FSCC\Fscc.csproj", "{124E0F6D-57D7-4582-AF9A-3DE11B358E76}"
EndProject
Project("{FAE04EC0-301F-11D3-BF4B-00C04F79EFBC}") = "MS-SQOS_ServerTestSuite", "SQOS\TestSuite\MS-SQOS_ServerTestSuite.csproj", "{DB6ABFDA-DC02-45F3-A519-177C8BCED276}"
EndProject
Project("{FAE04EC0-301F-11D3-BF4B-00C04F79EFBC}") = "Auth_ServerTestSuite", "Auth\TestSuite\Auth_ServerTestSuite.csproj", "{1F5C2146-BB0F-4C1C-8D1F-13C90B04BDAE}"
EndProject
Project("{FAE04EC0-301F-11D3-BF4B-00C04F79EFBC}") = "Srvs", "..\..\..\ProtoSDK\MS-SRVS\Srvs.csproj", "{E471F558-BB6D-4317-81F8-8FD755AFEFDC}"
EndProject
Project("{FAE04EC0-301F-11D3-BF4B-00C04F79EFBC}") = "KerberosLib", "..\..\..\ProtoSDK\KerberosLib\KerberosLib.csproj", "{F1EDA208-50B6-4501-A9D8-D18D3434D587}"
EndProject
Project("{FAE04EC0-301F-11D3-BF4B-00C04F79EFBC}") = "Asn1Base", "..\..\..\ProtoSDK\Asn1Base\Asn1Base.csproj", "{DEDA188C-C97E-4968-BC31-594925631E9F}"
EndProject
Project("{FAE04EC0-301F-11D3-BF4B-00C04F79EFBC}") = "Sqos", "..\..\..\ProtoSDK\MS-SQOS\Sqos.csproj", "{014B338D-1B5E-434B-BA05-B2C6D6797D07}"
EndProject
Project("{FAE04EC0-301F-11D3-BF4B-00C04F79EFBC}") = "Xca", "..\..\..\ProtoSDK\MS-XCA\Xca.csproj", "{55F86FDF-E929-4AA6-901B-4E0BE8B9B633}"
EndProject
Global
	GlobalSection(SolutionConfigurationPlatforms) = preSolution
		Debug|Any CPU = Debug|Any CPU
		Debug|x64 = Debug|x64
		Release|Any CPU = Release|Any CPU
		Release|x64 = Release|x64
	EndGlobalSection
	GlobalSection(ProjectConfigurationPlatforms) = postSolution
		{FE653643-6342-4300-871E-683C7BA31494}.Debug|Any CPU.ActiveCfg = Debug|Any CPU
		{FE653643-6342-4300-871E-683C7BA31494}.Debug|Any CPU.Build.0 = Debug|Any CPU
		{FE653643-6342-4300-871E-683C7BA31494}.Debug|x64.ActiveCfg = Debug|x64
		{FE653643-6342-4300-871E-683C7BA31494}.Debug|x64.Build.0 = Debug|x64
		{FE653643-6342-4300-871E-683C7BA31494}.Release|Any CPU.ActiveCfg = Release|Any CPU
		{FE653643-6342-4300-871E-683C7BA31494}.Release|Any CPU.Build.0 = Release|Any CPU
		{FE653643-6342-4300-871E-683C7BA31494}.Release|x64.ActiveCfg = Release|x64
		{FE653643-6342-4300-871E-683C7BA31494}.Release|x64.Build.0 = Release|x64
		{D0CB354B-2CD3-49C1-8ECA-2F6EBADBCCEE}.Debug|Any CPU.ActiveCfg = Debug|Any CPU
		{D0CB354B-2CD3-49C1-8ECA-2F6EBADBCCEE}.Debug|Any CPU.Build.0 = Debug|Any CPU
		{D0CB354B-2CD3-49C1-8ECA-2F6EBADBCCEE}.Debug|x64.ActiveCfg = Debug|x64
		{D0CB354B-2CD3-49C1-8ECA-2F6EBADBCCEE}.Debug|x64.Build.0 = Debug|x64
		{D0CB354B-2CD3-49C1-8ECA-2F6EBADBCCEE}.Release|Any CPU.ActiveCfg = Release|Any CPU
		{D0CB354B-2CD3-49C1-8ECA-2F6EBADBCCEE}.Release|Any CPU.Build.0 = Release|Any CPU
		{D0CB354B-2CD3-49C1-8ECA-2F6EBADBCCEE}.Release|x64.ActiveCfg = Release|x64
		{D0CB354B-2CD3-49C1-8ECA-2F6EBADBCCEE}.Release|x64.Build.0 = Release|x64
		{AB191B32-B12D-42CB-976D-CEA2C5BAD8BE}.Debug|Any CPU.ActiveCfg = Debug|Any CPU
		{AB191B32-B12D-42CB-976D-CEA2C5BAD8BE}.Debug|Any CPU.Build.0 = Debug|Any CPU
		{AB191B32-B12D-42CB-976D-CEA2C5BAD8BE}.Debug|x64.ActiveCfg = Debug|x64
		{AB191B32-B12D-42CB-976D-CEA2C5BAD8BE}.Debug|x64.Build.0 = Debug|x64
		{AB191B32-B12D-42CB-976D-CEA2C5BAD8BE}.Release|Any CPU.ActiveCfg = Release|Any CPU
		{AB191B32-B12D-42CB-976D-CEA2C5BAD8BE}.Release|Any CPU.Build.0 = Release|Any CPU
		{AB191B32-B12D-42CB-976D-CEA2C5BAD8BE}.Release|x64.ActiveCfg = Release|x64
		{AB191B32-B12D-42CB-976D-CEA2C5BAD8BE}.Release|x64.Build.0 = Release|x64
		{75544419-3F4E-4308-A676-165F45C1462E}.Debug|Any CPU.ActiveCfg = Debug|Any CPU
		{75544419-3F4E-4308-A676-165F45C1462E}.Debug|Any CPU.Build.0 = Debug|Any CPU
		{75544419-3F4E-4308-A676-165F45C1462E}.Debug|x64.ActiveCfg = Debug|x64
		{75544419-3F4E-4308-A676-165F45C1462E}.Debug|x64.Build.0 = Debug|x64
		{75544419-3F4E-4308-A676-165F45C1462E}.Release|Any CPU.ActiveCfg = Release|Any CPU
		{75544419-3F4E-4308-A676-165F45C1462E}.Release|Any CPU.Build.0 = Release|Any CPU
		{75544419-3F4E-4308-A676-165F45C1462E}.Release|x64.ActiveCfg = Release|x64
		{75544419-3F4E-4308-A676-165F45C1462E}.Release|x64.Build.0 = Release|x64
		{967D976A-C792-4893-9235-14615AE1FF58}.Debug|Any CPU.ActiveCfg = Debug|Any CPU
		{967D976A-C792-4893-9235-14615AE1FF58}.Debug|Any CPU.Build.0 = Debug|Any CPU
		{967D976A-C792-4893-9235-14615AE1FF58}.Debug|x64.ActiveCfg = Debug|x64
		{967D976A-C792-4893-9235-14615AE1FF58}.Debug|x64.Build.0 = Debug|x64
		{967D976A-C792-4893-9235-14615AE1FF58}.Release|Any CPU.ActiveCfg = Release|Any CPU
		{967D976A-C792-4893-9235-14615AE1FF58}.Release|Any CPU.Build.0 = Release|Any CPU
		{967D976A-C792-4893-9235-14615AE1FF58}.Release|x64.ActiveCfg = Release|x64
		{967D976A-C792-4893-9235-14615AE1FF58}.Release|x64.Build.0 = Release|x64
		{5E53E71E-52D1-4BF0-99C0-608437EC446C}.Debug|Any CPU.ActiveCfg = Debug|Any CPU
		{5E53E71E-52D1-4BF0-99C0-608437EC446C}.Debug|Any CPU.Build.0 = Debug|Any CPU
		{5E53E71E-52D1-4BF0-99C0-608437EC446C}.Debug|x64.ActiveCfg = Debug|x64
		{5E53E71E-52D1-4BF0-99C0-608437EC446C}.Debug|x64.Build.0 = Debug|x64
		{5E53E71E-52D1-4BF0-99C0-608437EC446C}.Release|Any CPU.ActiveCfg = Release|Any CPU
		{5E53E71E-52D1-4BF0-99C0-608437EC446C}.Release|Any CPU.Build.0 = Release|Any CPU
		{5E53E71E-52D1-4BF0-99C0-608437EC446C}.Release|x64.ActiveCfg = Release|x64
		{5E53E71E-52D1-4BF0-99C0-608437EC446C}.Release|x64.Build.0 = Release|x64
		{15162940-F895-48A8-A0F2-49E3A65B632F}.Debug|Any CPU.ActiveCfg = Debug|Any CPU
		{15162940-F895-48A8-A0F2-49E3A65B632F}.Debug|Any CPU.Build.0 = Debug|Any CPU
		{15162940-F895-48A8-A0F2-49E3A65B632F}.Debug|x64.ActiveCfg = Debug|x64
		{15162940-F895-48A8-A0F2-49E3A65B632F}.Debug|x64.Build.0 = Debug|x64
		{15162940-F895-48A8-A0F2-49E3A65B632F}.Release|Any CPU.ActiveCfg = Release|Any CPU
		{15162940-F895-48A8-A0F2-49E3A65B632F}.Release|Any CPU.Build.0 = Release|Any CPU
		{15162940-F895-48A8-A0F2-49E3A65B632F}.Release|x64.ActiveCfg = Release|x64
		{15162940-F895-48A8-A0F2-49E3A65B632F}.Release|x64.Build.0 = Release|x64
		{A5814E1E-D79C-49A9-A8EA-BA8ED6E0EB39}.Debug|Any CPU.ActiveCfg = Debug|Any CPU
		{A5814E1E-D79C-49A9-A8EA-BA8ED6E0EB39}.Debug|Any CPU.Build.0 = Debug|Any CPU
		{A5814E1E-D79C-49A9-A8EA-BA8ED6E0EB39}.Debug|x64.ActiveCfg = Debug|x64
		{A5814E1E-D79C-49A9-A8EA-BA8ED6E0EB39}.Debug|x64.Build.0 = Debug|x64
		{A5814E1E-D79C-49A9-A8EA-BA8ED6E0EB39}.Release|Any CPU.ActiveCfg = Release|Any CPU
		{A5814E1E-D79C-49A9-A8EA-BA8ED6E0EB39}.Release|Any CPU.Build.0 = Release|Any CPU
		{A5814E1E-D79C-49A9-A8EA-BA8ED6E0EB39}.Release|x64.ActiveCfg = Release|x64
		{A5814E1E-D79C-49A9-A8EA-BA8ED6E0EB39}.Release|x64.Build.0 = Release|x64
		{0129B48E-2977-4E87-ADB0-A024A69C1CCC}.Debug|Any CPU.ActiveCfg = Debug|Any CPU
		{0129B48E-2977-4E87-ADB0-A024A69C1CCC}.Debug|Any CPU.Build.0 = Debug|Any CPU
		{0129B48E-2977-4E87-ADB0-A024A69C1CCC}.Debug|x64.ActiveCfg = Debug|x64
		{0129B48E-2977-4E87-ADB0-A024A69C1CCC}.Debug|x64.Build.0 = Debug|x64
		{0129B48E-2977-4E87-ADB0-A024A69C1CCC}.Release|Any CPU.ActiveCfg = Release|Any CPU
		{0129B48E-2977-4E87-ADB0-A024A69C1CCC}.Release|Any CPU.Build.0 = Release|Any CPU
		{0129B48E-2977-4E87-ADB0-A024A69C1CCC}.Release|x64.ActiveCfg = Release|x64
		{0129B48E-2977-4E87-ADB0-A024A69C1CCC}.Release|x64.Build.0 = Release|x64
		{C3C96860-5D29-4797-A311-CC568CC8B699}.Debug|Any CPU.ActiveCfg = Debug|Any CPU
		{C3C96860-5D29-4797-A311-CC568CC8B699}.Debug|Any CPU.Build.0 = Debug|Any CPU
		{C3C96860-5D29-4797-A311-CC568CC8B699}.Debug|x64.ActiveCfg = Debug|x64
		{C3C96860-5D29-4797-A311-CC568CC8B699}.Debug|x64.Build.0 = Debug|x64
		{C3C96860-5D29-4797-A311-CC568CC8B699}.Release|Any CPU.ActiveCfg = Release|Any CPU
		{C3C96860-5D29-4797-A311-CC568CC8B699}.Release|Any CPU.Build.0 = Release|Any CPU
		{C3C96860-5D29-4797-A311-CC568CC8B699}.Release|x64.ActiveCfg = Release|x64
		{C3C96860-5D29-4797-A311-CC568CC8B699}.Release|x64.Build.0 = Release|x64
		{BF6AFAF0-7592-467F-AD5C-18429D854057}.Debug|Any CPU.ActiveCfg = Debug|Any CPU
		{BF6AFAF0-7592-467F-AD5C-18429D854057}.Debug|Any CPU.Build.0 = Debug|Any CPU
		{BF6AFAF0-7592-467F-AD5C-18429D854057}.Debug|x64.ActiveCfg = Debug|x64
		{BF6AFAF0-7592-467F-AD5C-18429D854057}.Debug|x64.Build.0 = Debug|x64
		{BF6AFAF0-7592-467F-AD5C-18429D854057}.Release|Any CPU.ActiveCfg = Release|Any CPU
		{BF6AFAF0-7592-467F-AD5C-18429D854057}.Release|Any CPU.Build.0 = Release|Any CPU
		{BF6AFAF0-7592-467F-AD5C-18429D854057}.Release|x64.ActiveCfg = Release|x64
		{BF6AFAF0-7592-467F-AD5C-18429D854057}.Release|x64.Build.0 = Release|x64
		{5BE7E49E-5CB5-4115-98B1-E7E8B10CFCCB}.Debug|Any CPU.ActiveCfg = Debug|Any CPU
		{5BE7E49E-5CB5-4115-98B1-E7E8B10CFCCB}.Debug|Any CPU.Build.0 = Debug|Any CPU
		{5BE7E49E-5CB5-4115-98B1-E7E8B10CFCCB}.Debug|x64.ActiveCfg = Debug|x64
		{5BE7E49E-5CB5-4115-98B1-E7E8B10CFCCB}.Debug|x64.Build.0 = Debug|x64
		{5BE7E49E-5CB5-4115-98B1-E7E8B10CFCCB}.Release|Any CPU.ActiveCfg = Release|Any CPU
		{5BE7E49E-5CB5-4115-98B1-E7E8B10CFCCB}.Release|Any CPU.Build.0 = Release|Any CPU
		{5BE7E49E-5CB5-4115-98B1-E7E8B10CFCCB}.Release|x64.ActiveCfg = Release|x64
		{5BE7E49E-5CB5-4115-98B1-E7E8B10CFCCB}.Release|x64.Build.0 = Release|x64
		{FFB198E5-2B91-48D9-97AF-27114F8961DD}.Debug|Any CPU.ActiveCfg = Debug|Any CPU
		{FFB198E5-2B91-48D9-97AF-27114F8961DD}.Debug|Any CPU.Build.0 = Debug|Any CPU
		{FFB198E5-2B91-48D9-97AF-27114F8961DD}.Debug|x64.ActiveCfg = Debug|x64
		{FFB198E5-2B91-48D9-97AF-27114F8961DD}.Debug|x64.Build.0 = Debug|x64
		{FFB198E5-2B91-48D9-97AF-27114F8961DD}.Release|Any CPU.ActiveCfg = Release|Any CPU
		{FFB198E5-2B91-48D9-97AF-27114F8961DD}.Release|Any CPU.Build.0 = Release|Any CPU
		{FFB198E5-2B91-48D9-97AF-27114F8961DD}.Release|x64.ActiveCfg = Release|x64
		{FFB198E5-2B91-48D9-97AF-27114F8961DD}.Release|x64.Build.0 = Release|x64
		{C7F08825-D3C9-4DDD-9BA3-06733B1ABE36}.Debug|Any CPU.ActiveCfg = Debug|Any CPU
		{C7F08825-D3C9-4DDD-9BA3-06733B1ABE36}.Debug|Any CPU.Build.0 = Debug|Any CPU
		{C7F08825-D3C9-4DDD-9BA3-06733B1ABE36}.Debug|x64.ActiveCfg = Debug|x64
		{C7F08825-D3C9-4DDD-9BA3-06733B1ABE36}.Debug|x64.Build.0 = Debug|x64
		{C7F08825-D3C9-4DDD-9BA3-06733B1ABE36}.Release|Any CPU.ActiveCfg = Release|Any CPU
		{C7F08825-D3C9-4DDD-9BA3-06733B1ABE36}.Release|Any CPU.Build.0 = Release|Any CPU
		{C7F08825-D3C9-4DDD-9BA3-06733B1ABE36}.Release|x64.ActiveCfg = Release|x64
		{C7F08825-D3C9-4DDD-9BA3-06733B1ABE36}.Release|x64.Build.0 = Release|x64
		{3FD566BA-E398-461E-B1B6-464B117ED422}.Debug|Any CPU.ActiveCfg = Debug|Any CPU
		{3FD566BA-E398-461E-B1B6-464B117ED422}.Debug|Any CPU.Build.0 = Debug|Any CPU
		{3FD566BA-E398-461E-B1B6-464B117ED422}.Debug|x64.ActiveCfg = Debug|Any CPU
		{3FD566BA-E398-461E-B1B6-464B117ED422}.Debug|x64.Build.0 = Debug|Any CPU
		{3FD566BA-E398-461E-B1B6-464B117ED422}.Release|Any CPU.ActiveCfg = Release|Any CPU
		{3FD566BA-E398-461E-B1B6-464B117ED422}.Release|Any CPU.Build.0 = Release|Any CPU
		{3FD566BA-E398-461E-B1B6-464B117ED422}.Release|x64.ActiveCfg = Release|Any CPU
		{3FD566BA-E398-461E-B1B6-464B117ED422}.Release|x64.Build.0 = Release|Any CPU
		{CF70C975-EFEA-4B87-B278-1F0B15995F8E}.Debug|Any CPU.ActiveCfg = Debug|Any CPU
		{CF70C975-EFEA-4B87-B278-1F0B15995F8E}.Debug|Any CPU.Build.0 = Debug|Any CPU
		{CF70C975-EFEA-4B87-B278-1F0B15995F8E}.Debug|x64.ActiveCfg = Debug|Any CPU
		{CF70C975-EFEA-4B87-B278-1F0B15995F8E}.Debug|x64.Build.0 = Debug|Any CPU
		{CF70C975-EFEA-4B87-B278-1F0B15995F8E}.Release|Any CPU.ActiveCfg = Release|Any CPU
		{CF70C975-EFEA-4B87-B278-1F0B15995F8E}.Release|Any CPU.Build.0 = Release|Any CPU
		{CF70C975-EFEA-4B87-B278-1F0B15995F8E}.Release|x64.ActiveCfg = Release|Any CPU
		{CF70C975-EFEA-4B87-B278-1F0B15995F8E}.Release|x64.Build.0 = Release|Any CPU
		{B2479859-49E4-4955-9CB3-2B571C491BF4}.Debug|Any CPU.ActiveCfg = Debug|Any CPU
		{B2479859-49E4-4955-9CB3-2B571C491BF4}.Debug|Any CPU.Build.0 = Debug|Any CPU
		{B2479859-49E4-4955-9CB3-2B571C491BF4}.Debug|x64.ActiveCfg = Debug|Any CPU
		{B2479859-49E4-4955-9CB3-2B571C491BF4}.Debug|x64.Build.0 = Debug|Any CPU
		{B2479859-49E4-4955-9CB3-2B571C491BF4}.Release|Any CPU.ActiveCfg = Release|Any CPU
		{B2479859-49E4-4955-9CB3-2B571C491BF4}.Release|Any CPU.Build.0 = Release|Any CPU
		{B2479859-49E4-4955-9CB3-2B571C491BF4}.Release|x64.ActiveCfg = Release|Any CPU
		{B2479859-49E4-4955-9CB3-2B571C491BF4}.Release|x64.Build.0 = Release|Any CPU
		{52666D18-D798-43B7-BE15-4831C7DC50BB}.Debug|Any CPU.ActiveCfg = Debug|Any CPU
		{52666D18-D798-43B7-BE15-4831C7DC50BB}.Debug|Any CPU.Build.0 = Debug|Any CPU
		{52666D18-D798-43B7-BE15-4831C7DC50BB}.Debug|x64.ActiveCfg = Debug|Any CPU
		{52666D18-D798-43B7-BE15-4831C7DC50BB}.Debug|x64.Build.0 = Debug|Any CPU
		{52666D18-D798-43B7-BE15-4831C7DC50BB}.Release|Any CPU.ActiveCfg = Release|Any CPU
		{52666D18-D798-43B7-BE15-4831C7DC50BB}.Release|Any CPU.Build.0 = Release|Any CPU
		{52666D18-D798-43B7-BE15-4831C7DC50BB}.Release|x64.ActiveCfg = Release|Any CPU
		{52666D18-D798-43B7-BE15-4831C7DC50BB}.Release|x64.Build.0 = Release|Any CPU
		{3ED5DE06-92CB-4E43-82F7-77D000315005}.Debug|Any CPU.ActiveCfg = Debug|Any CPU
		{3ED5DE06-92CB-4E43-82F7-77D000315005}.Debug|Any CPU.Build.0 = Debug|Any CPU
		{3ED5DE06-92CB-4E43-82F7-77D000315005}.Debug|x64.ActiveCfg = Debug|Any CPU
		{3ED5DE06-92CB-4E43-82F7-77D000315005}.Debug|x64.Build.0 = Debug|Any CPU
		{3ED5DE06-92CB-4E43-82F7-77D000315005}.Release|Any CPU.ActiveCfg = Release|Any CPU
		{3ED5DE06-92CB-4E43-82F7-77D000315005}.Release|Any CPU.Build.0 = Release|Any CPU
		{3ED5DE06-92CB-4E43-82F7-77D000315005}.Release|x64.ActiveCfg = Release|Any CPU
		{3ED5DE06-92CB-4E43-82F7-77D000315005}.Release|x64.Build.0 = Release|Any CPU
		{E7E99C95-1EE5-4E61-BC27-B4D69A31C5BC}.Debug|Any CPU.ActiveCfg = Debug|Any CPU
		{E7E99C95-1EE5-4E61-BC27-B4D69A31C5BC}.Debug|Any CPU.Build.0 = Debug|Any CPU
		{E7E99C95-1EE5-4E61-BC27-B4D69A31C5BC}.Debug|x64.ActiveCfg = Debug|Any CPU
		{E7E99C95-1EE5-4E61-BC27-B4D69A31C5BC}.Debug|x64.Build.0 = Debug|Any CPU
		{E7E99C95-1EE5-4E61-BC27-B4D69A31C5BC}.Release|Any CPU.ActiveCfg = Release|Any CPU
		{E7E99C95-1EE5-4E61-BC27-B4D69A31C5BC}.Release|Any CPU.Build.0 = Release|Any CPU
		{E7E99C95-1EE5-4E61-BC27-B4D69A31C5BC}.Release|x64.ActiveCfg = Release|Any CPU
		{E7E99C95-1EE5-4E61-BC27-B4D69A31C5BC}.Release|x64.Build.0 = Release|Any CPU
		{FE3B845F-B07F-483A-986E-91FE7F39460A}.Debug|Any CPU.ActiveCfg = Debug|Any CPU
		{FE3B845F-B07F-483A-986E-91FE7F39460A}.Debug|Any CPU.Build.0 = Debug|Any CPU
		{FE3B845F-B07F-483A-986E-91FE7F39460A}.Debug|x64.ActiveCfg = Debug|Any CPU
		{FE3B845F-B07F-483A-986E-91FE7F39460A}.Debug|x64.Build.0 = Debug|Any CPU
		{FE3B845F-B07F-483A-986E-91FE7F39460A}.Release|Any CPU.ActiveCfg = Release|Any CPU
		{FE3B845F-B07F-483A-986E-91FE7F39460A}.Release|Any CPU.Build.0 = Release|Any CPU
		{FE3B845F-B07F-483A-986E-91FE7F39460A}.Release|x64.ActiveCfg = Release|Any CPU
		{FE3B845F-B07F-483A-986E-91FE7F39460A}.Release|x64.Build.0 = Release|Any CPU
		{D118ECF2-381D-4D22-90B6-6CB874957B76}.Debug|Any CPU.ActiveCfg = Debug|Any CPU
		{D118ECF2-381D-4D22-90B6-6CB874957B76}.Debug|Any CPU.Build.0 = Debug|Any CPU
		{D118ECF2-381D-4D22-90B6-6CB874957B76}.Debug|x64.ActiveCfg = Debug|Any CPU
		{D118ECF2-381D-4D22-90B6-6CB874957B76}.Debug|x64.Build.0 = Debug|Any CPU
		{D118ECF2-381D-4D22-90B6-6CB874957B76}.Release|Any CPU.ActiveCfg = Release|Any CPU
		{D118ECF2-381D-4D22-90B6-6CB874957B76}.Release|Any CPU.Build.0 = Release|Any CPU
		{D118ECF2-381D-4D22-90B6-6CB874957B76}.Release|x64.ActiveCfg = Release|Any CPU
		{D118ECF2-381D-4D22-90B6-6CB874957B76}.Release|x64.Build.0 = Release|Any CPU
		{6E8058F1-AF11-42F3-9459-C716F07EA673}.Debug|Any CPU.ActiveCfg = Debug|Any CPU
		{6E8058F1-AF11-42F3-9459-C716F07EA673}.Debug|Any CPU.Build.0 = Debug|Any CPU
		{6E8058F1-AF11-42F3-9459-C716F07EA673}.Debug|x64.ActiveCfg = Debug|Any CPU
		{6E8058F1-AF11-42F3-9459-C716F07EA673}.Debug|x64.Build.0 = Debug|Any CPU
		{6E8058F1-AF11-42F3-9459-C716F07EA673}.Release|Any CPU.ActiveCfg = Release|Any CPU
		{6E8058F1-AF11-42F3-9459-C716F07EA673}.Release|Any CPU.Build.0 = Release|Any CPU
		{6E8058F1-AF11-42F3-9459-C716F07EA673}.Release|x64.ActiveCfg = Release|Any CPU
		{6E8058F1-AF11-42F3-9459-C716F07EA673}.Release|x64.Build.0 = Release|Any CPU
		{1486BFE5-D3AD-4486-A9E9-CE2CB0D048A2}.Debug|Any CPU.ActiveCfg = Debug|Any CPU
		{1486BFE5-D3AD-4486-A9E9-CE2CB0D048A2}.Debug|Any CPU.Build.0 = Debug|Any CPU
		{1486BFE5-D3AD-4486-A9E9-CE2CB0D048A2}.Debug|x64.ActiveCfg = Debug|Any CPU
		{1486BFE5-D3AD-4486-A9E9-CE2CB0D048A2}.Debug|x64.Build.0 = Debug|Any CPU
		{1486BFE5-D3AD-4486-A9E9-CE2CB0D048A2}.Release|Any CPU.ActiveCfg = Release|Any CPU
		{1486BFE5-D3AD-4486-A9E9-CE2CB0D048A2}.Release|Any CPU.Build.0 = Release|Any CPU
		{1486BFE5-D3AD-4486-A9E9-CE2CB0D048A2}.Release|x64.ActiveCfg = Release|Any CPU
		{1486BFE5-D3AD-4486-A9E9-CE2CB0D048A2}.Release|x64.Build.0 = Release|Any CPU
		{BF78EB8B-3984-46A1-89B7-1BE232E23310}.Debug|Any CPU.ActiveCfg = Debug|Any CPU
		{BF78EB8B-3984-46A1-89B7-1BE232E23310}.Debug|Any CPU.Build.0 = Debug|Any CPU
		{BF78EB8B-3984-46A1-89B7-1BE232E23310}.Debug|x64.ActiveCfg = Debug|Any CPU
		{BF78EB8B-3984-46A1-89B7-1BE232E23310}.Debug|x64.Build.0 = Debug|Any CPU
		{BF78EB8B-3984-46A1-89B7-1BE232E23310}.Release|Any CPU.ActiveCfg = Release|Any CPU
		{BF78EB8B-3984-46A1-89B7-1BE232E23310}.Release|Any CPU.Build.0 = Release|Any CPU
		{BF78EB8B-3984-46A1-89B7-1BE232E23310}.Release|x64.ActiveCfg = Release|Any CPU
		{BF78EB8B-3984-46A1-89B7-1BE232E23310}.Release|x64.Build.0 = Release|Any CPU
		{6233F472-B2B6-42B1-8676-530C8D0BE6ED}.Debug|Any CPU.ActiveCfg = Debug|Any CPU
		{6233F472-B2B6-42B1-8676-530C8D0BE6ED}.Debug|Any CPU.Build.0 = Debug|Any CPU
		{6233F472-B2B6-42B1-8676-530C8D0BE6ED}.Debug|x64.ActiveCfg = Debug|x64
		{6233F472-B2B6-42B1-8676-530C8D0BE6ED}.Debug|x64.Build.0 = Debug|x64
		{6233F472-B2B6-42B1-8676-530C8D0BE6ED}.Release|Any CPU.ActiveCfg = Release|Any CPU
		{6233F472-B2B6-42B1-8676-530C8D0BE6ED}.Release|Any CPU.Build.0 = Release|Any CPU
		{6233F472-B2B6-42B1-8676-530C8D0BE6ED}.Release|x64.ActiveCfg = Release|x64
		{6233F472-B2B6-42B1-8676-530C8D0BE6ED}.Release|x64.Build.0 = Release|x64
		{A232784C-6C18-4B4F-A610-13681AE40537}.Debug|Any CPU.ActiveCfg = Debug|Any CPU
		{A232784C-6C18-4B4F-A610-13681AE40537}.Debug|Any CPU.Build.0 = Debug|Any CPU
		{A232784C-6C18-4B4F-A610-13681AE40537}.Debug|x64.ActiveCfg = Debug|Any CPU
		{A232784C-6C18-4B4F-A610-13681AE40537}.Debug|x64.Build.0 = Debug|Any CPU
		{A232784C-6C18-4B4F-A610-13681AE40537}.Release|Any CPU.ActiveCfg = Release|Any CPU
		{A232784C-6C18-4B4F-A610-13681AE40537}.Release|Any CPU.Build.0 = Release|Any CPU
		{A232784C-6C18-4B4F-A610-13681AE40537}.Release|x64.ActiveCfg = Release|Any CPU
		{A232784C-6C18-4B4F-A610-13681AE40537}.Release|x64.Build.0 = Release|Any CPU
		{0742B083-6193-4C12-9405-E0F7BA88C635}.Debug|Any CPU.ActiveCfg = Debug|Any CPU
		{0742B083-6193-4C12-9405-E0F7BA88C635}.Debug|Any CPU.Build.0 = Debug|Any CPU
		{0742B083-6193-4C12-9405-E0F7BA88C635}.Debug|x64.ActiveCfg = Debug|Any CPU
		{0742B083-6193-4C12-9405-E0F7BA88C635}.Debug|x64.Build.0 = Debug|Any CPU
		{0742B083-6193-4C12-9405-E0F7BA88C635}.Release|Any CPU.ActiveCfg = Release|Any CPU
		{0742B083-6193-4C12-9405-E0F7BA88C635}.Release|Any CPU.Build.0 = Release|Any CPU
		{0742B083-6193-4C12-9405-E0F7BA88C635}.Release|x64.ActiveCfg = Release|Any CPU
		{0742B083-6193-4C12-9405-E0F7BA88C635}.Release|x64.Build.0 = Release|Any CPU
		{AEFAF10D-D1BF-44C4-BD9F-5CFF2AFA432F}.Debug|Any CPU.ActiveCfg = Debug|Any CPU
		{AEFAF10D-D1BF-44C4-BD9F-5CFF2AFA432F}.Debug|Any CPU.Build.0 = Debug|Any CPU
		{AEFAF10D-D1BF-44C4-BD9F-5CFF2AFA432F}.Debug|x64.ActiveCfg = Debug|Any CPU
		{AEFAF10D-D1BF-44C4-BD9F-5CFF2AFA432F}.Debug|x64.Build.0 = Debug|Any CPU
		{AEFAF10D-D1BF-44C4-BD9F-5CFF2AFA432F}.Release|Any CPU.ActiveCfg = Release|Any CPU
		{AEFAF10D-D1BF-44C4-BD9F-5CFF2AFA432F}.Release|Any CPU.Build.0 = Release|Any CPU
		{AEFAF10D-D1BF-44C4-BD9F-5CFF2AFA432F}.Release|x64.ActiveCfg = Release|Any CPU
		{AEFAF10D-D1BF-44C4-BD9F-5CFF2AFA432F}.Release|x64.Build.0 = Release|Any CPU
		{98A76DE1-2D66-476B-9222-F15FFDFA8C81}.Debug|Any CPU.ActiveCfg = Debug|Any CPU
		{98A76DE1-2D66-476B-9222-F15FFDFA8C81}.Debug|Any CPU.Build.0 = Debug|Any CPU
		{98A76DE1-2D66-476B-9222-F15FFDFA8C81}.Debug|x64.ActiveCfg = Debug|Any CPU
		{98A76DE1-2D66-476B-9222-F15FFDFA8C81}.Debug|x64.Build.0 = Debug|Any CPU
		{98A76DE1-2D66-476B-9222-F15FFDFA8C81}.Release|Any CPU.ActiveCfg = Release|Any CPU
		{98A76DE1-2D66-476B-9222-F15FFDFA8C81}.Release|Any CPU.Build.0 = Release|Any CPU
		{98A76DE1-2D66-476B-9222-F15FFDFA8C81}.Release|x64.ActiveCfg = Release|Any CPU
		{98A76DE1-2D66-476B-9222-F15FFDFA8C81}.Release|x64.Build.0 = Release|Any CPU
		{BBC6AD3A-649C-4702-A4F0-FC33DBE59CD6}.Debug|Any CPU.ActiveCfg = Debug|Any CPU
		{BBC6AD3A-649C-4702-A4F0-FC33DBE59CD6}.Debug|Any CPU.Build.0 = Debug|Any CPU
		{BBC6AD3A-649C-4702-A4F0-FC33DBE59CD6}.Debug|x64.ActiveCfg = Debug|Any CPU
		{BBC6AD3A-649C-4702-A4F0-FC33DBE59CD6}.Debug|x64.Build.0 = Debug|Any CPU
		{BBC6AD3A-649C-4702-A4F0-FC33DBE59CD6}.Release|Any CPU.ActiveCfg = Release|Any CPU
		{BBC6AD3A-649C-4702-A4F0-FC33DBE59CD6}.Release|Any CPU.Build.0 = Release|Any CPU
		{BBC6AD3A-649C-4702-A4F0-FC33DBE59CD6}.Release|x64.ActiveCfg = Release|Any CPU
		{BBC6AD3A-649C-4702-A4F0-FC33DBE59CD6}.Release|x64.Build.0 = Release|Any CPU
		{3A6DFF03-804A-4040-8AC6-3CC97989F950}.Debug|Any CPU.ActiveCfg = Debug|Any CPU
		{3A6DFF03-804A-4040-8AC6-3CC97989F950}.Debug|Any CPU.Build.0 = Debug|Any CPU
		{3A6DFF03-804A-4040-8AC6-3CC97989F950}.Debug|x64.ActiveCfg = Debug|Any CPU
		{3A6DFF03-804A-4040-8AC6-3CC97989F950}.Debug|x64.Build.0 = Debug|Any CPU
		{3A6DFF03-804A-4040-8AC6-3CC97989F950}.Release|Any CPU.ActiveCfg = Release|Any CPU
		{3A6DFF03-804A-4040-8AC6-3CC97989F950}.Release|Any CPU.Build.0 = Release|Any CPU
		{3A6DFF03-804A-4040-8AC6-3CC97989F950}.Release|x64.ActiveCfg = Release|Any CPU
		{3A6DFF03-804A-4040-8AC6-3CC97989F950}.Release|x64.Build.0 = Release|Any CPU
		{124E0F6D-57D7-4582-AF9A-3DE11B358E76}.Debug|Any CPU.ActiveCfg = Debug|Any CPU
		{124E0F6D-57D7-4582-AF9A-3DE11B358E76}.Debug|Any CPU.Build.0 = Debug|Any CPU
		{124E0F6D-57D7-4582-AF9A-3DE11B358E76}.Debug|x64.ActiveCfg = Debug|x64
		{124E0F6D-57D7-4582-AF9A-3DE11B358E76}.Debug|x64.Build.0 = Debug|x64
		{124E0F6D-57D7-4582-AF9A-3DE11B358E76}.Release|Any CPU.ActiveCfg = Release|Any CPU
		{124E0F6D-57D7-4582-AF9A-3DE11B358E76}.Release|Any CPU.Build.0 = Release|Any CPU
		{124E0F6D-57D7-4582-AF9A-3DE11B358E76}.Release|x64.ActiveCfg = Release|x64
		{124E0F6D-57D7-4582-AF9A-3DE11B358E76}.Release|x64.Build.0 = Release|x64
		{DB6ABFDA-DC02-45F3-A519-177C8BCED276}.Debug|Any CPU.ActiveCfg = Debug|Any CPU
		{DB6ABFDA-DC02-45F3-A519-177C8BCED276}.Debug|Any CPU.Build.0 = Debug|Any CPU
		{DB6ABFDA-DC02-45F3-A519-177C8BCED276}.Debug|x64.ActiveCfg = Debug|Any CPU
		{DB6ABFDA-DC02-45F3-A519-177C8BCED276}.Debug|x64.Build.0 = Debug|Any CPU
		{DB6ABFDA-DC02-45F3-A519-177C8BCED276}.Release|Any CPU.ActiveCfg = Release|Any CPU
		{DB6ABFDA-DC02-45F3-A519-177C8BCED276}.Release|Any CPU.Build.0 = Release|Any CPU
		{DB6ABFDA-DC02-45F3-A519-177C8BCED276}.Release|x64.ActiveCfg = Release|Any CPU
		{DB6ABFDA-DC02-45F3-A519-177C8BCED276}.Release|x64.Build.0 = Release|Any CPU
		{1F5C2146-BB0F-4C1C-8D1F-13C90B04BDAE}.Debug|Any CPU.ActiveCfg = Debug|Any CPU
		{1F5C2146-BB0F-4C1C-8D1F-13C90B04BDAE}.Debug|Any CPU.Build.0 = Debug|Any CPU
		{1F5C2146-BB0F-4C1C-8D1F-13C90B04BDAE}.Debug|x64.ActiveCfg = Debug|Any CPU
		{1F5C2146-BB0F-4C1C-8D1F-13C90B04BDAE}.Debug|x64.Build.0 = Debug|Any CPU
		{1F5C2146-BB0F-4C1C-8D1F-13C90B04BDAE}.Release|Any CPU.ActiveCfg = Release|Any CPU
		{1F5C2146-BB0F-4C1C-8D1F-13C90B04BDAE}.Release|Any CPU.Build.0 = Release|Any CPU
		{1F5C2146-BB0F-4C1C-8D1F-13C90B04BDAE}.Release|x64.ActiveCfg = Release|Any CPU
		{1F5C2146-BB0F-4C1C-8D1F-13C90B04BDAE}.Release|x64.Build.0 = Release|Any CPU
		{E471F558-BB6D-4317-81F8-8FD755AFEFDC}.Debug|Any CPU.ActiveCfg = Debug|Any CPU
		{E471F558-BB6D-4317-81F8-8FD755AFEFDC}.Debug|Any CPU.Build.0 = Debug|Any CPU
		{E471F558-BB6D-4317-81F8-8FD755AFEFDC}.Debug|x64.ActiveCfg = Debug|Any CPU
		{E471F558-BB6D-4317-81F8-8FD755AFEFDC}.Debug|x64.Build.0 = Debug|Any CPU
		{E471F558-BB6D-4317-81F8-8FD755AFEFDC}.Release|Any CPU.ActiveCfg = Release|Any CPU
		{E471F558-BB6D-4317-81F8-8FD755AFEFDC}.Release|Any CPU.Build.0 = Release|Any CPU
		{E471F558-BB6D-4317-81F8-8FD755AFEFDC}.Release|x64.ActiveCfg = Release|Any CPU
		{E471F558-BB6D-4317-81F8-8FD755AFEFDC}.Release|x64.Build.0 = Release|Any CPU
		{F1EDA208-50B6-4501-A9D8-D18D3434D587}.Debug|Any CPU.ActiveCfg = Debug|Any CPU
		{F1EDA208-50B6-4501-A9D8-D18D3434D587}.Debug|Any CPU.Build.0 = Debug|Any CPU
		{F1EDA208-50B6-4501-A9D8-D18D3434D587}.Debug|x64.ActiveCfg = Debug|Any CPU
		{F1EDA208-50B6-4501-A9D8-D18D3434D587}.Debug|x64.Build.0 = Debug|Any CPU
		{F1EDA208-50B6-4501-A9D8-D18D3434D587}.Release|Any CPU.ActiveCfg = Release|Any CPU
		{F1EDA208-50B6-4501-A9D8-D18D3434D587}.Release|Any CPU.Build.0 = Release|Any CPU
		{F1EDA208-50B6-4501-A9D8-D18D3434D587}.Release|x64.ActiveCfg = Release|Any CPU
		{F1EDA208-50B6-4501-A9D8-D18D3434D587}.Release|x64.Build.0 = Release|Any CPU
		{DEDA188C-C97E-4968-BC31-594925631E9F}.Debug|Any CPU.ActiveCfg = Debug|Any CPU
		{DEDA188C-C97E-4968-BC31-594925631E9F}.Debug|Any CPU.Build.0 = Debug|Any CPU
		{DEDA188C-C97E-4968-BC31-594925631E9F}.Debug|x64.ActiveCfg = Debug|x64
		{DEDA188C-C97E-4968-BC31-594925631E9F}.Debug|x64.Build.0 = Debug|x64
		{DEDA188C-C97E-4968-BC31-594925631E9F}.Release|Any CPU.ActiveCfg = Release|Any CPU
		{DEDA188C-C97E-4968-BC31-594925631E9F}.Release|Any CPU.Build.0 = Release|Any CPU
		{DEDA188C-C97E-4968-BC31-594925631E9F}.Release|x64.ActiveCfg = Release|x64
		{DEDA188C-C97E-4968-BC31-594925631E9F}.Release|x64.Build.0 = Release|x64
		{014B338D-1B5E-434B-BA05-B2C6D6797D07}.Debug|Any CPU.ActiveCfg = Debug|Any CPU
		{014B338D-1B5E-434B-BA05-B2C6D6797D07}.Debug|Any CPU.Build.0 = Debug|Any CPU
		{014B338D-1B5E-434B-BA05-B2C6D6797D07}.Debug|x64.ActiveCfg = Debug|x64
		{014B338D-1B5E-434B-BA05-B2C6D6797D07}.Debug|x64.Build.0 = Debug|x64
		{014B338D-1B5E-434B-BA05-B2C6D6797D07}.Release|Any CPU.ActiveCfg = Release|Any CPU
		{014B338D-1B5E-434B-BA05-B2C6D6797D07}.Release|Any CPU.Build.0 = Release|Any CPU
		{014B338D-1B5E-434B-BA05-B2C6D6797D07}.Release|x64.ActiveCfg = Release|x64
		{014B338D-1B5E-434B-BA05-B2C6D6797D07}.Release|x64.Build.0 = Release|x64
		{55F86FDF-E929-4AA6-901B-4E0BE8B9B633}.Debug|Any CPU.ActiveCfg = Debug|Any CPU
		{55F86FDF-E929-4AA6-901B-4E0BE8B9B633}.Debug|Any CPU.Build.0 = Debug|Any CPU
		{55F86FDF-E929-4AA6-901B-4E0BE8B9B633}.Debug|x64.ActiveCfg = Debug|Any CPU
		{55F86FDF-E929-4AA6-901B-4E0BE8B9B633}.Debug|x64.Build.0 = Debug|Any CPU
		{55F86FDF-E929-4AA6-901B-4E0BE8B9B633}.Release|Any CPU.ActiveCfg = Release|Any CPU
		{55F86FDF-E929-4AA6-901B-4E0BE8B9B633}.Release|Any CPU.Build.0 = Release|Any CPU
		{55F86FDF-E929-4AA6-901B-4E0BE8B9B633}.Release|x64.ActiveCfg = Release|Any CPU
		{55F86FDF-E929-4AA6-901B-4E0BE8B9B633}.Release|x64.Build.0 = Release|Any CPU
	EndGlobalSection
	GlobalSection(SolutionProperties) = preSolution
		HideSolutionNode = FALSE
	EndGlobalSection
	GlobalSection(NestedProjects) = preSolution
		{FE653643-6342-4300-871E-683C7BA31494} = {5F940ACA-EA97-4236-95D7-E191E7349FC6}
		{D0CB354B-2CD3-49C1-8ECA-2F6EBADBCCEE} = {5F940ACA-EA97-4236-95D7-E191E7349FC6}
		{AB191B32-B12D-42CB-976D-CEA2C5BAD8BE} = {5F940ACA-EA97-4236-95D7-E191E7349FC6}
		{75544419-3F4E-4308-A676-165F45C1462E} = {5F940ACA-EA97-4236-95D7-E191E7349FC6}
		{967D976A-C792-4893-9235-14615AE1FF58} = {5F940ACA-EA97-4236-95D7-E191E7349FC6}
		{5E53E71E-52D1-4BF0-99C0-608437EC446C} = {5F940ACA-EA97-4236-95D7-E191E7349FC6}
		{15162940-F895-48A8-A0F2-49E3A65B632F} = {5F940ACA-EA97-4236-95D7-E191E7349FC6}
		{A5814E1E-D79C-49A9-A8EA-BA8ED6E0EB39} = {5F940ACA-EA97-4236-95D7-E191E7349FC6}
		{0129B48E-2977-4E87-ADB0-A024A69C1CCC} = {5F940ACA-EA97-4236-95D7-E191E7349FC6}
		{C3C96860-5D29-4797-A311-CC568CC8B699} = {5F940ACA-EA97-4236-95D7-E191E7349FC6}
		{BF6AFAF0-7592-467F-AD5C-18429D854057} = {5F940ACA-EA97-4236-95D7-E191E7349FC6}
		{5BE7E49E-5CB5-4115-98B1-E7E8B10CFCCB} = {5F940ACA-EA97-4236-95D7-E191E7349FC6}
		{FFB198E5-2B91-48D9-97AF-27114F8961DD} = {5F940ACA-EA97-4236-95D7-E191E7349FC6}
		{C7F08825-D3C9-4DDD-9BA3-06733B1ABE36} = {5F940ACA-EA97-4236-95D7-E191E7349FC6}
		{6233F472-B2B6-42B1-8676-530C8D0BE6ED} = {5F940ACA-EA97-4236-95D7-E191E7349FC6}
		{0742B083-6193-4C12-9405-E0F7BA88C635} = {5F940ACA-EA97-4236-95D7-E191E7349FC6}
		{AEFAF10D-D1BF-44C4-BD9F-5CFF2AFA432F} = {5F940ACA-EA97-4236-95D7-E191E7349FC6}
		{124E0F6D-57D7-4582-AF9A-3DE11B358E76} = {5F940ACA-EA97-4236-95D7-E191E7349FC6}
		{E471F558-BB6D-4317-81F8-8FD755AFEFDC} = {5F940ACA-EA97-4236-95D7-E191E7349FC6}
		{F1EDA208-50B6-4501-A9D8-D18D3434D587} = {5F940ACA-EA97-4236-95D7-E191E7349FC6}
		{DEDA188C-C97E-4968-BC31-594925631E9F} = {5F940ACA-EA97-4236-95D7-E191E7349FC6}
		{014B338D-1B5E-434B-BA05-B2C6D6797D07} = {5F940ACA-EA97-4236-95D7-E191E7349FC6}
		{55F86FDF-E929-4AA6-901B-4E0BE8B9B633} = {5F940ACA-EA97-4236-95D7-E191E7349FC6}
	EndGlobalSection
	GlobalSection(ExtensibilityGlobals) = postSolution
		SolutionGuid = {E7652FA6-7A2E-40FC-A886-AC5E19EB7843}
	EndGlobalSection
EndGlobal
